
Microsoft Visual Studio Solution File, Format Version 12.00
# Visual Studio Version 17
VisualStudioVersion = 17.9.34723.18
MinimumVisualStudioVersion = 10.0.40219.1
Project("{9A19103F-16F7-4668-BE54-9A1E7A4F7556}") = "OxyPlot.Wpf", "OxyPlot.Wpf.csproj", "{F6C72B94-E08A-4245-A3D1-7D63CBE91A3D}"
EndProject
Global
	GlobalSection(SolutionConfigurationPlatforms) = preSolution
		Debug|Any CPU = Debug|Any CPU
		Release|Any CPU = Release|Any CPU
	EndGlobalSection
	GlobalSection(ProjectConfigurationPlatforms) = postSolution
		{F6C72B94-E08A-4245-A3D1-7D63CBE91A3D}.Debug|Any CPU.ActiveCfg = Debug|Any CPU
		{F6C72B94-E08A-4245-A3D1-7D63CBE91A3D}.Debug|Any CPU.Build.0 = Debug|Any CPU
		{F6C72B94-E08A-4245-A3D1-7D63CBE91A3D}.Release|Any CPU.ActiveCfg = Release|Any CPU
		{F6C72B94-E08A-4245-A3D1-7D63CBE91A3D}.Release|Any CPU.Build.0 = Release|Any CPU
	EndGlobalSection
	GlobalSection(SolutionProperties) = preSolution
		HideSolutionNode = FALSE
	EndGlobalSection
	GlobalSection(ExtensibilityGlobals) = postSolution
		SolutionGuid = {D9A7D05F-705A-4DE0-9FFB-1DA7B70F3915}
	EndGlobalSection
EndGlobal
