
Microsoft Visual Studio Solution File, Format Version 12.00
# Visual Studio 2013
VisualStudioVersion = 12.0.31101.0
MinimumVisualStudioVersion = 10.0.40219.1
Project("{FAE04EC0-301F-11D3-BF4B-00C04F79EFBC}") = "OxyPlot.MonoTouch", "OxyPlot.MonoTouch\OxyPlot.MonoTouch.csproj", "{7DCF07B1-B8BD-4EF0-B1FC-2AAC4466B6C6}"
EndProject
Project("{FAE04EC0-301F-11D3-BF4B-00C04F79EFBC}") = "OxyPlot", "OxyPlot\OxyPlot.csproj", "{7A0B35C0-DD17-4964-8E9A-44D6CECDC692}"
EndProject
Project("{2150E333-8FDC-42A3-9474-1A3956D46DE8}") = "4 Examples", "4 Examples", "{0AB67A65-9645-4DF6-98A2-D5734D212E7C}"
EndProject
Project("{FAE04EC0-301F-11D3-BF4B-00C04F79EFBC}") = "ExampleLibrary", "Examples\ExampleLibrary\ExampleLibrary.csproj", "{FACB89E5-53A5-4748-9F5B-E0714EBB37B2}"
EndProject
Project("{FAE04EC0-301F-11D3-BF4B-00C04F79EFBC}") = "OxyPlot.Xamarin.Forms", "OxyPlot.Xamarin.Forms\OxyPlot.Xamarin.Forms.csproj", "{B63C5F8C-61C8-4E69-93D6-F49F816D3746}"
EndProject
Project("{FAE04EC0-301F-11D3-BF4B-00C04F79EFBC}") = "OxyPlot.Xamarin.Forms.Platform.iOS.Classic", "OxyPlot.Xamarin.Forms.Platform.iOS.Classic\OxyPlot.Xamarin.Forms.Platform.iOS.Classic.csproj", "{F9508036-E3C1-4887-8BE6-3C86BC106311}"
EndProject
Project("{FAE04EC0-301F-11D3-BF4B-00C04F79EFBC}") = "OxyPlot.Xamarin.Forms.Platform.Android", "OxyPlot.Xamarin.Forms.Platform.Android\OxyPlot.Xamarin.Forms.Platform.Android.csproj", "{A40AD708-3FF5-42FC-92B0-8D93FF1DB58F}"
EndProject
Project("{FAE04EC0-301F-11D3-BF4B-00C04F79EFBC}") = "OxyPlot.Xamarin.Android", "OxyPlot.Xamarin.Android\OxyPlot.Xamarin.Android.csproj", "{E965BA32-9561-4E2A-ADB0-19487B25A939}"
EndProject
Project("{FAE04EC0-301F-11D3-BF4B-00C04F79EFBC}") = "OxyPlot.Xamarin.Forms.Platform.WP8", "OxyPlot.Xamarin.Forms.Platform.WP8\OxyPlot.Xamarin.Forms.Platform.WP8.csproj", "{F9BCC093-1351-4219-96DA-C7577037CC4A}"
EndProject
Project("{FAE04EC0-301F-11D3-BF4B-00C04F79EFBC}") = "OxyPlot.WP8", "OxyPlot.WP8\OxyPlot.WP8.csproj", "{66493B76-2850-4035-9449-0E2F95229C48}"
EndProject
Project("{2150E333-8FDC-42A3-9474-1A3956D46DE8}") = "3 Xamarin.Forms", "3 Xamarin.Forms", "{B0654A14-51FF-4DAC-A2CB-A6B9D269B9CA}"
EndProject
Project("{2150E333-8FDC-42A3-9474-1A3956D46DE8}") = "2 Native", "2 Native", "{2137DFE4-114E-45AE-BBCD-6A454D1BF82C}"
EndProject
Project("{2150E333-8FDC-42A3-9474-1A3956D46DE8}") = "1 Core", "1 Core", "{9B92DDD5-408E-4449-94C5-70D713FB3677}"
EndProject
Project("{FAE04EC0-301F-11D3-BF4B-00C04F79EFBC}") = "OxyPlot.Xamarin.iOS", "OxyPlot.Xamarin.iOS\OxyPlot.Xamarin.iOS.csproj", "{017BFF60-40E6-4520-8554-5862A95EF123}"
EndProject
Project("{FAE04EC0-301F-11D3-BF4B-00C04F79EFBC}") = "OxyPlot.Xamarin.Forms.Platform.iOS", "OxyPlot.Xamarin.Forms.Platform.iOS\OxyPlot.Xamarin.Forms.Platform.iOS.csproj", "{6B6E500B-B75C-4A27-A73E-9F4DE5FE6ED3}"
EndProject
Project("{FAE04EC0-301F-11D3-BF4B-00C04F79EFBC}") = "SimpleDemo", "Examples\Xamarin.Forms\SimpleDemo\SimpleDemo\SimpleDemo.csproj", "{581EF961-D53F-44DD-A5E9-37F511C0475A}"
EndProject
Project("{FAE04EC0-301F-11D3-BF4B-00C04F79EFBC}") = "SimpleDemo.iOS", "Examples\Xamarin.Forms\SimpleDemo\SimpleDemo.iOS\SimpleDemo.iOS.csproj", "{491C3800-3651-4FEC-A3E5-98AA5A43C9E0}"
EndProject
Project("{FAE04EC0-301F-11D3-BF4B-00C04F79EFBC}") = "SimpleDemo.Droid", "Examples\Xamarin.Forms\SimpleDemo\SimpleDemo.Droid\SimpleDemo.Droid.csproj", "{1AFFACD5-D4C8-4040-A987-78147FF2DCDB}"
EndProject
Project("{FAE04EC0-301F-11D3-BF4B-00C04F79EFBC}") = "SimpleDemo.WinPhone", "Examples\Xamarin.Forms\SimpleDemo\SimpleDemo.WinPhone\SimpleDemo.WinPhone.csproj", "{DEF66649-8AC6-4770-AFD6-DBCEB02AEE98}"
EndProject
Project("{2150E333-8FDC-42A3-9474-1A3956D46DE8}") = "Simple demo", "Simple demo", "{467BDD18-40A2-41F2-BCD5-248667DFFB6E}"
EndProject
Project("{2150E333-8FDC-42A3-9474-1A3956D46DE8}") = "Example browser", "Example browser", "{01DB260E-34FC-4665-8B8F-50339DB454AD}"
EndProject
Global
	GlobalSection(SolutionConfigurationPlatforms) = preSolution
		Ad-Hoc|Any CPU = Ad-Hoc|Any CPU
		Ad-Hoc|ARM = Ad-Hoc|ARM
		Ad-Hoc|iPhone = Ad-Hoc|iPhone
		Ad-Hoc|iPhoneSimulator = Ad-Hoc|iPhoneSimulator
		Ad-Hoc|Mixed Platforms = Ad-Hoc|Mixed Platforms
		Ad-Hoc|x86 = Ad-Hoc|x86
		AppStore|Any CPU = AppStore|Any CPU
		AppStore|ARM = AppStore|ARM
		AppStore|iPhone = AppStore|iPhone
		AppStore|iPhoneSimulator = AppStore|iPhoneSimulator
		AppStore|Mixed Platforms = AppStore|Mixed Platforms
		AppStore|x86 = AppStore|x86
		Debug|Any CPU = Debug|Any CPU
		Debug|ARM = Debug|ARM
		Debug|iPhone = Debug|iPhone
		Debug|iPhoneSimulator = Debug|iPhoneSimulator
		Debug|Mixed Platforms = Debug|Mixed Platforms
		Debug|x86 = Debug|x86
		Release|Any CPU = Release|Any CPU
		Release|ARM = Release|ARM
		Release|iPhone = Release|iPhone
		Release|iPhoneSimulator = Release|iPhoneSimulator
		Release|Mixed Platforms = Release|Mixed Platforms
		Release|x86 = Release|x86
	EndGlobalSection
	GlobalSection(ProjectConfigurationPlatforms) = postSolution
		{7DCF07B1-B8BD-4EF0-B1FC-2AAC4466B6C6}.Ad-Hoc|Any CPU.ActiveCfg = Release|Any CPU
		{7DCF07B1-B8BD-4EF0-B1FC-2AAC4466B6C6}.Ad-Hoc|Any CPU.Build.0 = Release|Any CPU
		{7DCF07B1-B8BD-4EF0-B1FC-2AAC4466B6C6}.Ad-Hoc|ARM.ActiveCfg = Debug|Any CPU
		{7DCF07B1-B8BD-4EF0-B1FC-2AAC4466B6C6}.Ad-Hoc|iPhone.ActiveCfg = Debug|Any CPU
		{7DCF07B1-B8BD-4EF0-B1FC-2AAC4466B6C6}.Ad-Hoc|iPhone.Build.0 = Debug|Any CPU
		{7DCF07B1-B8BD-4EF0-B1FC-2AAC4466B6C6}.Ad-Hoc|iPhoneSimulator.ActiveCfg = Release|Any CPU
		{7DCF07B1-B8BD-4EF0-B1FC-2AAC4466B6C6}.Ad-Hoc|Mixed Platforms.ActiveCfg = Debug|Any CPU
		{7DCF07B1-B8BD-4EF0-B1FC-2AAC4466B6C6}.Ad-Hoc|Mixed Platforms.Build.0 = Debug|Any CPU
		{7DCF07B1-B8BD-4EF0-B1FC-2AAC4466B6C6}.Ad-Hoc|x86.ActiveCfg = Debug|Any CPU
		{7DCF07B1-B8BD-4EF0-B1FC-2AAC4466B6C6}.AppStore|Any CPU.ActiveCfg = Release|Any CPU
		{7DCF07B1-B8BD-4EF0-B1FC-2AAC4466B6C6}.AppStore|Any CPU.Build.0 = Release|Any CPU
		{7DCF07B1-B8BD-4EF0-B1FC-2AAC4466B6C6}.AppStore|ARM.ActiveCfg = Debug|Any CPU
		{7DCF07B1-B8BD-4EF0-B1FC-2AAC4466B6C6}.AppStore|iPhone.ActiveCfg = Debug|Any CPU
		{7DCF07B1-B8BD-4EF0-B1FC-2AAC4466B6C6}.AppStore|iPhone.Build.0 = Debug|Any CPU
		{7DCF07B1-B8BD-4EF0-B1FC-2AAC4466B6C6}.AppStore|iPhoneSimulator.ActiveCfg = Release|Any CPU
		{7DCF07B1-B8BD-4EF0-B1FC-2AAC4466B6C6}.AppStore|Mixed Platforms.ActiveCfg = Debug|Any CPU
		{7DCF07B1-B8BD-4EF0-B1FC-2AAC4466B6C6}.AppStore|Mixed Platforms.Build.0 = Debug|Any CPU
		{7DCF07B1-B8BD-4EF0-B1FC-2AAC4466B6C6}.AppStore|x86.ActiveCfg = Debug|Any CPU
		{7DCF07B1-B8BD-4EF0-B1FC-2AAC4466B6C6}.Debug|Any CPU.ActiveCfg = Debug|Any CPU
		{7DCF07B1-B8BD-4EF0-B1FC-2AAC4466B6C6}.Debug|Any CPU.Build.0 = Debug|Any CPU
		{7DCF07B1-B8BD-4EF0-B1FC-2AAC4466B6C6}.Debug|ARM.ActiveCfg = Debug|Any CPU
		{7DCF07B1-B8BD-4EF0-B1FC-2AAC4466B6C6}.Debug|iPhone.ActiveCfg = Debug|Any CPU
		{7DCF07B1-B8BD-4EF0-B1FC-2AAC4466B6C6}.Debug|iPhone.Build.0 = Debug|Any CPU
		{7DCF07B1-B8BD-4EF0-B1FC-2AAC4466B6C6}.Debug|iPhoneSimulator.ActiveCfg = Debug|Any CPU
		{7DCF07B1-B8BD-4EF0-B1FC-2AAC4466B6C6}.Debug|iPhoneSimulator.Build.0 = Debug|Any CPU
		{7DCF07B1-B8BD-4EF0-B1FC-2AAC4466B6C6}.Debug|Mixed Platforms.ActiveCfg = Debug|Any CPU
		{7DCF07B1-B8BD-4EF0-B1FC-2AAC4466B6C6}.Debug|Mixed Platforms.Build.0 = Debug|Any CPU
		{7DCF07B1-B8BD-4EF0-B1FC-2AAC4466B6C6}.Debug|x86.ActiveCfg = Debug|Any CPU
		{7DCF07B1-B8BD-4EF0-B1FC-2AAC4466B6C6}.Release|Any CPU.ActiveCfg = Release|Any CPU
		{7DCF07B1-B8BD-4EF0-B1FC-2AAC4466B6C6}.Release|Any CPU.Build.0 = Release|Any CPU
		{7DCF07B1-B8BD-4EF0-B1FC-2AAC4466B6C6}.Release|ARM.ActiveCfg = Release|Any CPU
		{7DCF07B1-B8BD-4EF0-B1FC-2AAC4466B6C6}.Release|iPhone.ActiveCfg = Release|Any CPU
		{7DCF07B1-B8BD-4EF0-B1FC-2AAC4466B6C6}.Release|iPhone.Build.0 = Release|Any CPU
		{7DCF07B1-B8BD-4EF0-B1FC-2AAC4466B6C6}.Release|iPhoneSimulator.ActiveCfg = Release|Any CPU
		{7DCF07B1-B8BD-4EF0-B1FC-2AAC4466B6C6}.Release|iPhoneSimulator.Build.0 = Release|Any CPU
		{7DCF07B1-B8BD-4EF0-B1FC-2AAC4466B6C6}.Release|Mixed Platforms.ActiveCfg = Release|Any CPU
		{7DCF07B1-B8BD-4EF0-B1FC-2AAC4466B6C6}.Release|Mixed Platforms.Build.0 = Release|Any CPU
		{7DCF07B1-B8BD-4EF0-B1FC-2AAC4466B6C6}.Release|x86.ActiveCfg = Release|Any CPU
		{7A0B35C0-DD17-4964-8E9A-44D6CECDC692}.Ad-Hoc|Any CPU.ActiveCfg = Release|Any CPU
		{7A0B35C0-DD17-4964-8E9A-44D6CECDC692}.Ad-Hoc|Any CPU.Build.0 = Release|Any CPU
		{7A0B35C0-DD17-4964-8E9A-44D6CECDC692}.Ad-Hoc|ARM.ActiveCfg = Debug|Any CPU
		{7A0B35C0-DD17-4964-8E9A-44D6CECDC692}.Ad-Hoc|iPhone.ActiveCfg = Debug|Any CPU
		{7A0B35C0-DD17-4964-8E9A-44D6CECDC692}.Ad-Hoc|iPhone.Build.0 = Debug|Any CPU
		{7A0B35C0-DD17-4964-8E9A-44D6CECDC692}.Ad-Hoc|iPhoneSimulator.ActiveCfg = Release|Any CPU
		{7A0B35C0-DD17-4964-8E9A-44D6CECDC692}.Ad-Hoc|Mixed Platforms.ActiveCfg = Debug|Any CPU
		{7A0B35C0-DD17-4964-8E9A-44D6CECDC692}.Ad-Hoc|Mixed Platforms.Build.0 = Debug|Any CPU
		{7A0B35C0-DD17-4964-8E9A-44D6CECDC692}.Ad-Hoc|x86.ActiveCfg = Debug|Any CPU
		{7A0B35C0-DD17-4964-8E9A-44D6CECDC692}.AppStore|Any CPU.ActiveCfg = Release|Any CPU
		{7A0B35C0-DD17-4964-8E9A-44D6CECDC692}.AppStore|Any CPU.Build.0 = Release|Any CPU
		{7A0B35C0-DD17-4964-8E9A-44D6CECDC692}.AppStore|ARM.ActiveCfg = Debug|Any CPU
		{7A0B35C0-DD17-4964-8E9A-44D6CECDC692}.AppStore|iPhone.ActiveCfg = Debug|Any CPU
		{7A0B35C0-DD17-4964-8E9A-44D6CECDC692}.AppStore|iPhone.Build.0 = Debug|Any CPU
		{7A0B35C0-DD17-4964-8E9A-44D6CECDC692}.AppStore|iPhoneSimulator.ActiveCfg = Release|Any CPU
		{7A0B35C0-DD17-4964-8E9A-44D6CECDC692}.AppStore|Mixed Platforms.ActiveCfg = Debug|Any CPU
		{7A0B35C0-DD17-4964-8E9A-44D6CECDC692}.AppStore|Mixed Platforms.Build.0 = Debug|Any CPU
		{7A0B35C0-DD17-4964-8E9A-44D6CECDC692}.AppStore|x86.ActiveCfg = Debug|Any CPU
		{7A0B35C0-DD17-4964-8E9A-44D6CECDC692}.Debug|Any CPU.ActiveCfg = Debug|Any CPU
		{7A0B35C0-DD17-4964-8E9A-44D6CECDC692}.Debug|Any CPU.Build.0 = Debug|Any CPU
		{7A0B35C0-DD17-4964-8E9A-44D6CECDC692}.Debug|ARM.ActiveCfg = Debug|Any CPU
		{7A0B35C0-DD17-4964-8E9A-44D6CECDC692}.Debug|iPhone.ActiveCfg = Debug|Any CPU
		{7A0B35C0-DD17-4964-8E9A-44D6CECDC692}.Debug|iPhone.Build.0 = Debug|Any CPU
		{7A0B35C0-DD17-4964-8E9A-44D6CECDC692}.Debug|iPhoneSimulator.ActiveCfg = Debug|Any CPU
		{7A0B35C0-DD17-4964-8E9A-44D6CECDC692}.Debug|iPhoneSimulator.Build.0 = Debug|Any CPU
		{7A0B35C0-DD17-4964-8E9A-44D6CECDC692}.Debug|Mixed Platforms.ActiveCfg = Debug|Any CPU
		{7A0B35C0-DD17-4964-8E9A-44D6CECDC692}.Debug|Mixed Platforms.Build.0 = Debug|Any CPU
		{7A0B35C0-DD17-4964-8E9A-44D6CECDC692}.Debug|x86.ActiveCfg = Debug|Any CPU
		{7A0B35C0-DD17-4964-8E9A-44D6CECDC692}.Release|Any CPU.ActiveCfg = Release|Any CPU
		{7A0B35C0-DD17-4964-8E9A-44D6CECDC692}.Release|Any CPU.Build.0 = Release|Any CPU
		{7A0B35C0-DD17-4964-8E9A-44D6CECDC692}.Release|ARM.ActiveCfg = Release|Any CPU
		{7A0B35C0-DD17-4964-8E9A-44D6CECDC692}.Release|iPhone.ActiveCfg = Release|Any CPU
		{7A0B35C0-DD17-4964-8E9A-44D6CECDC692}.Release|iPhone.Build.0 = Release|Any CPU
		{7A0B35C0-DD17-4964-8E9A-44D6CECDC692}.Release|iPhoneSimulator.ActiveCfg = Release|Any CPU
		{7A0B35C0-DD17-4964-8E9A-44D6CECDC692}.Release|iPhoneSimulator.Build.0 = Release|Any CPU
		{7A0B35C0-DD17-4964-8E9A-44D6CECDC692}.Release|Mixed Platforms.ActiveCfg = Release|Any CPU
		{7A0B35C0-DD17-4964-8E9A-44D6CECDC692}.Release|Mixed Platforms.Build.0 = Release|Any CPU
		{7A0B35C0-DD17-4964-8E9A-44D6CECDC692}.Release|x86.ActiveCfg = Release|Any CPU
		{FACB89E5-53A5-4748-9F5B-E0714EBB37B2}.Ad-Hoc|Any CPU.ActiveCfg = Release|Any CPU
		{FACB89E5-53A5-4748-9F5B-E0714EBB37B2}.Ad-Hoc|Any CPU.Build.0 = Release|Any CPU
		{FACB89E5-53A5-4748-9F5B-E0714EBB37B2}.Ad-Hoc|ARM.ActiveCfg = Debug|Any CPU
		{FACB89E5-53A5-4748-9F5B-E0714EBB37B2}.Ad-Hoc|iPhone.ActiveCfg = Debug|Any CPU
		{FACB89E5-53A5-4748-9F5B-E0714EBB37B2}.Ad-Hoc|iPhone.Build.0 = Debug|Any CPU
		{FACB89E5-53A5-4748-9F5B-E0714EBB37B2}.Ad-Hoc|iPhoneSimulator.ActiveCfg = Release|Any CPU
		{FACB89E5-53A5-4748-9F5B-E0714EBB37B2}.Ad-Hoc|Mixed Platforms.ActiveCfg = Debug|Any CPU
		{FACB89E5-53A5-4748-9F5B-E0714EBB37B2}.Ad-Hoc|Mixed Platforms.Build.0 = Debug|Any CPU
		{FACB89E5-53A5-4748-9F5B-E0714EBB37B2}.Ad-Hoc|x86.ActiveCfg = Debug|Any CPU
		{FACB89E5-53A5-4748-9F5B-E0714EBB37B2}.AppStore|Any CPU.ActiveCfg = Release|Any CPU
		{FACB89E5-53A5-4748-9F5B-E0714EBB37B2}.AppStore|Any CPU.Build.0 = Release|Any CPU
		{FACB89E5-53A5-4748-9F5B-E0714EBB37B2}.AppStore|ARM.ActiveCfg = Debug|Any CPU
		{FACB89E5-53A5-4748-9F5B-E0714EBB37B2}.AppStore|iPhone.ActiveCfg = Debug|Any CPU
		{FACB89E5-53A5-4748-9F5B-E0714EBB37B2}.AppStore|iPhone.Build.0 = Debug|Any CPU
		{FACB89E5-53A5-4748-9F5B-E0714EBB37B2}.AppStore|iPhoneSimulator.ActiveCfg = Release|Any CPU
		{FACB89E5-53A5-4748-9F5B-E0714EBB37B2}.AppStore|Mixed Platforms.ActiveCfg = Debug|Any CPU
		{FACB89E5-53A5-4748-9F5B-E0714EBB37B2}.AppStore|Mixed Platforms.Build.0 = Debug|Any CPU
		{FACB89E5-53A5-4748-9F5B-E0714EBB37B2}.AppStore|x86.ActiveCfg = Debug|Any CPU
		{FACB89E5-53A5-4748-9F5B-E0714EBB37B2}.Debug|Any CPU.ActiveCfg = Debug|Any CPU
		{FACB89E5-53A5-4748-9F5B-E0714EBB37B2}.Debug|Any CPU.Build.0 = Debug|Any CPU
		{FACB89E5-53A5-4748-9F5B-E0714EBB37B2}.Debug|ARM.ActiveCfg = Debug|Any CPU
		{FACB89E5-53A5-4748-9F5B-E0714EBB37B2}.Debug|iPhone.ActiveCfg = Debug|Any CPU
		{FACB89E5-53A5-4748-9F5B-E0714EBB37B2}.Debug|iPhone.Build.0 = Debug|Any CPU
		{FACB89E5-53A5-4748-9F5B-E0714EBB37B2}.Debug|iPhoneSimulator.ActiveCfg = Debug|Any CPU
		{FACB89E5-53A5-4748-9F5B-E0714EBB37B2}.Debug|iPhoneSimulator.Build.0 = Debug|Any CPU
		{FACB89E5-53A5-4748-9F5B-E0714EBB37B2}.Debug|Mixed Platforms.ActiveCfg = Debug|Any CPU
		{FACB89E5-53A5-4748-9F5B-E0714EBB37B2}.Debug|Mixed Platforms.Build.0 = Debug|Any CPU
		{FACB89E5-53A5-4748-9F5B-E0714EBB37B2}.Debug|x86.ActiveCfg = Debug|Any CPU
		{FACB89E5-53A5-4748-9F5B-E0714EBB37B2}.Release|Any CPU.ActiveCfg = Release|Any CPU
		{FACB89E5-53A5-4748-9F5B-E0714EBB37B2}.Release|Any CPU.Build.0 = Release|Any CPU
		{FACB89E5-53A5-4748-9F5B-E0714EBB37B2}.Release|ARM.ActiveCfg = Release|Any CPU
		{FACB89E5-53A5-4748-9F5B-E0714EBB37B2}.Release|iPhone.ActiveCfg = Release|Any CPU
		{FACB89E5-53A5-4748-9F5B-E0714EBB37B2}.Release|iPhone.Build.0 = Release|Any CPU
		{FACB89E5-53A5-4748-9F5B-E0714EBB37B2}.Release|iPhoneSimulator.ActiveCfg = Release|Any CPU
		{FACB89E5-53A5-4748-9F5B-E0714EBB37B2}.Release|iPhoneSimulator.Build.0 = Release|Any CPU
		{FACB89E5-53A5-4748-9F5B-E0714EBB37B2}.Release|Mixed Platforms.ActiveCfg = Release|Any CPU
		{FACB89E5-53A5-4748-9F5B-E0714EBB37B2}.Release|Mixed Platforms.Build.0 = Release|Any CPU
		{FACB89E5-53A5-4748-9F5B-E0714EBB37B2}.Release|x86.ActiveCfg = Release|Any CPU
		{B63C5F8C-61C8-4E69-93D6-F49F816D3746}.Ad-Hoc|Any CPU.ActiveCfg = Release|Any CPU
		{B63C5F8C-61C8-4E69-93D6-F49F816D3746}.Ad-Hoc|Any CPU.Build.0 = Release|Any CPU
		{B63C5F8C-61C8-4E69-93D6-F49F816D3746}.Ad-Hoc|ARM.ActiveCfg = Debug|Any CPU
		{B63C5F8C-61C8-4E69-93D6-F49F816D3746}.Ad-Hoc|iPhone.ActiveCfg = Debug|Any CPU
		{B63C5F8C-61C8-4E69-93D6-F49F816D3746}.Ad-Hoc|iPhone.Build.0 = Debug|Any CPU
		{B63C5F8C-61C8-4E69-93D6-F49F816D3746}.Ad-Hoc|iPhoneSimulator.ActiveCfg = Release|Any CPU
		{B63C5F8C-61C8-4E69-93D6-F49F816D3746}.Ad-Hoc|Mixed Platforms.ActiveCfg = Debug|Any CPU
		{B63C5F8C-61C8-4E69-93D6-F49F816D3746}.Ad-Hoc|Mixed Platforms.Build.0 = Debug|Any CPU
		{B63C5F8C-61C8-4E69-93D6-F49F816D3746}.Ad-Hoc|x86.ActiveCfg = Debug|Any CPU
		{B63C5F8C-61C8-4E69-93D6-F49F816D3746}.AppStore|Any CPU.ActiveCfg = Release|Any CPU
		{B63C5F8C-61C8-4E69-93D6-F49F816D3746}.AppStore|Any CPU.Build.0 = Release|Any CPU
		{B63C5F8C-61C8-4E69-93D6-F49F816D3746}.AppStore|ARM.ActiveCfg = Debug|Any CPU
		{B63C5F8C-61C8-4E69-93D6-F49F816D3746}.AppStore|iPhone.ActiveCfg = Debug|Any CPU
		{B63C5F8C-61C8-4E69-93D6-F49F816D3746}.AppStore|iPhone.Build.0 = Debug|Any CPU
		{B63C5F8C-61C8-4E69-93D6-F49F816D3746}.AppStore|iPhoneSimulator.ActiveCfg = Release|Any CPU
		{B63C5F8C-61C8-4E69-93D6-F49F816D3746}.AppStore|Mixed Platforms.ActiveCfg = Debug|Any CPU
		{B63C5F8C-61C8-4E69-93D6-F49F816D3746}.AppStore|Mixed Platforms.Build.0 = Debug|Any CPU
		{B63C5F8C-61C8-4E69-93D6-F49F816D3746}.AppStore|x86.ActiveCfg = Debug|Any CPU
		{B63C5F8C-61C8-4E69-93D6-F49F816D3746}.Debug|Any CPU.ActiveCfg = Debug|Any CPU
		{B63C5F8C-61C8-4E69-93D6-F49F816D3746}.Debug|Any CPU.Build.0 = Debug|Any CPU
		{B63C5F8C-61C8-4E69-93D6-F49F816D3746}.Debug|ARM.ActiveCfg = Debug|Any CPU
		{B63C5F8C-61C8-4E69-93D6-F49F816D3746}.Debug|iPhone.ActiveCfg = Debug|Any CPU
		{B63C5F8C-61C8-4E69-93D6-F49F816D3746}.Debug|iPhone.Build.0 = Debug|Any CPU
		{B63C5F8C-61C8-4E69-93D6-F49F816D3746}.Debug|iPhoneSimulator.ActiveCfg = Debug|Any CPU
		{B63C5F8C-61C8-4E69-93D6-F49F816D3746}.Debug|iPhoneSimulator.Build.0 = Debug|Any CPU
		{B63C5F8C-61C8-4E69-93D6-F49F816D3746}.Debug|Mixed Platforms.ActiveCfg = Debug|Any CPU
		{B63C5F8C-61C8-4E69-93D6-F49F816D3746}.Debug|Mixed Platforms.Build.0 = Debug|Any CPU
		{B63C5F8C-61C8-4E69-93D6-F49F816D3746}.Debug|x86.ActiveCfg = Debug|Any CPU
		{B63C5F8C-61C8-4E69-93D6-F49F816D3746}.Release|Any CPU.ActiveCfg = Release|Any CPU
		{B63C5F8C-61C8-4E69-93D6-F49F816D3746}.Release|Any CPU.Build.0 = Release|Any CPU
		{B63C5F8C-61C8-4E69-93D6-F49F816D3746}.Release|ARM.ActiveCfg = Release|Any CPU
		{B63C5F8C-61C8-4E69-93D6-F49F816D3746}.Release|iPhone.ActiveCfg = Release|Any CPU
		{B63C5F8C-61C8-4E69-93D6-F49F816D3746}.Release|iPhone.Build.0 = Release|Any CPU
		{B63C5F8C-61C8-4E69-93D6-F49F816D3746}.Release|iPhoneSimulator.ActiveCfg = Release|Any CPU
		{B63C5F8C-61C8-4E69-93D6-F49F816D3746}.Release|iPhoneSimulator.Build.0 = Release|Any CPU
		{B63C5F8C-61C8-4E69-93D6-F49F816D3746}.Release|Mixed Platforms.ActiveCfg = Release|Any CPU
		{B63C5F8C-61C8-4E69-93D6-F49F816D3746}.Release|Mixed Platforms.Build.0 = Release|Any CPU
		{B63C5F8C-61C8-4E69-93D6-F49F816D3746}.Release|x86.ActiveCfg = Release|Any CPU
		{F9508036-E3C1-4887-8BE6-3C86BC106311}.Ad-Hoc|Any CPU.ActiveCfg = Release|Any CPU
		{F9508036-E3C1-4887-8BE6-3C86BC106311}.Ad-Hoc|Any CPU.Build.0 = Release|Any CPU
		{F9508036-E3C1-4887-8BE6-3C86BC106311}.Ad-Hoc|ARM.ActiveCfg = Debug|Any CPU
		{F9508036-E3C1-4887-8BE6-3C86BC106311}.Ad-Hoc|iPhone.ActiveCfg = Debug|Any CPU
		{F9508036-E3C1-4887-8BE6-3C86BC106311}.Ad-Hoc|iPhone.Build.0 = Debug|Any CPU
		{F9508036-E3C1-4887-8BE6-3C86BC106311}.Ad-Hoc|iPhoneSimulator.ActiveCfg = Release|Any CPU
		{F9508036-E3C1-4887-8BE6-3C86BC106311}.Ad-Hoc|Mixed Platforms.ActiveCfg = Debug|Any CPU
		{F9508036-E3C1-4887-8BE6-3C86BC106311}.Ad-Hoc|Mixed Platforms.Build.0 = Debug|Any CPU
		{F9508036-E3C1-4887-8BE6-3C86BC106311}.Ad-Hoc|x86.ActiveCfg = Debug|Any CPU
		{F9508036-E3C1-4887-8BE6-3C86BC106311}.AppStore|Any CPU.ActiveCfg = Release|Any CPU
		{F9508036-E3C1-4887-8BE6-3C86BC106311}.AppStore|Any CPU.Build.0 = Release|Any CPU
		{F9508036-E3C1-4887-8BE6-3C86BC106311}.AppStore|ARM.ActiveCfg = Debug|Any CPU
		{F9508036-E3C1-4887-8BE6-3C86BC106311}.AppStore|iPhone.ActiveCfg = Debug|Any CPU
		{F9508036-E3C1-4887-8BE6-3C86BC106311}.AppStore|iPhone.Build.0 = Debug|Any CPU
		{F9508036-E3C1-4887-8BE6-3C86BC106311}.AppStore|iPhoneSimulator.ActiveCfg = Release|Any CPU
		{F9508036-E3C1-4887-8BE6-3C86BC106311}.AppStore|Mixed Platforms.ActiveCfg = Debug|Any CPU
		{F9508036-E3C1-4887-8BE6-3C86BC106311}.AppStore|Mixed Platforms.Build.0 = Debug|Any CPU
		{F9508036-E3C1-4887-8BE6-3C86BC106311}.AppStore|x86.ActiveCfg = Debug|Any CPU
		{F9508036-E3C1-4887-8BE6-3C86BC106311}.Debug|Any CPU.ActiveCfg = Debug|Any CPU
		{F9508036-E3C1-4887-8BE6-3C86BC106311}.Debug|Any CPU.Build.0 = Debug|Any CPU
		{F9508036-E3C1-4887-8BE6-3C86BC106311}.Debug|ARM.ActiveCfg = Debug|Any CPU
		{F9508036-E3C1-4887-8BE6-3C86BC106311}.Debug|iPhone.ActiveCfg = Debug|Any CPU
		{F9508036-E3C1-4887-8BE6-3C86BC106311}.Debug|iPhone.Build.0 = Debug|Any CPU
		{F9508036-E3C1-4887-8BE6-3C86BC106311}.Debug|iPhoneSimulator.ActiveCfg = Debug|Any CPU
		{F9508036-E3C1-4887-8BE6-3C86BC106311}.Debug|iPhoneSimulator.Build.0 = Debug|Any CPU
		{F9508036-E3C1-4887-8BE6-3C86BC106311}.Debug|Mixed Platforms.ActiveCfg = Debug|Any CPU
		{F9508036-E3C1-4887-8BE6-3C86BC106311}.Debug|Mixed Platforms.Build.0 = Debug|Any CPU
		{F9508036-E3C1-4887-8BE6-3C86BC106311}.Debug|x86.ActiveCfg = Debug|Any CPU
		{F9508036-E3C1-4887-8BE6-3C86BC106311}.Release|Any CPU.ActiveCfg = Release|Any CPU
		{F9508036-E3C1-4887-8BE6-3C86BC106311}.Release|Any CPU.Build.0 = Release|Any CPU
		{F9508036-E3C1-4887-8BE6-3C86BC106311}.Release|ARM.ActiveCfg = Release|Any CPU
		{F9508036-E3C1-4887-8BE6-3C86BC106311}.Release|iPhone.ActiveCfg = Release|Any CPU
		{F9508036-E3C1-4887-8BE6-3C86BC106311}.Release|iPhone.Build.0 = Release|Any CPU
		{F9508036-E3C1-4887-8BE6-3C86BC106311}.Release|iPhoneSimulator.ActiveCfg = Release|Any CPU
		{F9508036-E3C1-4887-8BE6-3C86BC106311}.Release|iPhoneSimulator.Build.0 = Release|Any CPU
		{F9508036-E3C1-4887-8BE6-3C86BC106311}.Release|Mixed Platforms.ActiveCfg = Release|Any CPU
		{F9508036-E3C1-4887-8BE6-3C86BC106311}.Release|Mixed Platforms.Build.0 = Release|Any CPU
		{F9508036-E3C1-4887-8BE6-3C86BC106311}.Release|x86.ActiveCfg = Release|Any CPU
		{A40AD708-3FF5-42FC-92B0-8D93FF1DB58F}.Ad-Hoc|Any CPU.ActiveCfg = Debug|Any CPU
		{A40AD708-3FF5-42FC-92B0-8D93FF1DB58F}.Ad-Hoc|Any CPU.Build.0 = Debug|Any CPU
		{A40AD708-3FF5-42FC-92B0-8D93FF1DB58F}.Ad-Hoc|ARM.ActiveCfg = Release|Any CPU
		{A40AD708-3FF5-42FC-92B0-8D93FF1DB58F}.Ad-Hoc|iPhone.ActiveCfg = Release|Any CPU
		{A40AD708-3FF5-42FC-92B0-8D93FF1DB58F}.Ad-Hoc|iPhone.Build.0 = Release|Any CPU
		{A40AD708-3FF5-42FC-92B0-8D93FF1DB58F}.Ad-Hoc|iPhoneSimulator.ActiveCfg = Debug|Any CPU
		{A40AD708-3FF5-42FC-92B0-8D93FF1DB58F}.Ad-Hoc|Mixed Platforms.ActiveCfg = Release|Any CPU
		{A40AD708-3FF5-42FC-92B0-8D93FF1DB58F}.Ad-Hoc|Mixed Platforms.Build.0 = Release|Any CPU
		{A40AD708-3FF5-42FC-92B0-8D93FF1DB58F}.Ad-Hoc|x86.ActiveCfg = Release|Any CPU
		{A40AD708-3FF5-42FC-92B0-8D93FF1DB58F}.AppStore|Any CPU.ActiveCfg = Debug|Any CPU
		{A40AD708-3FF5-42FC-92B0-8D93FF1DB58F}.AppStore|Any CPU.Build.0 = Debug|Any CPU
		{A40AD708-3FF5-42FC-92B0-8D93FF1DB58F}.AppStore|ARM.ActiveCfg = Release|Any CPU
		{A40AD708-3FF5-42FC-92B0-8D93FF1DB58F}.AppStore|iPhone.ActiveCfg = Release|Any CPU
		{A40AD708-3FF5-42FC-92B0-8D93FF1DB58F}.AppStore|iPhone.Build.0 = Release|Any CPU
		{A40AD708-3FF5-42FC-92B0-8D93FF1DB58F}.AppStore|iPhoneSimulator.ActiveCfg = Debug|Any CPU
		{A40AD708-3FF5-42FC-92B0-8D93FF1DB58F}.AppStore|Mixed Platforms.ActiveCfg = Release|Any CPU
		{A40AD708-3FF5-42FC-92B0-8D93FF1DB58F}.AppStore|Mixed Platforms.Build.0 = Release|Any CPU
		{A40AD708-3FF5-42FC-92B0-8D93FF1DB58F}.AppStore|x86.ActiveCfg = Release|Any CPU
		{A40AD708-3FF5-42FC-92B0-8D93FF1DB58F}.Debug|Any CPU.ActiveCfg = Debug|Any CPU
		{A40AD708-3FF5-42FC-92B0-8D93FF1DB58F}.Debug|Any CPU.Build.0 = Debug|Any CPU
		{A40AD708-3FF5-42FC-92B0-8D93FF1DB58F}.Debug|ARM.ActiveCfg = Debug|Any CPU
		{A40AD708-3FF5-42FC-92B0-8D93FF1DB58F}.Debug|iPhone.ActiveCfg = Debug|Any CPU
		{A40AD708-3FF5-42FC-92B0-8D93FF1DB58F}.Debug|iPhone.Build.0 = Debug|Any CPU
		{A40AD708-3FF5-42FC-92B0-8D93FF1DB58F}.Debug|iPhoneSimulator.ActiveCfg = Debug|Any CPU
		{A40AD708-3FF5-42FC-92B0-8D93FF1DB58F}.Debug|iPhoneSimulator.Build.0 = Debug|Any CPU
		{A40AD708-3FF5-42FC-92B0-8D93FF1DB58F}.Debug|Mixed Platforms.ActiveCfg = Debug|Any CPU
		{A40AD708-3FF5-42FC-92B0-8D93FF1DB58F}.Debug|Mixed Platforms.Build.0 = Debug|Any CPU
		{A40AD708-3FF5-42FC-92B0-8D93FF1DB58F}.Debug|x86.ActiveCfg = Debug|Any CPU
		{A40AD708-3FF5-42FC-92B0-8D93FF1DB58F}.Release|Any CPU.ActiveCfg = Release|Any CPU
		{A40AD708-3FF5-42FC-92B0-8D93FF1DB58F}.Release|Any CPU.Build.0 = Release|Any CPU
		{A40AD708-3FF5-42FC-92B0-8D93FF1DB58F}.Release|ARM.ActiveCfg = Release|Any CPU
		{A40AD708-3FF5-42FC-92B0-8D93FF1DB58F}.Release|iPhone.ActiveCfg = Release|Any CPU
		{A40AD708-3FF5-42FC-92B0-8D93FF1DB58F}.Release|iPhone.Build.0 = Release|Any CPU
		{A40AD708-3FF5-42FC-92B0-8D93FF1DB58F}.Release|iPhoneSimulator.ActiveCfg = Release|Any CPU
		{A40AD708-3FF5-42FC-92B0-8D93FF1DB58F}.Release|iPhoneSimulator.Build.0 = Release|Any CPU
		{A40AD708-3FF5-42FC-92B0-8D93FF1DB58F}.Release|Mixed Platforms.ActiveCfg = Release|Any CPU
		{A40AD708-3FF5-42FC-92B0-8D93FF1DB58F}.Release|Mixed Platforms.Build.0 = Release|Any CPU
		{A40AD708-3FF5-42FC-92B0-8D93FF1DB58F}.Release|x86.ActiveCfg = Release|Any CPU
		{E965BA32-9561-4E2A-ADB0-19487B25A939}.Ad-Hoc|Any CPU.ActiveCfg = Debug|Any CPU
		{E965BA32-9561-4E2A-ADB0-19487B25A939}.Ad-Hoc|Any CPU.Build.0 = Debug|Any CPU
		{E965BA32-9561-4E2A-ADB0-19487B25A939}.Ad-Hoc|ARM.ActiveCfg = Release|Any CPU
		{E965BA32-9561-4E2A-ADB0-19487B25A939}.Ad-Hoc|iPhone.ActiveCfg = Release|Any CPU
		{E965BA32-9561-4E2A-ADB0-19487B25A939}.Ad-Hoc|iPhone.Build.0 = Release|Any CPU
		{E965BA32-9561-4E2A-ADB0-19487B25A939}.Ad-Hoc|iPhoneSimulator.ActiveCfg = Debug|Any CPU
		{E965BA32-9561-4E2A-ADB0-19487B25A939}.Ad-Hoc|Mixed Platforms.ActiveCfg = Release|Any CPU
		{E965BA32-9561-4E2A-ADB0-19487B25A939}.Ad-Hoc|Mixed Platforms.Build.0 = Release|Any CPU
		{E965BA32-9561-4E2A-ADB0-19487B25A939}.Ad-Hoc|x86.ActiveCfg = Release|Any CPU
		{E965BA32-9561-4E2A-ADB0-19487B25A939}.AppStore|Any CPU.ActiveCfg = Debug|Any CPU
		{E965BA32-9561-4E2A-ADB0-19487B25A939}.AppStore|Any CPU.Build.0 = Debug|Any CPU
		{E965BA32-9561-4E2A-ADB0-19487B25A939}.AppStore|ARM.ActiveCfg = Release|Any CPU
		{E965BA32-9561-4E2A-ADB0-19487B25A939}.AppStore|iPhone.ActiveCfg = Release|Any CPU
		{E965BA32-9561-4E2A-ADB0-19487B25A939}.AppStore|iPhone.Build.0 = Release|Any CPU
		{E965BA32-9561-4E2A-ADB0-19487B25A939}.AppStore|iPhoneSimulator.ActiveCfg = Debug|Any CPU
		{E965BA32-9561-4E2A-ADB0-19487B25A939}.AppStore|Mixed Platforms.ActiveCfg = Release|Any CPU
		{E965BA32-9561-4E2A-ADB0-19487B25A939}.AppStore|Mixed Platforms.Build.0 = Release|Any CPU
		{E965BA32-9561-4E2A-ADB0-19487B25A939}.AppStore|x86.ActiveCfg = Release|Any CPU
		{E965BA32-9561-4E2A-ADB0-19487B25A939}.Debug|Any CPU.ActiveCfg = Debug|Any CPU
		{E965BA32-9561-4E2A-ADB0-19487B25A939}.Debug|Any CPU.Build.0 = Debug|Any CPU
		{E965BA32-9561-4E2A-ADB0-19487B25A939}.Debug|ARM.ActiveCfg = Debug|Any CPU
		{E965BA32-9561-4E2A-ADB0-19487B25A939}.Debug|iPhone.ActiveCfg = Debug|Any CPU
		{E965BA32-9561-4E2A-ADB0-19487B25A939}.Debug|iPhone.Build.0 = Debug|Any CPU
		{E965BA32-9561-4E2A-ADB0-19487B25A939}.Debug|iPhoneSimulator.ActiveCfg = Debug|Any CPU
		{E965BA32-9561-4E2A-ADB0-19487B25A939}.Debug|iPhoneSimulator.Build.0 = Debug|Any CPU
		{E965BA32-9561-4E2A-ADB0-19487B25A939}.Debug|Mixed Platforms.ActiveCfg = Debug|Any CPU
		{E965BA32-9561-4E2A-ADB0-19487B25A939}.Debug|Mixed Platforms.Build.0 = Debug|Any CPU
		{E965BA32-9561-4E2A-ADB0-19487B25A939}.Debug|x86.ActiveCfg = Debug|Any CPU
		{E965BA32-9561-4E2A-ADB0-19487B25A939}.Release|Any CPU.ActiveCfg = Release|Any CPU
		{E965BA32-9561-4E2A-ADB0-19487B25A939}.Release|Any CPU.Build.0 = Release|Any CPU
		{E965BA32-9561-4E2A-ADB0-19487B25A939}.Release|ARM.ActiveCfg = Release|Any CPU
		{E965BA32-9561-4E2A-ADB0-19487B25A939}.Release|iPhone.ActiveCfg = Release|Any CPU
		{E965BA32-9561-4E2A-ADB0-19487B25A939}.Release|iPhone.Build.0 = Release|Any CPU
		{E965BA32-9561-4E2A-ADB0-19487B25A939}.Release|iPhoneSimulator.ActiveCfg = Release|Any CPU
		{E965BA32-9561-4E2A-ADB0-19487B25A939}.Release|iPhoneSimulator.Build.0 = Release|Any CPU
		{E965BA32-9561-4E2A-ADB0-19487B25A939}.Release|Mixed Platforms.ActiveCfg = Release|Any CPU
		{E965BA32-9561-4E2A-ADB0-19487B25A939}.Release|Mixed Platforms.Build.0 = Release|Any CPU
		{E965BA32-9561-4E2A-ADB0-19487B25A939}.Release|x86.ActiveCfg = Release|Any CPU
		{F9BCC093-1351-4219-96DA-C7577037CC4A}.Ad-Hoc|Any CPU.ActiveCfg = Release|Any CPU
		{F9BCC093-1351-4219-96DA-C7577037CC4A}.Ad-Hoc|Any CPU.Build.0 = Release|Any CPU
		{F9BCC093-1351-4219-96DA-C7577037CC4A}.Ad-Hoc|ARM.ActiveCfg = Release|ARM
		{F9BCC093-1351-4219-96DA-C7577037CC4A}.Ad-Hoc|ARM.Build.0 = Release|ARM
		{F9BCC093-1351-4219-96DA-C7577037CC4A}.Ad-Hoc|iPhone.ActiveCfg = Release|Any CPU
		{F9BCC093-1351-4219-96DA-C7577037CC4A}.Ad-Hoc|iPhoneSimulator.ActiveCfg = Release|Any CPU
		{F9BCC093-1351-4219-96DA-C7577037CC4A}.Ad-Hoc|Mixed Platforms.ActiveCfg = Release|x86
		{F9BCC093-1351-4219-96DA-C7577037CC4A}.Ad-Hoc|Mixed Platforms.Build.0 = Release|x86
		{F9BCC093-1351-4219-96DA-C7577037CC4A}.Ad-Hoc|x86.ActiveCfg = Release|x86
		{F9BCC093-1351-4219-96DA-C7577037CC4A}.Ad-Hoc|x86.Build.0 = Release|x86
		{F9BCC093-1351-4219-96DA-C7577037CC4A}.AppStore|Any CPU.ActiveCfg = Release|Any CPU
		{F9BCC093-1351-4219-96DA-C7577037CC4A}.AppStore|Any CPU.Build.0 = Release|Any CPU
		{F9BCC093-1351-4219-96DA-C7577037CC4A}.AppStore|ARM.ActiveCfg = Release|ARM
		{F9BCC093-1351-4219-96DA-C7577037CC4A}.AppStore|ARM.Build.0 = Release|ARM
		{F9BCC093-1351-4219-96DA-C7577037CC4A}.AppStore|iPhone.ActiveCfg = Release|Any CPU
		{F9BCC093-1351-4219-96DA-C7577037CC4A}.AppStore|iPhoneSimulator.ActiveCfg = Release|Any CPU
		{F9BCC093-1351-4219-96DA-C7577037CC4A}.AppStore|Mixed Platforms.ActiveCfg = Release|x86
		{F9BCC093-1351-4219-96DA-C7577037CC4A}.AppStore|Mixed Platforms.Build.0 = Release|x86
		{F9BCC093-1351-4219-96DA-C7577037CC4A}.AppStore|x86.ActiveCfg = Release|x86
		{F9BCC093-1351-4219-96DA-C7577037CC4A}.AppStore|x86.Build.0 = Release|x86
		{F9BCC093-1351-4219-96DA-C7577037CC4A}.Debug|Any CPU.ActiveCfg = Debug|Any CPU
		{F9BCC093-1351-4219-96DA-C7577037CC4A}.Debug|Any CPU.Build.0 = Debug|Any CPU
		{F9BCC093-1351-4219-96DA-C7577037CC4A}.Debug|ARM.ActiveCfg = Debug|ARM
		{F9BCC093-1351-4219-96DA-C7577037CC4A}.Debug|ARM.Build.0 = Debug|ARM
		{F9BCC093-1351-4219-96DA-C7577037CC4A}.Debug|iPhone.ActiveCfg = Debug|Any CPU
		{F9BCC093-1351-4219-96DA-C7577037CC4A}.Debug|iPhoneSimulator.ActiveCfg = Debug|Any CPU
		{F9BCC093-1351-4219-96DA-C7577037CC4A}.Debug|Mixed Platforms.ActiveCfg = Debug|x86
		{F9BCC093-1351-4219-96DA-C7577037CC4A}.Debug|Mixed Platforms.Build.0 = Debug|x86
		{F9BCC093-1351-4219-96DA-C7577037CC4A}.Debug|x86.ActiveCfg = Debug|x86
		{F9BCC093-1351-4219-96DA-C7577037CC4A}.Debug|x86.Build.0 = Debug|x86
		{F9BCC093-1351-4219-96DA-C7577037CC4A}.Release|Any CPU.ActiveCfg = Release|Any CPU
		{F9BCC093-1351-4219-96DA-C7577037CC4A}.Release|Any CPU.Build.0 = Release|Any CPU
		{F9BCC093-1351-4219-96DA-C7577037CC4A}.Release|ARM.ActiveCfg = Release|ARM
		{F9BCC093-1351-4219-96DA-C7577037CC4A}.Release|ARM.Build.0 = Release|ARM
		{F9BCC093-1351-4219-96DA-C7577037CC4A}.Release|iPhone.ActiveCfg = Release|Any CPU
		{F9BCC093-1351-4219-96DA-C7577037CC4A}.Release|iPhoneSimulator.ActiveCfg = Release|Any CPU
		{F9BCC093-1351-4219-96DA-C7577037CC4A}.Release|Mixed Platforms.ActiveCfg = Release|Any CPU
		{F9BCC093-1351-4219-96DA-C7577037CC4A}.Release|Mixed Platforms.Build.0 = Release|Any CPU
		{F9BCC093-1351-4219-96DA-C7577037CC4A}.Release|x86.ActiveCfg = Release|x86
		{F9BCC093-1351-4219-96DA-C7577037CC4A}.Release|x86.Build.0 = Release|x86
		{66493B76-2850-4035-9449-0E2F95229C48}.Ad-Hoc|Any CPU.ActiveCfg = Release|Any CPU
		{66493B76-2850-4035-9449-0E2F95229C48}.Ad-Hoc|Any CPU.Build.0 = Release|Any CPU
		{66493B76-2850-4035-9449-0E2F95229C48}.Ad-Hoc|ARM.ActiveCfg = Release|ARM
		{66493B76-2850-4035-9449-0E2F95229C48}.Ad-Hoc|ARM.Build.0 = Release|ARM
		{66493B76-2850-4035-9449-0E2F95229C48}.Ad-Hoc|iPhone.ActiveCfg = Release|Any CPU
		{66493B76-2850-4035-9449-0E2F95229C48}.Ad-Hoc|iPhoneSimulator.ActiveCfg = Release|Any CPU
		{66493B76-2850-4035-9449-0E2F95229C48}.Ad-Hoc|Mixed Platforms.ActiveCfg = Release|x86
		{66493B76-2850-4035-9449-0E2F95229C48}.Ad-Hoc|Mixed Platforms.Build.0 = Release|x86
		{66493B76-2850-4035-9449-0E2F95229C48}.Ad-Hoc|x86.ActiveCfg = Release|x86
		{66493B76-2850-4035-9449-0E2F95229C48}.Ad-Hoc|x86.Build.0 = Release|x86
		{66493B76-2850-4035-9449-0E2F95229C48}.AppStore|Any CPU.ActiveCfg = Release|Any CPU
		{66493B76-2850-4035-9449-0E2F95229C48}.AppStore|Any CPU.Build.0 = Release|Any CPU
		{66493B76-2850-4035-9449-0E2F95229C48}.AppStore|ARM.ActiveCfg = Release|ARM
		{66493B76-2850-4035-9449-0E2F95229C48}.AppStore|ARM.Build.0 = Release|ARM
		{66493B76-2850-4035-9449-0E2F95229C48}.AppStore|iPhone.ActiveCfg = Release|Any CPU
		{66493B76-2850-4035-9449-0E2F95229C48}.AppStore|iPhoneSimulator.ActiveCfg = Release|Any CPU
		{66493B76-2850-4035-9449-0E2F95229C48}.AppStore|Mixed Platforms.ActiveCfg = Release|x86
		{66493B76-2850-4035-9449-0E2F95229C48}.AppStore|Mixed Platforms.Build.0 = Release|x86
		{66493B76-2850-4035-9449-0E2F95229C48}.AppStore|x86.ActiveCfg = Release|x86
		{66493B76-2850-4035-9449-0E2F95229C48}.AppStore|x86.Build.0 = Release|x86
		{66493B76-2850-4035-9449-0E2F95229C48}.Debug|Any CPU.ActiveCfg = Debug|Any CPU
		{66493B76-2850-4035-9449-0E2F95229C48}.Debug|Any CPU.Build.0 = Debug|Any CPU
		{66493B76-2850-4035-9449-0E2F95229C48}.Debug|ARM.ActiveCfg = Debug|ARM
		{66493B76-2850-4035-9449-0E2F95229C48}.Debug|ARM.Build.0 = Debug|ARM
		{66493B76-2850-4035-9449-0E2F95229C48}.Debug|iPhone.ActiveCfg = Debug|Any CPU
		{66493B76-2850-4035-9449-0E2F95229C48}.Debug|iPhoneSimulator.ActiveCfg = Debug|Any CPU
		{66493B76-2850-4035-9449-0E2F95229C48}.Debug|Mixed Platforms.ActiveCfg = Debug|x86
		{66493B76-2850-4035-9449-0E2F95229C48}.Debug|Mixed Platforms.Build.0 = Debug|x86
		{66493B76-2850-4035-9449-0E2F95229C48}.Debug|x86.ActiveCfg = Debug|x86
		{66493B76-2850-4035-9449-0E2F95229C48}.Debug|x86.Build.0 = Debug|x86
		{66493B76-2850-4035-9449-0E2F95229C48}.Release|Any CPU.ActiveCfg = Release|Any CPU
		{66493B76-2850-4035-9449-0E2F95229C48}.Release|Any CPU.Build.0 = Release|Any CPU
		{66493B76-2850-4035-9449-0E2F95229C48}.Release|ARM.ActiveCfg = Release|ARM
		{66493B76-2850-4035-9449-0E2F95229C48}.Release|ARM.Build.0 = Release|ARM
		{66493B76-2850-4035-9449-0E2F95229C48}.Release|iPhone.ActiveCfg = Release|Any CPU
		{66493B76-2850-4035-9449-0E2F95229C48}.Release|iPhoneSimulator.ActiveCfg = Release|Any CPU
		{66493B76-2850-4035-9449-0E2F95229C48}.Release|Mixed Platforms.ActiveCfg = Release|Any CPU
		{66493B76-2850-4035-9449-0E2F95229C48}.Release|Mixed Platforms.Build.0 = Release|Any CPU
		{66493B76-2850-4035-9449-0E2F95229C48}.Release|x86.ActiveCfg = Release|x86
		{66493B76-2850-4035-9449-0E2F95229C48}.Release|x86.Build.0 = Release|x86
		{017BFF60-40E6-4520-8554-5862A95EF123}.Ad-Hoc|Any CPU.ActiveCfg = Release|Any CPU
		{017BFF60-40E6-4520-8554-5862A95EF123}.Ad-Hoc|Any CPU.Build.0 = Release|Any CPU
		{017BFF60-40E6-4520-8554-5862A95EF123}.Ad-Hoc|ARM.ActiveCfg = Release|Any CPU
		{017BFF60-40E6-4520-8554-5862A95EF123}.Ad-Hoc|iPhone.ActiveCfg = Release|Any CPU
		{017BFF60-40E6-4520-8554-5862A95EF123}.Ad-Hoc|iPhoneSimulator.ActiveCfg = Release|Any CPU
		{017BFF60-40E6-4520-8554-5862A95EF123}.Ad-Hoc|Mixed Platforms.ActiveCfg = Release|Any CPU
		{017BFF60-40E6-4520-8554-5862A95EF123}.Ad-Hoc|Mixed Platforms.Build.0 = Release|Any CPU
		{017BFF60-40E6-4520-8554-5862A95EF123}.Ad-Hoc|x86.ActiveCfg = Release|Any CPU
		{017BFF60-40E6-4520-8554-5862A95EF123}.AppStore|Any CPU.ActiveCfg = Release|Any CPU
		{017BFF60-40E6-4520-8554-5862A95EF123}.AppStore|Any CPU.Build.0 = Release|Any CPU
		{017BFF60-40E6-4520-8554-5862A95EF123}.AppStore|ARM.ActiveCfg = Release|Any CPU
		{017BFF60-40E6-4520-8554-5862A95EF123}.AppStore|iPhone.ActiveCfg = Release|Any CPU
		{017BFF60-40E6-4520-8554-5862A95EF123}.AppStore|iPhoneSimulator.ActiveCfg = Release|Any CPU
		{017BFF60-40E6-4520-8554-5862A95EF123}.AppStore|Mixed Platforms.ActiveCfg = Release|Any CPU
		{017BFF60-40E6-4520-8554-5862A95EF123}.AppStore|Mixed Platforms.Build.0 = Release|Any CPU
		{017BFF60-40E6-4520-8554-5862A95EF123}.AppStore|x86.ActiveCfg = Release|Any CPU
		{017BFF60-40E6-4520-8554-5862A95EF123}.Debug|Any CPU.ActiveCfg = Debug|Any CPU
		{017BFF60-40E6-4520-8554-5862A95EF123}.Debug|Any CPU.Build.0 = Debug|Any CPU
		{017BFF60-40E6-4520-8554-5862A95EF123}.Debug|ARM.ActiveCfg = Debug|Any CPU
		{017BFF60-40E6-4520-8554-5862A95EF123}.Debug|iPhone.ActiveCfg = Debug|Any CPU
		{017BFF60-40E6-4520-8554-5862A95EF123}.Debug|iPhoneSimulator.ActiveCfg = Debug|Any CPU
		{017BFF60-40E6-4520-8554-5862A95EF123}.Debug|Mixed Platforms.ActiveCfg = Debug|Any CPU
		{017BFF60-40E6-4520-8554-5862A95EF123}.Debug|Mixed Platforms.Build.0 = Debug|Any CPU
		{017BFF60-40E6-4520-8554-5862A95EF123}.Debug|x86.ActiveCfg = Debug|Any CPU
		{017BFF60-40E6-4520-8554-5862A95EF123}.Release|Any CPU.ActiveCfg = Release|Any CPU
		{017BFF60-40E6-4520-8554-5862A95EF123}.Release|Any CPU.Build.0 = Release|Any CPU
		{017BFF60-40E6-4520-8554-5862A95EF123}.Release|ARM.ActiveCfg = Release|Any CPU
		{017BFF60-40E6-4520-8554-5862A95EF123}.Release|iPhone.ActiveCfg = Release|Any CPU
		{017BFF60-40E6-4520-8554-5862A95EF123}.Release|iPhoneSimulator.ActiveCfg = Release|Any CPU
		{017BFF60-40E6-4520-8554-5862A95EF123}.Release|Mixed Platforms.ActiveCfg = Release|Any CPU
		{017BFF60-40E6-4520-8554-5862A95EF123}.Release|Mixed Platforms.Build.0 = Release|Any CPU
		{017BFF60-40E6-4520-8554-5862A95EF123}.Release|x86.ActiveCfg = Release|Any CPU
		{6B6E500B-B75C-4A27-A73E-9F4DE5FE6ED3}.Ad-Hoc|Any CPU.ActiveCfg = Release|Any CPU
		{6B6E500B-B75C-4A27-A73E-9F4DE5FE6ED3}.Ad-Hoc|Any CPU.Build.0 = Release|Any CPU
		{6B6E500B-B75C-4A27-A73E-9F4DE5FE6ED3}.Ad-Hoc|ARM.ActiveCfg = Release|Any CPU
		{6B6E500B-B75C-4A27-A73E-9F4DE5FE6ED3}.Ad-Hoc|iPhone.ActiveCfg = Release|Any CPU
		{6B6E500B-B75C-4A27-A73E-9F4DE5FE6ED3}.Ad-Hoc|iPhoneSimulator.ActiveCfg = Release|Any CPU
		{6B6E500B-B75C-4A27-A73E-9F4DE5FE6ED3}.Ad-Hoc|Mixed Platforms.ActiveCfg = Release|Any CPU
		{6B6E500B-B75C-4A27-A73E-9F4DE5FE6ED3}.Ad-Hoc|Mixed Platforms.Build.0 = Release|Any CPU
		{6B6E500B-B75C-4A27-A73E-9F4DE5FE6ED3}.Ad-Hoc|x86.ActiveCfg = Release|Any CPU
		{6B6E500B-B75C-4A27-A73E-9F4DE5FE6ED3}.AppStore|Any CPU.ActiveCfg = Release|Any CPU
		{6B6E500B-B75C-4A27-A73E-9F4DE5FE6ED3}.AppStore|Any CPU.Build.0 = Release|Any CPU
		{6B6E500B-B75C-4A27-A73E-9F4DE5FE6ED3}.AppStore|ARM.ActiveCfg = Release|Any CPU
		{6B6E500B-B75C-4A27-A73E-9F4DE5FE6ED3}.AppStore|iPhone.ActiveCfg = Release|Any CPU
		{6B6E500B-B75C-4A27-A73E-9F4DE5FE6ED3}.AppStore|iPhoneSimulator.ActiveCfg = Release|Any CPU
		{6B6E500B-B75C-4A27-A73E-9F4DE5FE6ED3}.AppStore|Mixed Platforms.ActiveCfg = Release|Any CPU
		{6B6E500B-B75C-4A27-A73E-9F4DE5FE6ED3}.AppStore|Mixed Platforms.Build.0 = Release|Any CPU
		{6B6E500B-B75C-4A27-A73E-9F4DE5FE6ED3}.AppStore|x86.ActiveCfg = Release|Any CPU
		{6B6E500B-B75C-4A27-A73E-9F4DE5FE6ED3}.Debug|Any CPU.ActiveCfg = Debug|Any CPU
		{6B6E500B-B75C-4A27-A73E-9F4DE5FE6ED3}.Debug|Any CPU.Build.0 = Debug|Any CPU
		{6B6E500B-B75C-4A27-A73E-9F4DE5FE6ED3}.Debug|ARM.ActiveCfg = Debug|Any CPU
		{6B6E500B-B75C-4A27-A73E-9F4DE5FE6ED3}.Debug|iPhone.ActiveCfg = Debug|Any CPU
		{6B6E500B-B75C-4A27-A73E-9F4DE5FE6ED3}.Debug|iPhoneSimulator.ActiveCfg = Debug|Any CPU
		{6B6E500B-B75C-4A27-A73E-9F4DE5FE6ED3}.Debug|Mixed Platforms.ActiveCfg = Debug|Any CPU
		{6B6E500B-B75C-4A27-A73E-9F4DE5FE6ED3}.Debug|Mixed Platforms.Build.0 = Debug|Any CPU
		{6B6E500B-B75C-4A27-A73E-9F4DE5FE6ED3}.Debug|x86.ActiveCfg = Debug|Any CPU
		{6B6E500B-B75C-4A27-A73E-9F4DE5FE6ED3}.Release|Any CPU.ActiveCfg = Release|Any CPU
		{6B6E500B-B75C-4A27-A73E-9F4DE5FE6ED3}.Release|Any CPU.Build.0 = Release|Any CPU
		{6B6E500B-B75C-4A27-A73E-9F4DE5FE6ED3}.Release|ARM.ActiveCfg = Release|Any CPU
		{6B6E500B-B75C-4A27-A73E-9F4DE5FE6ED3}.Release|iPhone.ActiveCfg = Release|Any CPU
		{6B6E500B-B75C-4A27-A73E-9F4DE5FE6ED3}.Release|iPhoneSimulator.ActiveCfg = Release|Any CPU
		{6B6E500B-B75C-4A27-A73E-9F4DE5FE6ED3}.Release|Mixed Platforms.ActiveCfg = Release|Any CPU
		{6B6E500B-B75C-4A27-A73E-9F4DE5FE6ED3}.Release|Mixed Platforms.Build.0 = Release|Any CPU
		{6B6E500B-B75C-4A27-A73E-9F4DE5FE6ED3}.Release|x86.ActiveCfg = Release|Any CPU
		{581EF961-D53F-44DD-A5E9-37F511C0475A}.Ad-Hoc|Any CPU.ActiveCfg = Release|Any CPU
		{581EF961-D53F-44DD-A5E9-37F511C0475A}.Ad-Hoc|Any CPU.Build.0 = Release|Any CPU
		{581EF961-D53F-44DD-A5E9-37F511C0475A}.Ad-Hoc|ARM.ActiveCfg = Release|Any CPU
		{581EF961-D53F-44DD-A5E9-37F511C0475A}.Ad-Hoc|iPhone.ActiveCfg = Release|Any CPU
		{581EF961-D53F-44DD-A5E9-37F511C0475A}.Ad-Hoc|iPhoneSimulator.ActiveCfg = Release|Any CPU
		{581EF961-D53F-44DD-A5E9-37F511C0475A}.Ad-Hoc|Mixed Platforms.ActiveCfg = Release|Any CPU
		{581EF961-D53F-44DD-A5E9-37F511C0475A}.Ad-Hoc|Mixed Platforms.Build.0 = Release|Any CPU
		{581EF961-D53F-44DD-A5E9-37F511C0475A}.Ad-Hoc|x86.ActiveCfg = Release|Any CPU
		{581EF961-D53F-44DD-A5E9-37F511C0475A}.AppStore|Any CPU.ActiveCfg = Release|Any CPU
		{581EF961-D53F-44DD-A5E9-37F511C0475A}.AppStore|Any CPU.Build.0 = Release|Any CPU
		{581EF961-D53F-44DD-A5E9-37F511C0475A}.AppStore|ARM.ActiveCfg = Release|Any CPU
		{581EF961-D53F-44DD-A5E9-37F511C0475A}.AppStore|iPhone.ActiveCfg = Release|Any CPU
		{581EF961-D53F-44DD-A5E9-37F511C0475A}.AppStore|iPhoneSimulator.ActiveCfg = Release|Any CPU
		{581EF961-D53F-44DD-A5E9-37F511C0475A}.AppStore|Mixed Platforms.ActiveCfg = Release|Any CPU
		{581EF961-D53F-44DD-A5E9-37F511C0475A}.AppStore|Mixed Platforms.Build.0 = Release|Any CPU
		{581EF961-D53F-44DD-A5E9-37F511C0475A}.AppStore|x86.ActiveCfg = Release|Any CPU
		{581EF961-D53F-44DD-A5E9-37F511C0475A}.Debug|Any CPU.ActiveCfg = Debug|Any CPU
		{581EF961-D53F-44DD-A5E9-37F511C0475A}.Debug|Any CPU.Build.0 = Debug|Any CPU
		{581EF961-D53F-44DD-A5E9-37F511C0475A}.Debug|ARM.ActiveCfg = Debug|Any CPU
		{581EF961-D53F-44DD-A5E9-37F511C0475A}.Debug|iPhone.ActiveCfg = Debug|Any CPU
		{581EF961-D53F-44DD-A5E9-37F511C0475A}.Debug|iPhoneSimulator.ActiveCfg = Debug|Any CPU
		{581EF961-D53F-44DD-A5E9-37F511C0475A}.Debug|Mixed Platforms.ActiveCfg = Debug|Any CPU
		{581EF961-D53F-44DD-A5E9-37F511C0475A}.Debug|Mixed Platforms.Build.0 = Debug|Any CPU
		{581EF961-D53F-44DD-A5E9-37F511C0475A}.Debug|x86.ActiveCfg = Debug|Any CPU
		{581EF961-D53F-44DD-A5E9-37F511C0475A}.Release|Any CPU.ActiveCfg = Release|Any CPU
		{581EF961-D53F-44DD-A5E9-37F511C0475A}.Release|Any CPU.Build.0 = Release|Any CPU
		{581EF961-D53F-44DD-A5E9-37F511C0475A}.Release|ARM.ActiveCfg = Release|Any CPU
		{581EF961-D53F-44DD-A5E9-37F511C0475A}.Release|iPhone.ActiveCfg = Release|Any CPU
		{581EF961-D53F-44DD-A5E9-37F511C0475A}.Release|iPhoneSimulator.ActiveCfg = Release|Any CPU
		{581EF961-D53F-44DD-A5E9-37F511C0475A}.Release|Mixed Platforms.ActiveCfg = Release|Any CPU
		{581EF961-D53F-44DD-A5E9-37F511C0475A}.Release|Mixed Platforms.Build.0 = Release|Any CPU
		{581EF961-D53F-44DD-A5E9-37F511C0475A}.Release|x86.ActiveCfg = Release|Any CPU
		{491C3800-3651-4FEC-A3E5-98AA5A43C9E0}.Ad-Hoc|Any CPU.ActiveCfg = Ad-Hoc|iPhone
		{491C3800-3651-4FEC-A3E5-98AA5A43C9E0}.Ad-Hoc|ARM.ActiveCfg = Ad-Hoc|iPhone
		{491C3800-3651-4FEC-A3E5-98AA5A43C9E0}.Ad-Hoc|iPhone.ActiveCfg = Ad-Hoc|iPhone
		{491C3800-3651-4FEC-A3E5-98AA5A43C9E0}.Ad-Hoc|iPhone.Build.0 = Ad-Hoc|iPhone
		{491C3800-3651-4FEC-A3E5-98AA5A43C9E0}.Ad-Hoc|iPhoneSimulator.ActiveCfg = Ad-Hoc|iPhoneSimulator
		{491C3800-3651-4FEC-A3E5-98AA5A43C9E0}.Ad-Hoc|iPhoneSimulator.Build.0 = Ad-Hoc|iPhoneSimulator
		{491C3800-3651-4FEC-A3E5-98AA5A43C9E0}.Ad-Hoc|Mixed Platforms.ActiveCfg = Ad-Hoc|iPhone
		{491C3800-3651-4FEC-A3E5-98AA5A43C9E0}.Ad-Hoc|Mixed Platforms.Build.0 = Ad-Hoc|iPhone
		{491C3800-3651-4FEC-A3E5-98AA5A43C9E0}.Ad-Hoc|x86.ActiveCfg = Ad-Hoc|iPhone
		{491C3800-3651-4FEC-A3E5-98AA5A43C9E0}.AppStore|Any CPU.ActiveCfg = AppStore|iPhone
		{491C3800-3651-4FEC-A3E5-98AA5A43C9E0}.AppStore|ARM.ActiveCfg = AppStore|iPhone
		{491C3800-3651-4FEC-A3E5-98AA5A43C9E0}.AppStore|iPhone.ActiveCfg = AppStore|iPhone
		{491C3800-3651-4FEC-A3E5-98AA5A43C9E0}.AppStore|iPhone.Build.0 = AppStore|iPhone
		{491C3800-3651-4FEC-A3E5-98AA5A43C9E0}.AppStore|iPhoneSimulator.ActiveCfg = AppStore|iPhoneSimulator
		{491C3800-3651-4FEC-A3E5-98AA5A43C9E0}.AppStore|iPhoneSimulator.Build.0 = AppStore|iPhoneSimulator
		{491C3800-3651-4FEC-A3E5-98AA5A43C9E0}.AppStore|Mixed Platforms.ActiveCfg = AppStore|iPhone
		{491C3800-3651-4FEC-A3E5-98AA5A43C9E0}.AppStore|Mixed Platforms.Build.0 = AppStore|iPhone
		{491C3800-3651-4FEC-A3E5-98AA5A43C9E0}.AppStore|x86.ActiveCfg = AppStore|iPhone
		{491C3800-3651-4FEC-A3E5-98AA5A43C9E0}.Debug|Any CPU.ActiveCfg = Debug|iPhone
		{491C3800-3651-4FEC-A3E5-98AA5A43C9E0}.Debug|ARM.ActiveCfg = Debug|iPhone
		{491C3800-3651-4FEC-A3E5-98AA5A43C9E0}.Debug|iPhone.ActiveCfg = Debug|iPhone
		{491C3800-3651-4FEC-A3E5-98AA5A43C9E0}.Debug|iPhone.Build.0 = Debug|iPhone
		{491C3800-3651-4FEC-A3E5-98AA5A43C9E0}.Debug|iPhoneSimulator.ActiveCfg = Debug|iPhoneSimulator
		{491C3800-3651-4FEC-A3E5-98AA5A43C9E0}.Debug|iPhoneSimulator.Build.0 = Debug|iPhoneSimulator
		{491C3800-3651-4FEC-A3E5-98AA5A43C9E0}.Debug|Mixed Platforms.ActiveCfg = Debug|iPhone
		{491C3800-3651-4FEC-A3E5-98AA5A43C9E0}.Debug|Mixed Platforms.Build.0 = Debug|iPhone
		{491C3800-3651-4FEC-A3E5-98AA5A43C9E0}.Debug|x86.ActiveCfg = Debug|iPhone
		{491C3800-3651-4FEC-A3E5-98AA5A43C9E0}.Release|Any CPU.ActiveCfg = Release|iPhone
		{491C3800-3651-4FEC-A3E5-98AA5A43C9E0}.Release|ARM.ActiveCfg = Release|iPhone
		{491C3800-3651-4FEC-A3E5-98AA5A43C9E0}.Release|iPhone.ActiveCfg = Release|iPhone
		{491C3800-3651-4FEC-A3E5-98AA5A43C9E0}.Release|iPhone.Build.0 = Release|iPhone
		{491C3800-3651-4FEC-A3E5-98AA5A43C9E0}.Release|iPhoneSimulator.ActiveCfg = Release|iPhoneSimulator
		{491C3800-3651-4FEC-A3E5-98AA5A43C9E0}.Release|iPhoneSimulator.Build.0 = Release|iPhoneSimulator
		{491C3800-3651-4FEC-A3E5-98AA5A43C9E0}.Release|Mixed Platforms.ActiveCfg = Release|iPhone
		{491C3800-3651-4FEC-A3E5-98AA5A43C9E0}.Release|Mixed Platforms.Build.0 = Release|iPhone
		{491C3800-3651-4FEC-A3E5-98AA5A43C9E0}.Release|x86.ActiveCfg = Release|iPhone
		{1AFFACD5-D4C8-4040-A987-78147FF2DCDB}.Ad-Hoc|Any CPU.ActiveCfg = Release|Any CPU
		{1AFFACD5-D4C8-4040-A987-78147FF2DCDB}.Ad-Hoc|Any CPU.Build.0 = Release|Any CPU
		{1AFFACD5-D4C8-4040-A987-78147FF2DCDB}.Ad-Hoc|Any CPU.Deploy.0 = Release|Any CPU
		{1AFFACD5-D4C8-4040-A987-78147FF2DCDB}.Ad-Hoc|ARM.ActiveCfg = Release|Any CPU
		{1AFFACD5-D4C8-4040-A987-78147FF2DCDB}.Ad-Hoc|iPhone.ActiveCfg = Release|Any CPU
		{1AFFACD5-D4C8-4040-A987-78147FF2DCDB}.Ad-Hoc|iPhoneSimulator.ActiveCfg = Release|Any CPU
		{1AFFACD5-D4C8-4040-A987-78147FF2DCDB}.Ad-Hoc|Mixed Platforms.ActiveCfg = Release|Any CPU
		{1AFFACD5-D4C8-4040-A987-78147FF2DCDB}.Ad-Hoc|Mixed Platforms.Build.0 = Release|Any CPU
		{1AFFACD5-D4C8-4040-A987-78147FF2DCDB}.Ad-Hoc|Mixed Platforms.Deploy.0 = Release|Any CPU
		{1AFFACD5-D4C8-4040-A987-78147FF2DCDB}.Ad-Hoc|x86.ActiveCfg = Release|Any CPU
		{1AFFACD5-D4C8-4040-A987-78147FF2DCDB}.AppStore|Any CPU.ActiveCfg = Release|Any CPU
		{1AFFACD5-D4C8-4040-A987-78147FF2DCDB}.AppStore|Any CPU.Build.0 = Release|Any CPU
		{1AFFACD5-D4C8-4040-A987-78147FF2DCDB}.AppStore|Any CPU.Deploy.0 = Release|Any CPU
		{1AFFACD5-D4C8-4040-A987-78147FF2DCDB}.AppStore|ARM.ActiveCfg = Release|Any CPU
		{1AFFACD5-D4C8-4040-A987-78147FF2DCDB}.AppStore|iPhone.ActiveCfg = Release|Any CPU
		{1AFFACD5-D4C8-4040-A987-78147FF2DCDB}.AppStore|iPhoneSimulator.ActiveCfg = Release|Any CPU
		{1AFFACD5-D4C8-4040-A987-78147FF2DCDB}.AppStore|Mixed Platforms.ActiveCfg = Release|Any CPU
		{1AFFACD5-D4C8-4040-A987-78147FF2DCDB}.AppStore|Mixed Platforms.Build.0 = Release|Any CPU
		{1AFFACD5-D4C8-4040-A987-78147FF2DCDB}.AppStore|Mixed Platforms.Deploy.0 = Release|Any CPU
		{1AFFACD5-D4C8-4040-A987-78147FF2DCDB}.AppStore|x86.ActiveCfg = Release|Any CPU
		{1AFFACD5-D4C8-4040-A987-78147FF2DCDB}.Debug|Any CPU.ActiveCfg = Debug|Any CPU
		{1AFFACD5-D4C8-4040-A987-78147FF2DCDB}.Debug|Any CPU.Build.0 = Debug|Any CPU
		{1AFFACD5-D4C8-4040-A987-78147FF2DCDB}.Debug|Any CPU.Deploy.0 = Debug|Any CPU
		{1AFFACD5-D4C8-4040-A987-78147FF2DCDB}.Debug|ARM.ActiveCfg = Debug|Any CPU
		{1AFFACD5-D4C8-4040-A987-78147FF2DCDB}.Debug|iPhone.ActiveCfg = Debug|Any CPU
		{1AFFACD5-D4C8-4040-A987-78147FF2DCDB}.Debug|iPhoneSimulator.ActiveCfg = Debug|Any CPU
		{1AFFACD5-D4C8-4040-A987-78147FF2DCDB}.Debug|Mixed Platforms.ActiveCfg = Debug|Any CPU
		{1AFFACD5-D4C8-4040-A987-78147FF2DCDB}.Debug|Mixed Platforms.Build.0 = Debug|Any CPU
		{1AFFACD5-D4C8-4040-A987-78147FF2DCDB}.Debug|Mixed Platforms.Deploy.0 = Debug|Any CPU
		{1AFFACD5-D4C8-4040-A987-78147FF2DCDB}.Debug|x86.ActiveCfg = Debug|Any CPU
		{1AFFACD5-D4C8-4040-A987-78147FF2DCDB}.Release|Any CPU.ActiveCfg = Release|Any CPU
		{1AFFACD5-D4C8-4040-A987-78147FF2DCDB}.Release|Any CPU.Build.0 = Release|Any CPU
		{1AFFACD5-D4C8-4040-A987-78147FF2DCDB}.Release|Any CPU.Deploy.0 = Release|Any CPU
		{1AFFACD5-D4C8-4040-A987-78147FF2DCDB}.Release|ARM.ActiveCfg = Release|Any CPU
		{1AFFACD5-D4C8-4040-A987-78147FF2DCDB}.Release|iPhone.ActiveCfg = Release|Any CPU
		{1AFFACD5-D4C8-4040-A987-78147FF2DCDB}.Release|iPhoneSimulator.ActiveCfg = Release|Any CPU
		{1AFFACD5-D4C8-4040-A987-78147FF2DCDB}.Release|Mixed Platforms.ActiveCfg = Release|Any CPU
		{1AFFACD5-D4C8-4040-A987-78147FF2DCDB}.Release|Mixed Platforms.Build.0 = Release|Any CPU
		{1AFFACD5-D4C8-4040-A987-78147FF2DCDB}.Release|Mixed Platforms.Deploy.0 = Release|Any CPU
		{1AFFACD5-D4C8-4040-A987-78147FF2DCDB}.Release|x86.ActiveCfg = Release|Any CPU
		{DEF66649-8AC6-4770-AFD6-DBCEB02AEE98}.Ad-Hoc|Any CPU.ActiveCfg = Release|Any CPU
		{DEF66649-8AC6-4770-AFD6-DBCEB02AEE98}.Ad-Hoc|Any CPU.Build.0 = Release|Any CPU
		{DEF66649-8AC6-4770-AFD6-DBCEB02AEE98}.Ad-Hoc|Any CPU.Deploy.0 = Release|Any CPU
		{DEF66649-8AC6-4770-AFD6-DBCEB02AEE98}.Ad-Hoc|ARM.ActiveCfg = Release|ARM
		{DEF66649-8AC6-4770-AFD6-DBCEB02AEE98}.Ad-Hoc|ARM.Build.0 = Release|ARM
		{DEF66649-8AC6-4770-AFD6-DBCEB02AEE98}.Ad-Hoc|ARM.Deploy.0 = Release|ARM
		{DEF66649-8AC6-4770-AFD6-DBCEB02AEE98}.Ad-Hoc|iPhone.ActiveCfg = Release|Any CPU
		{DEF66649-8AC6-4770-AFD6-DBCEB02AEE98}.Ad-Hoc|iPhoneSimulator.ActiveCfg = Release|Any CPU
		{DEF66649-8AC6-4770-AFD6-DBCEB02AEE98}.Ad-Hoc|Mixed Platforms.ActiveCfg = Release|x86
		{DEF66649-8AC6-4770-AFD6-DBCEB02AEE98}.Ad-Hoc|Mixed Platforms.Build.0 = Release|x86
		{DEF66649-8AC6-4770-AFD6-DBCEB02AEE98}.Ad-Hoc|Mixed Platforms.Deploy.0 = Release|x86
		{DEF66649-8AC6-4770-AFD6-DBCEB02AEE98}.Ad-Hoc|x86.ActiveCfg = Release|x86
		{DEF66649-8AC6-4770-AFD6-DBCEB02AEE98}.Ad-Hoc|x86.Build.0 = Release|x86
		{DEF66649-8AC6-4770-AFD6-DBCEB02AEE98}.Ad-Hoc|x86.Deploy.0 = Release|x86
		{DEF66649-8AC6-4770-AFD6-DBCEB02AEE98}.AppStore|Any CPU.ActiveCfg = Release|Any CPU
		{DEF66649-8AC6-4770-AFD6-DBCEB02AEE98}.AppStore|Any CPU.Build.0 = Release|Any CPU
		{DEF66649-8AC6-4770-AFD6-DBCEB02AEE98}.AppStore|Any CPU.Deploy.0 = Release|Any CPU
		{DEF66649-8AC6-4770-AFD6-DBCEB02AEE98}.AppStore|ARM.ActiveCfg = Release|ARM
		{DEF66649-8AC6-4770-AFD6-DBCEB02AEE98}.AppStore|ARM.Build.0 = Release|ARM
		{DEF66649-8AC6-4770-AFD6-DBCEB02AEE98}.AppStore|ARM.Deploy.0 = Release|ARM
		{DEF66649-8AC6-4770-AFD6-DBCEB02AEE98}.AppStore|iPhone.ActiveCfg = Release|Any CPU
		{DEF66649-8AC6-4770-AFD6-DBCEB02AEE98}.AppStore|iPhoneSimulator.ActiveCfg = Release|Any CPU
		{DEF66649-8AC6-4770-AFD6-DBCEB02AEE98}.AppStore|Mixed Platforms.ActiveCfg = Release|x86
		{DEF66649-8AC6-4770-AFD6-DBCEB02AEE98}.AppStore|Mixed Platforms.Build.0 = Release|x86
		{DEF66649-8AC6-4770-AFD6-DBCEB02AEE98}.AppStore|Mixed Platforms.Deploy.0 = Release|x86
		{DEF66649-8AC6-4770-AFD6-DBCEB02AEE98}.AppStore|x86.ActiveCfg = Release|x86
		{DEF66649-8AC6-4770-AFD6-DBCEB02AEE98}.AppStore|x86.Build.0 = Release|x86
		{DEF66649-8AC6-4770-AFD6-DBCEB02AEE98}.AppStore|x86.Deploy.0 = Release|x86
		{DEF66649-8AC6-4770-AFD6-DBCEB02AEE98}.Debug|Any CPU.ActiveCfg = Debug|Any CPU
		{DEF66649-8AC6-4770-AFD6-DBCEB02AEE98}.Debug|Any CPU.Build.0 = Debug|Any CPU
		{DEF66649-8AC6-4770-AFD6-DBCEB02AEE98}.Debug|Any CPU.Deploy.0 = Debug|Any CPU
		{DEF66649-8AC6-4770-AFD6-DBCEB02AEE98}.Debug|ARM.ActiveCfg = Debug|ARM
		{DEF66649-8AC6-4770-AFD6-DBCEB02AEE98}.Debug|ARM.Build.0 = Debug|ARM
		{DEF66649-8AC6-4770-AFD6-DBCEB02AEE98}.Debug|ARM.Deploy.0 = Debug|ARM
		{DEF66649-8AC6-4770-AFD6-DBCEB02AEE98}.Debug|iPhone.ActiveCfg = Debug|Any CPU
		{DEF66649-8AC6-4770-AFD6-DBCEB02AEE98}.Debug|iPhoneSimulator.ActiveCfg = Debug|Any CPU
		{DEF66649-8AC6-4770-AFD6-DBCEB02AEE98}.Debug|Mixed Platforms.ActiveCfg = Debug|x86
		{DEF66649-8AC6-4770-AFD6-DBCEB02AEE98}.Debug|Mixed Platforms.Build.0 = Debug|x86
		{DEF66649-8AC6-4770-AFD6-DBCEB02AEE98}.Debug|Mixed Platforms.Deploy.0 = Debug|x86
		{DEF66649-8AC6-4770-AFD6-DBCEB02AEE98}.Debug|x86.ActiveCfg = Debug|x86
		{DEF66649-8AC6-4770-AFD6-DBCEB02AEE98}.Debug|x86.Build.0 = Debug|x86
		{DEF66649-8AC6-4770-AFD6-DBCEB02AEE98}.Debug|x86.Deploy.0 = Debug|x86
		{DEF66649-8AC6-4770-AFD6-DBCEB02AEE98}.Release|Any CPU.ActiveCfg = Release|Any CPU
		{DEF66649-8AC6-4770-AFD6-DBCEB02AEE98}.Release|Any CPU.Build.0 = Release|Any CPU
		{DEF66649-8AC6-4770-AFD6-DBCEB02AEE98}.Release|Any CPU.Deploy.0 = Release|Any CPU
		{DEF66649-8AC6-4770-AFD6-DBCEB02AEE98}.Release|ARM.ActiveCfg = Release|ARM
		{DEF66649-8AC6-4770-AFD6-DBCEB02AEE98}.Release|ARM.Build.0 = Release|ARM
		{DEF66649-8AC6-4770-AFD6-DBCEB02AEE98}.Release|ARM.Deploy.0 = Release|ARM
		{DEF66649-8AC6-4770-AFD6-DBCEB02AEE98}.Release|iPhone.ActiveCfg = Release|Any CPU
		{DEF66649-8AC6-4770-AFD6-DBCEB02AEE98}.Release|iPhoneSimulator.ActiveCfg = Release|Any CPU
		{DEF66649-8AC6-4770-AFD6-DBCEB02AEE98}.Release|Mixed Platforms.ActiveCfg = Release|x86
		{DEF66649-8AC6-4770-AFD6-DBCEB02AEE98}.Release|Mixed Platforms.Build.0 = Release|x86
		{DEF66649-8AC6-4770-AFD6-DBCEB02AEE98}.Release|Mixed Platforms.Deploy.0 = Release|x86
		{DEF66649-8AC6-4770-AFD6-DBCEB02AEE98}.Release|x86.ActiveCfg = Release|x86
		{DEF66649-8AC6-4770-AFD6-DBCEB02AEE98}.Release|x86.Build.0 = Release|x86
		{DEF66649-8AC6-4770-AFD6-DBCEB02AEE98}.Release|x86.Deploy.0 = Release|x86
	EndGlobalSection
	GlobalSection(SolutionProperties) = preSolution
		HideSolutionNode = FALSE
	EndGlobalSection
	GlobalSection(NestedProjects) = preSolution
		{7DCF07B1-B8BD-4EF0-B1FC-2AAC4466B6C6} = {2137DFE4-114E-45AE-BBCD-6A454D1BF82C}
		{7A0B35C0-DD17-4964-8E9A-44D6CECDC692} = {9B92DDD5-408E-4449-94C5-70D713FB3677}
		{FACB89E5-53A5-4748-9F5B-E0714EBB37B2} = {01DB260E-34FC-4665-8B8F-50339DB454AD}
		{B63C5F8C-61C8-4E69-93D6-F49F816D3746} = {B0654A14-51FF-4DAC-A2CB-A6B9D269B9CA}
		{F9508036-E3C1-4887-8BE6-3C86BC106311} = {B0654A14-51FF-4DAC-A2CB-A6B9D269B9CA}
		{A40AD708-3FF5-42FC-92B0-8D93FF1DB58F} = {B0654A14-51FF-4DAC-A2CB-A6B9D269B9CA}
		{E965BA32-9561-4E2A-ADB0-19487B25A939} = {2137DFE4-114E-45AE-BBCD-6A454D1BF82C}
		{F9BCC093-1351-4219-96DA-C7577037CC4A} = {B0654A14-51FF-4DAC-A2CB-A6B9D269B9CA}
		{66493B76-2850-4035-9449-0E2F95229C48} = {2137DFE4-114E-45AE-BBCD-6A454D1BF82C}
		{017BFF60-40E6-4520-8554-5862A95EF123} = {2137DFE4-114E-45AE-BBCD-6A454D1BF82C}
		{6B6E500B-B75C-4A27-A73E-9F4DE5FE6ED3} = {B0654A14-51FF-4DAC-A2CB-A6B9D269B9CA}
		{581EF961-D53F-44DD-A5E9-37F511C0475A} = {467BDD18-40A2-41F2-BCD5-248667DFFB6E}
		{491C3800-3651-4FEC-A3E5-98AA5A43C9E0} = {467BDD18-40A2-41F2-BCD5-248667DFFB6E}
		{1AFFACD5-D4C8-4040-A987-78147FF2DCDB} = {467BDD18-40A2-41F2-BCD5-248667DFFB6E}
		{DEF66649-8AC6-4770-AFD6-DBCEB02AEE98} = {467BDD18-40A2-41F2-BCD5-248667DFFB6E}
		{467BDD18-40A2-41F2-BCD5-248667DFFB6E} = {0AB67A65-9645-4DF6-98A2-D5734D212E7C}
		{01DB260E-34FC-4665-8B8F-50339DB454AD} = {0AB67A65-9645-4DF6-98A2-D5734D212E7C}
	EndGlobalSection
	GlobalSection(MonoDevelopProperties) = preSolution
		StartupItem = Examples\Xamarin.Forms\SimpleDemo.Android\SimpleDemo.Android.csproj
	EndGlobalSection
EndGlobal
