
Microsoft Visual Studio Solution File, Format Version 12.00
# Visual Studio Version 16
VisualStudioVersion = 16.0.29403.142
MinimumVisualStudioVersion = 10.0.40219.1
Project("{2150E333-8FDC-42A3-9474-1A3956D46DE8}") = "Examples", "Examples", "{B630CA82-A785-49CA-8FA0-3D3AF4D6626A}"
EndProject
Project("{9A19103F-16F7-4668-BE54-9A1E7A4F7556}") = "OxyPlot", "OxyPlot\OxyPlot.csproj", "{7A0B35C0-DD17-4964-8E9A-44D6CECDC692}"
EndProject
Project("{9A19103F-16F7-4668-BE54-9A1E7A4F7556}") = "WindowsFormsDemo", "Examples\WindowsForms\WindowsFormsDemo\WindowsFormsDemo.csproj", "{BBAECBB8-149A-42EE-A4F4-6207D7954F8B}"
EndProject
Project("{9A19103F-16F7-4668-BE54-9A1E7A4F7556}") = "OxyPlot.WindowsForms", "OxyPlot.WindowsForms\OxyPlot.WindowsForms.csproj", "{8BC521AD-81CF-4E6C-8898-BE67527E7064}"
EndProject
Project("{9A19103F-16F7-4668-BE54-9A1E7A4F7556}") = "ExampleLibrary", "Examples\ExampleLibrary\ExampleLibrary.csproj", "{FACB89E5-53A5-4748-9F5B-E0714EBB37B2}"
EndProject
Project("{2150E333-8FDC-42A3-9474-1A3956D46DE8}") = "Change log", "Change log", "{718F324B-6F99-45AD-B4D8-99EBCB9D5F65}"
	ProjectSection(SolutionItems) = preProject
		..\AUTHORS = ..\AUTHORS
		..\CHANGELOG.md = ..\CHANGELOG.md
		..\CONTRIBUTORS = ..\CONTRIBUTORS
	EndProjectSection
EndProject
Project("{2150E333-8FDC-42A3-9474-1A3956D46DE8}") = "Documentation", "Documentation", "{43AD5530-D29C-4DFE-A8F1-40024B9282E7}"
	ProjectSection(SolutionItems) = preProject
		..\CONTRIBUTING.md = ..\CONTRIBUTING.md
		..\README.md = ..\README.md
	EndProjectSection
EndProject
Project("{9A19103F-16F7-4668-BE54-9A1E7A4F7556}") = "OxyPlot.Tests", "OxyPlot.Tests\OxyPlot.Tests.csproj", "{E6218B88-69F5-4E3F-9ABC-93AB82FD77AD}"
EndProject
Project("{9A19103F-16F7-4668-BE54-9A1E7A4F7556}") = "ExampleBrowser.WindowsForms", "Examples\WindowsForms\ExampleBrowser\ExampleBrowser.WindowsForms.csproj", "{EDD7672B-8D5D-459C-A7BE-DBF29F40E0D4}"
EndProject
Global
	GlobalSection(SolutionConfigurationPlatforms) = preSolution
		Debug|Any CPU = Debug|Any CPU
		Release|Any CPU = Release|Any CPU
	EndGlobalSection
	GlobalSection(ProjectConfigurationPlatforms) = postSolution
		{7A0B35C0-DD17-4964-8E9A-44D6CECDC692}.Debug|Any CPU.ActiveCfg = Debug|Any CPU
		{7A0B35C0-DD17-4964-8E9A-44D6CECDC692}.Debug|Any CPU.Build.0 = Debug|Any CPU
		{7A0B35C0-DD17-4964-8E9A-44D6CECDC692}.Release|Any CPU.ActiveCfg = Release|Any CPU
		{7A0B35C0-DD17-4964-8E9A-44D6CECDC692}.Release|Any CPU.Build.0 = Release|Any CPU
		{BBAECBB8-149A-42EE-A4F4-6207D7954F8B}.Debug|Any CPU.ActiveCfg = Debug|Any CPU
		{BBAECBB8-149A-42EE-A4F4-6207D7954F8B}.Debug|Any CPU.Build.0 = Debug|Any CPU
		{BBAECBB8-149A-42EE-A4F4-6207D7954F8B}.Release|Any CPU.ActiveCfg = Release|Any CPU
		{BBAECBB8-149A-42EE-A4F4-6207D7954F8B}.Release|Any CPU.Build.0 = Release|Any CPU
		{8BC521AD-81CF-4E6C-8898-BE67527E7064}.Debug|Any CPU.ActiveCfg = Debug|Any CPU
		{8BC521AD-81CF-4E6C-8898-BE67527E7064}.Debug|Any CPU.Build.0 = Debug|Any CPU
		{8BC521AD-81CF-4E6C-8898-BE67527E7064}.Release|Any CPU.ActiveCfg = Release|Any CPU
		{8BC521AD-81CF-4E6C-8898-BE67527E7064}.Release|Any CPU.Build.0 = Release|Any CPU
		{FACB89E5-53A5-4748-9F5B-E0714EBB37B2}.Debug|Any CPU.ActiveCfg = Debug|Any CPU
		{FACB89E5-53A5-4748-9F5B-E0714EBB37B2}.Debug|Any CPU.Build.0 = Debug|Any CPU
		{FACB89E5-53A5-4748-9F5B-E0714EBB37B2}.Release|Any CPU.ActiveCfg = Release|Any CPU
		{FACB89E5-53A5-4748-9F5B-E0714EBB37B2}.Release|Any CPU.Build.0 = Release|Any CPU
		{E6218B88-69F5-4E3F-9ABC-93AB82FD77AD}.Debug|Any CPU.ActiveCfg = Debug|Any CPU
		{E6218B88-69F5-4E3F-9ABC-93AB82FD77AD}.Debug|Any CPU.Build.0 = Debug|Any CPU
		{E6218B88-69F5-4E3F-9ABC-93AB82FD77AD}.Release|Any CPU.ActiveCfg = Release|Any CPU
		{E6218B88-69F5-4E3F-9ABC-93AB82FD77AD}.Release|Any CPU.Build.0 = Release|Any CPU
		{EDD7672B-8D5D-459C-A7BE-DBF29F40E0D4}.Debug|Any CPU.ActiveCfg = Debug|Any CPU
		{EDD7672B-8D5D-459C-A7BE-DBF29F40E0D4}.Debug|Any CPU.Build.0 = Debug|Any CPU
		{EDD7672B-8D5D-459C-A7BE-DBF29F40E0D4}.Release|Any CPU.ActiveCfg = Release|Any CPU
		{EDD7672B-8D5D-459C-A7BE-DBF29F40E0D4}.Release|Any CPU.Build.0 = Release|Any CPU
	EndGlobalSection
	GlobalSection(SolutionProperties) = preSolution
		HideSolutionNode = FALSE
	EndGlobalSection
	GlobalSection(NestedProjects) = preSolution
		{BBAECBB8-149A-42EE-A4F4-6207D7954F8B} = {B630CA82-A785-49CA-8FA0-3D3AF4D6626A}
		{FACB89E5-53A5-4748-9F5B-E0714EBB37B2} = {B630CA82-A785-49CA-8FA0-3D3AF4D6626A}
		{EDD7672B-8D5D-459C-A7BE-DBF29F40E0D4} = {B630CA82-A785-49CA-8FA0-3D3AF4D6626A}
	EndGlobalSection
	GlobalSection(ExtensibilityGlobals) = postSolution
		SolutionGuid = {248F16EA-57DA-4799-A5C0-23578EF1FD12}
	EndGlobalSection
EndGlobal
