
Microsoft Visual Studio Solution File, Format Version 12.00
# Visual Studio 2013
VisualStudioVersion = 12.0.31101.0
MinimumVisualStudioVersion = 10.0.40219.1
Project("{FAE04EC0-301F-11D3-BF4B-00C04F79EFBC}") = "OxyPlot.MonoTouch", "OxyPlot.MonoTouch\OxyPlot.MonoTouch.csproj", "{7DCF07B1-B8BD-4EF0-B1FC-2AAC4466B6C6}"
EndProject
Project("{FAE04EC0-301F-11D3-BF4B-00C04F79EFBC}") = "OxyPlot", "OxyPlot\OxyPlot.csproj", "{7A0B35C0-DD17-4964-8E9A-44D6CECDC692}"
EndProject
Project("{FAE04EC0-301F-11D3-BF4B-00C04F79EFBC}") = "OxyPlot.Xamarin.Android", "OxyPlot.Xamarin.Android\OxyPlot.Xamarin.Android.csproj", "{E965BA32-9561-4E2A-ADB0-19487B25A939}"
EndProject
Project("{FAE04EC0-301F-11D3-BF4B-00C04F79EFBC}") = "OxyPlot.Xamarin.iOS", "OxyPlot.Xamarin.iOS\OxyPlot.Xamarin.iOS.csproj", "{017BFF60-40E6-4520-8554-5862A95EF123}"
EndProject
Project("{FAE04EC0-301F-11D3-BF4B-00C04F79EFBC}") = "OxyPlot.WP8", "OxyPlot.WP8\OxyPlot.WP8.csproj", "{66493B76-2850-4035-9449-0E2F95229C48}"
EndProject
Project("{FAE04EC0-301F-11D3-BF4B-00C04F79EFBC}") = "OxyPlot.Xamarin.Forms", "OxyPlot.Xamarin.Forms\OxyPlot.Xamarin.Forms.csproj", "{B63C5F8C-61C8-4E69-93D6-F49F816D3746}"
EndProject
Project("{FAE04EC0-301F-11D3-BF4B-00C04F79EFBC}") = "OxyPlot.Xamarin.Forms.Platform.Android", "OxyPlot.Xamarin.Forms.Platform.Android\OxyPlot.Xamarin.Forms.Platform.Android.csproj", "{A40AD708-3FF5-42FC-92B0-8D93FF1DB58F}"
EndProject
Project("{FAE04EC0-301F-11D3-BF4B-00C04F79EFBC}") = "OxyPlot.Xamarin.Forms.Platform.iOS", "OxyPlot.Xamarin.Forms.Platform.iOS\OxyPlot.Xamarin.Forms.Platform.iOS.csproj", "{6B6E500B-B75C-4A27-A73E-9F4DE5FE6ED3}"
EndProject
Project("{FAE04EC0-301F-11D3-BF4B-00C04F79EFBC}") = "OxyPlot.Xamarin.Forms.Platform.iOS.Classic", "OxyPlot.Xamarin.Forms.Platform.iOS.Classic\OxyPlot.Xamarin.Forms.Platform.iOS.Classic.csproj", "{F9508036-E3C1-4887-8BE6-3C86BC106311}"
EndProject
Project("{FAE04EC0-301F-11D3-BF4B-00C04F79EFBC}") = "OxyPlot.Xamarin.Forms.Platform.WP8", "OxyPlot.Xamarin.Forms.Platform.WP8\OxyPlot.Xamarin.Forms.Platform.WP8.csproj", "{F9BCC093-1351-4219-96DA-C7577037CC4A}"
EndProject
Global
	GlobalSection(SolutionConfigurationPlatforms) = preSolution
		Ad-Hoc|Any CPU = Ad-Hoc|Any CPU
		Ad-Hoc|ARM = Ad-Hoc|ARM
		Ad-Hoc|iPhone = Ad-Hoc|iPhone
		Ad-Hoc|iPhoneSimulator = Ad-Hoc|iPhoneSimulator
		Ad-Hoc|Mixed Platforms = Ad-Hoc|Mixed Platforms
		Ad-Hoc|x64 = Ad-Hoc|x64
		Ad-Hoc|x86 = Ad-Hoc|x86
		AppStore|Any CPU = AppStore|Any CPU
		AppStore|ARM = AppStore|ARM
		AppStore|iPhone = AppStore|iPhone
		AppStore|iPhoneSimulator = AppStore|iPhoneSimulator
		AppStore|Mixed Platforms = AppStore|Mixed Platforms
		AppStore|x64 = AppStore|x64
		AppStore|x86 = AppStore|x86
		Debug|Any CPU = Debug|Any CPU
		Debug|ARM = Debug|ARM
		Debug|iPhone = Debug|iPhone
		Debug|iPhoneSimulator = Debug|iPhoneSimulator
		Debug|Mixed Platforms = Debug|Mixed Platforms
		Debug|x64 = Debug|x64
		Debug|x86 = Debug|x86
		Release|Any CPU = Release|Any CPU
		Release|ARM = Release|ARM
		Release|iPhone = Release|iPhone
		Release|iPhoneSimulator = Release|iPhoneSimulator
		Release|Mixed Platforms = Release|Mixed Platforms
		Release|x64 = Release|x64
		Release|x86 = Release|x86
	EndGlobalSection
	GlobalSection(ProjectConfigurationPlatforms) = postSolution
		{7DCF07B1-B8BD-4EF0-B1FC-2AAC4466B6C6}.Ad-Hoc|Any CPU.ActiveCfg = Release|Any CPU
		{7DCF07B1-B8BD-4EF0-B1FC-2AAC4466B6C6}.Ad-Hoc|Any CPU.Build.0 = Release|Any CPU
		{7DCF07B1-B8BD-4EF0-B1FC-2AAC4466B6C6}.Ad-Hoc|ARM.ActiveCfg = Debug|Any CPU
		{7DCF07B1-B8BD-4EF0-B1FC-2AAC4466B6C6}.Ad-Hoc|iPhone.ActiveCfg = Debug|Any CPU
		{7DCF07B1-B8BD-4EF0-B1FC-2AAC4466B6C6}.Ad-Hoc|iPhone.Build.0 = Debug|Any CPU
		{7DCF07B1-B8BD-4EF0-B1FC-2AAC4466B6C6}.Ad-Hoc|iPhoneSimulator.ActiveCfg = Release|Any CPU
		{7DCF07B1-B8BD-4EF0-B1FC-2AAC4466B6C6}.Ad-Hoc|Mixed Platforms.ActiveCfg = Debug|Any CPU
		{7DCF07B1-B8BD-4EF0-B1FC-2AAC4466B6C6}.Ad-Hoc|Mixed Platforms.Build.0 = Debug|Any CPU
		{7DCF07B1-B8BD-4EF0-B1FC-2AAC4466B6C6}.Ad-Hoc|x64.ActiveCfg = Debug|Any CPU
		{7DCF07B1-B8BD-4EF0-B1FC-2AAC4466B6C6}.Ad-Hoc|x86.ActiveCfg = Debug|Any CPU
		{7DCF07B1-B8BD-4EF0-B1FC-2AAC4466B6C6}.AppStore|Any CPU.ActiveCfg = Release|Any CPU
		{7DCF07B1-B8BD-4EF0-B1FC-2AAC4466B6C6}.AppStore|Any CPU.Build.0 = Release|Any CPU
		{7DCF07B1-B8BD-4EF0-B1FC-2AAC4466B6C6}.AppStore|ARM.ActiveCfg = Debug|Any CPU
		{7DCF07B1-B8BD-4EF0-B1FC-2AAC4466B6C6}.AppStore|iPhone.ActiveCfg = Debug|Any CPU
		{7DCF07B1-B8BD-4EF0-B1FC-2AAC4466B6C6}.AppStore|iPhone.Build.0 = Debug|Any CPU
		{7DCF07B1-B8BD-4EF0-B1FC-2AAC4466B6C6}.AppStore|iPhoneSimulator.ActiveCfg = Release|Any CPU
		{7DCF07B1-B8BD-4EF0-B1FC-2AAC4466B6C6}.AppStore|Mixed Platforms.ActiveCfg = Debug|Any CPU
		{7DCF07B1-B8BD-4EF0-B1FC-2AAC4466B6C6}.AppStore|Mixed Platforms.Build.0 = Debug|Any CPU
		{7DCF07B1-B8BD-4EF0-B1FC-2AAC4466B6C6}.AppStore|x64.ActiveCfg = Debug|Any CPU
		{7DCF07B1-B8BD-4EF0-B1FC-2AAC4466B6C6}.AppStore|x86.ActiveCfg = Debug|Any CPU
		{7DCF07B1-B8BD-4EF0-B1FC-2AAC4466B6C6}.Debug|Any CPU.ActiveCfg = Debug|Any CPU
		{7DCF07B1-B8BD-4EF0-B1FC-2AAC4466B6C6}.Debug|Any CPU.Build.0 = Debug|Any CPU
		{7DCF07B1-B8BD-4EF0-B1FC-2AAC4466B6C6}.Debug|ARM.ActiveCfg = Debug|Any CPU
		{7DCF07B1-B8BD-4EF0-B1FC-2AAC4466B6C6}.Debug|iPhone.ActiveCfg = Debug|Any CPU
		{7DCF07B1-B8BD-4EF0-B1FC-2AAC4466B6C6}.Debug|iPhone.Build.0 = Debug|Any CPU
		{7DCF07B1-B8BD-4EF0-B1FC-2AAC4466B6C6}.Debug|iPhoneSimulator.ActiveCfg = Debug|Any CPU
		{7DCF07B1-B8BD-4EF0-B1FC-2AAC4466B6C6}.Debug|iPhoneSimulator.Build.0 = Debug|Any CPU
		{7DCF07B1-B8BD-4EF0-B1FC-2AAC4466B6C6}.Debug|Mixed Platforms.ActiveCfg = Debug|Any CPU
		{7DCF07B1-B8BD-4EF0-B1FC-2AAC4466B6C6}.Debug|Mixed Platforms.Build.0 = Debug|Any CPU
		{7DCF07B1-B8BD-4EF0-B1FC-2AAC4466B6C6}.Debug|x64.ActiveCfg = Debug|Any CPU
		{7DCF07B1-B8BD-4EF0-B1FC-2AAC4466B6C6}.Debug|x86.ActiveCfg = Debug|Any CPU
		{7DCF07B1-B8BD-4EF0-B1FC-2AAC4466B6C6}.Release|Any CPU.ActiveCfg = Release|Any CPU
		{7DCF07B1-B8BD-4EF0-B1FC-2AAC4466B6C6}.Release|Any CPU.Build.0 = Release|Any CPU
		{7DCF07B1-B8BD-4EF0-B1FC-2AAC4466B6C6}.Release|ARM.ActiveCfg = Release|Any CPU
		{7DCF07B1-B8BD-4EF0-B1FC-2AAC4466B6C6}.Release|iPhone.ActiveCfg = Release|Any CPU
		{7DCF07B1-B8BD-4EF0-B1FC-2AAC4466B6C6}.Release|iPhone.Build.0 = Release|Any CPU
		{7DCF07B1-B8BD-4EF0-B1FC-2AAC4466B6C6}.Release|iPhoneSimulator.ActiveCfg = Release|Any CPU
		{7DCF07B1-B8BD-4EF0-B1FC-2AAC4466B6C6}.Release|iPhoneSimulator.Build.0 = Release|Any CPU
		{7DCF07B1-B8BD-4EF0-B1FC-2AAC4466B6C6}.Release|Mixed Platforms.ActiveCfg = Release|Any CPU
		{7DCF07B1-B8BD-4EF0-B1FC-2AAC4466B6C6}.Release|Mixed Platforms.Build.0 = Release|Any CPU
		{7DCF07B1-B8BD-4EF0-B1FC-2AAC4466B6C6}.Release|x64.ActiveCfg = Release|Any CPU
		{7DCF07B1-B8BD-4EF0-B1FC-2AAC4466B6C6}.Release|x86.ActiveCfg = Release|Any CPU
		{7A0B35C0-DD17-4964-8E9A-44D6CECDC692}.Ad-Hoc|Any CPU.ActiveCfg = Release|Any CPU
		{7A0B35C0-DD17-4964-8E9A-44D6CECDC692}.Ad-Hoc|Any CPU.Build.0 = Release|Any CPU
		{7A0B35C0-DD17-4964-8E9A-44D6CECDC692}.Ad-Hoc|ARM.ActiveCfg = Debug|Any CPU
		{7A0B35C0-DD17-4964-8E9A-44D6CECDC692}.Ad-Hoc|iPhone.ActiveCfg = Debug|Any CPU
		{7A0B35C0-DD17-4964-8E9A-44D6CECDC692}.Ad-Hoc|iPhone.Build.0 = Debug|Any CPU
		{7A0B35C0-DD17-4964-8E9A-44D6CECDC692}.Ad-Hoc|iPhoneSimulator.ActiveCfg = Release|Any CPU
		{7A0B35C0-DD17-4964-8E9A-44D6CECDC692}.Ad-Hoc|Mixed Platforms.ActiveCfg = Debug|Any CPU
		{7A0B35C0-DD17-4964-8E9A-44D6CECDC692}.Ad-Hoc|Mixed Platforms.Build.0 = Debug|Any CPU
		{7A0B35C0-DD17-4964-8E9A-44D6CECDC692}.Ad-Hoc|x64.ActiveCfg = Debug|Any CPU
		{7A0B35C0-DD17-4964-8E9A-44D6CECDC692}.Ad-Hoc|x86.ActiveCfg = Debug|Any CPU
		{7A0B35C0-DD17-4964-8E9A-44D6CECDC692}.AppStore|Any CPU.ActiveCfg = Release|Any CPU
		{7A0B35C0-DD17-4964-8E9A-44D6CECDC692}.AppStore|Any CPU.Build.0 = Release|Any CPU
		{7A0B35C0-DD17-4964-8E9A-44D6CECDC692}.AppStore|ARM.ActiveCfg = Debug|Any CPU
		{7A0B35C0-DD17-4964-8E9A-44D6CECDC692}.AppStore|iPhone.ActiveCfg = Debug|Any CPU
		{7A0B35C0-DD17-4964-8E9A-44D6CECDC692}.AppStore|iPhone.Build.0 = Debug|Any CPU
		{7A0B35C0-DD17-4964-8E9A-44D6CECDC692}.AppStore|iPhoneSimulator.ActiveCfg = Release|Any CPU
		{7A0B35C0-DD17-4964-8E9A-44D6CECDC692}.AppStore|Mixed Platforms.ActiveCfg = Debug|Any CPU
		{7A0B35C0-DD17-4964-8E9A-44D6CECDC692}.AppStore|Mixed Platforms.Build.0 = Debug|Any CPU
		{7A0B35C0-DD17-4964-8E9A-44D6CECDC692}.AppStore|x64.ActiveCfg = Debug|Any CPU
		{7A0B35C0-DD17-4964-8E9A-44D6CECDC692}.AppStore|x86.ActiveCfg = Debug|Any CPU
		{7A0B35C0-DD17-4964-8E9A-44D6CECDC692}.Debug|Any CPU.ActiveCfg = Debug|Any CPU
		{7A0B35C0-DD17-4964-8E9A-44D6CECDC692}.Debug|Any CPU.Build.0 = Debug|Any CPU
		{7A0B35C0-DD17-4964-8E9A-44D6CECDC692}.Debug|ARM.ActiveCfg = Debug|Any CPU
		{7A0B35C0-DD17-4964-8E9A-44D6CECDC692}.Debug|iPhone.ActiveCfg = Debug|Any CPU
		{7A0B35C0-DD17-4964-8E9A-44D6CECDC692}.Debug|iPhone.Build.0 = Debug|Any CPU
		{7A0B35C0-DD17-4964-8E9A-44D6CECDC692}.Debug|iPhoneSimulator.ActiveCfg = Debug|Any CPU
		{7A0B35C0-DD17-4964-8E9A-44D6CECDC692}.Debug|iPhoneSimulator.Build.0 = Debug|Any CPU
		{7A0B35C0-DD17-4964-8E9A-44D6CECDC692}.Debug|Mixed Platforms.ActiveCfg = Debug|Any CPU
		{7A0B35C0-DD17-4964-8E9A-44D6CECDC692}.Debug|Mixed Platforms.Build.0 = Debug|Any CPU
		{7A0B35C0-DD17-4964-8E9A-44D6CECDC692}.Debug|x64.ActiveCfg = Debug|Any CPU
		{7A0B35C0-DD17-4964-8E9A-44D6CECDC692}.Debug|x86.ActiveCfg = Debug|Any CPU
		{7A0B35C0-DD17-4964-8E9A-44D6CECDC692}.Release|Any CPU.ActiveCfg = Release|Any CPU
		{7A0B35C0-DD17-4964-8E9A-44D6CECDC692}.Release|Any CPU.Build.0 = Release|Any CPU
		{7A0B35C0-DD17-4964-8E9A-44D6CECDC692}.Release|ARM.ActiveCfg = Release|Any CPU
		{7A0B35C0-DD17-4964-8E9A-44D6CECDC692}.Release|iPhone.ActiveCfg = Release|Any CPU
		{7A0B35C0-DD17-4964-8E9A-44D6CECDC692}.Release|iPhone.Build.0 = Release|Any CPU
		{7A0B35C0-DD17-4964-8E9A-44D6CECDC692}.Release|iPhoneSimulator.ActiveCfg = Release|Any CPU
		{7A0B35C0-DD17-4964-8E9A-44D6CECDC692}.Release|iPhoneSimulator.Build.0 = Release|Any CPU
		{7A0B35C0-DD17-4964-8E9A-44D6CECDC692}.Release|Mixed Platforms.ActiveCfg = Release|Any CPU
		{7A0B35C0-DD17-4964-8E9A-44D6CECDC692}.Release|Mixed Platforms.Build.0 = Release|Any CPU
		{7A0B35C0-DD17-4964-8E9A-44D6CECDC692}.Release|x64.ActiveCfg = Release|Any CPU
		{7A0B35C0-DD17-4964-8E9A-44D6CECDC692}.Release|x86.ActiveCfg = Release|Any CPU
		{E965BA32-9561-4E2A-ADB0-19487B25A939}.Ad-Hoc|Any CPU.ActiveCfg = Release|Any CPU
		{E965BA32-9561-4E2A-ADB0-19487B25A939}.Ad-Hoc|Any CPU.Build.0 = Release|Any CPU
		{E965BA32-9561-4E2A-ADB0-19487B25A939}.Ad-Hoc|ARM.ActiveCfg = Debug|Any CPU
		{E965BA32-9561-4E2A-ADB0-19487B25A939}.Ad-Hoc|iPhone.ActiveCfg = Release|Any CPU
		{E965BA32-9561-4E2A-ADB0-19487B25A939}.Ad-Hoc|iPhoneSimulator.ActiveCfg = Release|Any CPU
		{E965BA32-9561-4E2A-ADB0-19487B25A939}.Ad-Hoc|Mixed Platforms.ActiveCfg = Release|Any CPU
		{E965BA32-9561-4E2A-ADB0-19487B25A939}.Ad-Hoc|Mixed Platforms.Build.0 = Release|Any CPU
		{E965BA32-9561-4E2A-ADB0-19487B25A939}.Ad-Hoc|x64.ActiveCfg = Debug|Any CPU
		{E965BA32-9561-4E2A-ADB0-19487B25A939}.Ad-Hoc|x86.ActiveCfg = Debug|Any CPU
		{E965BA32-9561-4E2A-ADB0-19487B25A939}.AppStore|Any CPU.ActiveCfg = Release|Any CPU
		{E965BA32-9561-4E2A-ADB0-19487B25A939}.AppStore|Any CPU.Build.0 = Release|Any CPU
		{E965BA32-9561-4E2A-ADB0-19487B25A939}.AppStore|ARM.ActiveCfg = Debug|Any CPU
		{E965BA32-9561-4E2A-ADB0-19487B25A939}.AppStore|iPhone.ActiveCfg = Release|Any CPU
		{E965BA32-9561-4E2A-ADB0-19487B25A939}.AppStore|iPhoneSimulator.ActiveCfg = Release|Any CPU
		{E965BA32-9561-4E2A-ADB0-19487B25A939}.AppStore|Mixed Platforms.ActiveCfg = Release|Any CPU
		{E965BA32-9561-4E2A-ADB0-19487B25A939}.AppStore|Mixed Platforms.Build.0 = Release|Any CPU
		{E965BA32-9561-4E2A-ADB0-19487B25A939}.AppStore|x64.ActiveCfg = Debug|Any CPU
		{E965BA32-9561-4E2A-ADB0-19487B25A939}.AppStore|x86.ActiveCfg = Debug|Any CPU
		{E965BA32-9561-4E2A-ADB0-19487B25A939}.Debug|Any CPU.ActiveCfg = Debug|Any CPU
		{E965BA32-9561-4E2A-ADB0-19487B25A939}.Debug|Any CPU.Build.0 = Debug|Any CPU
		{E965BA32-9561-4E2A-ADB0-19487B25A939}.Debug|ARM.ActiveCfg = Debug|Any CPU
		{E965BA32-9561-4E2A-ADB0-19487B25A939}.Debug|iPhone.ActiveCfg = Debug|Any CPU
		{E965BA32-9561-4E2A-ADB0-19487B25A939}.Debug|iPhoneSimulator.ActiveCfg = Debug|Any CPU
		{E965BA32-9561-4E2A-ADB0-19487B25A939}.Debug|Mixed Platforms.ActiveCfg = Debug|Any CPU
		{E965BA32-9561-4E2A-ADB0-19487B25A939}.Debug|Mixed Platforms.Build.0 = Debug|Any CPU
		{E965BA32-9561-4E2A-ADB0-19487B25A939}.Debug|x64.ActiveCfg = Debug|Any CPU
		{E965BA32-9561-4E2A-ADB0-19487B25A939}.Debug|x86.ActiveCfg = Debug|Any CPU
		{E965BA32-9561-4E2A-ADB0-19487B25A939}.Release|Any CPU.ActiveCfg = Release|Any CPU
		{E965BA32-9561-4E2A-ADB0-19487B25A939}.Release|Any CPU.Build.0 = Release|Any CPU
		{E965BA32-9561-4E2A-ADB0-19487B25A939}.Release|ARM.ActiveCfg = Release|Any CPU
		{E965BA32-9561-4E2A-ADB0-19487B25A939}.Release|iPhone.ActiveCfg = Release|Any CPU
		{E965BA32-9561-4E2A-ADB0-19487B25A939}.Release|iPhoneSimulator.ActiveCfg = Release|Any CPU
		{E965BA32-9561-4E2A-ADB0-19487B25A939}.Release|Mixed Platforms.ActiveCfg = Release|Any CPU
		{E965BA32-9561-4E2A-ADB0-19487B25A939}.Release|Mixed Platforms.Build.0 = Release|Any CPU
		{E965BA32-9561-4E2A-ADB0-19487B25A939}.Release|x64.ActiveCfg = Release|Any CPU
		{E965BA32-9561-4E2A-ADB0-19487B25A939}.Release|x86.ActiveCfg = Release|Any CPU
		{017BFF60-40E6-4520-8554-5862A95EF123}.Ad-Hoc|Any CPU.ActiveCfg = Release|Any CPU
		{017BFF60-40E6-4520-8554-5862A95EF123}.Ad-Hoc|Any CPU.Build.0 = Release|Any CPU
		{017BFF60-40E6-4520-8554-5862A95EF123}.Ad-Hoc|ARM.ActiveCfg = Debug|Any CPU
		{017BFF60-40E6-4520-8554-5862A95EF123}.Ad-Hoc|iPhone.ActiveCfg = Debug|Any CPU
		{017BFF60-40E6-4520-8554-5862A95EF123}.Ad-Hoc|iPhone.Build.0 = Debug|Any CPU
		{017BFF60-40E6-4520-8554-5862A95EF123}.Ad-Hoc|iPhoneSimulator.ActiveCfg = Release|Any CPU
		{017BFF60-40E6-4520-8554-5862A95EF123}.Ad-Hoc|Mixed Platforms.ActiveCfg = Debug|Any CPU
		{017BFF60-40E6-4520-8554-5862A95EF123}.Ad-Hoc|x64.ActiveCfg = Debug|Any CPU
		{017BFF60-40E6-4520-8554-5862A95EF123}.Ad-Hoc|x86.ActiveCfg = Debug|Any CPU
		{017BFF60-40E6-4520-8554-5862A95EF123}.AppStore|Any CPU.ActiveCfg = Release|Any CPU
		{017BFF60-40E6-4520-8554-5862A95EF123}.AppStore|Any CPU.Build.0 = Release|Any CPU
		{017BFF60-40E6-4520-8554-5862A95EF123}.AppStore|ARM.ActiveCfg = Debug|Any CPU
		{017BFF60-40E6-4520-8554-5862A95EF123}.AppStore|iPhone.ActiveCfg = Debug|Any CPU
		{017BFF60-40E6-4520-8554-5862A95EF123}.AppStore|iPhone.Build.0 = Debug|Any CPU
		{017BFF60-40E6-4520-8554-5862A95EF123}.AppStore|iPhoneSimulator.ActiveCfg = Release|Any CPU
		{017BFF60-40E6-4520-8554-5862A95EF123}.AppStore|Mixed Platforms.ActiveCfg = Debug|Any CPU
		{017BFF60-40E6-4520-8554-5862A95EF123}.AppStore|x64.ActiveCfg = Debug|Any CPU
		{017BFF60-40E6-4520-8554-5862A95EF123}.AppStore|x86.ActiveCfg = Debug|Any CPU
		{017BFF60-40E6-4520-8554-5862A95EF123}.Debug|Any CPU.ActiveCfg = Debug|Any CPU
		{017BFF60-40E6-4520-8554-5862A95EF123}.Debug|Any CPU.Build.0 = Debug|Any CPU
		{017BFF60-40E6-4520-8554-5862A95EF123}.Debug|ARM.ActiveCfg = Debug|Any CPU
		{017BFF60-40E6-4520-8554-5862A95EF123}.Debug|iPhone.ActiveCfg = Debug|Any CPU
		{017BFF60-40E6-4520-8554-5862A95EF123}.Debug|iPhone.Build.0 = Debug|Any CPU
		{017BFF60-40E6-4520-8554-5862A95EF123}.Debug|iPhoneSimulator.ActiveCfg = Debug|Any CPU
		{017BFF60-40E6-4520-8554-5862A95EF123}.Debug|iPhoneSimulator.Build.0 = Debug|Any CPU
		{017BFF60-40E6-4520-8554-5862A95EF123}.Debug|Mixed Platforms.ActiveCfg = Debug|Any CPU
		{017BFF60-40E6-4520-8554-5862A95EF123}.Debug|Mixed Platforms.Build.0 = Debug|Any CPU
		{017BFF60-40E6-4520-8554-5862A95EF123}.Debug|x64.ActiveCfg = Debug|Any CPU
		{017BFF60-40E6-4520-8554-5862A95EF123}.Debug|x86.ActiveCfg = Debug|Any CPU
		{017BFF60-40E6-4520-8554-5862A95EF123}.Release|Any CPU.ActiveCfg = Release|Any CPU
		{017BFF60-40E6-4520-8554-5862A95EF123}.Release|Any CPU.Build.0 = Release|Any CPU
		{017BFF60-40E6-4520-8554-5862A95EF123}.Release|ARM.ActiveCfg = Release|Any CPU
		{017BFF60-40E6-4520-8554-5862A95EF123}.Release|iPhone.ActiveCfg = Release|Any CPU
		{017BFF60-40E6-4520-8554-5862A95EF123}.Release|iPhone.Build.0 = Release|Any CPU
		{017BFF60-40E6-4520-8554-5862A95EF123}.Release|iPhoneSimulator.ActiveCfg = Release|Any CPU
		{017BFF60-40E6-4520-8554-5862A95EF123}.Release|Mixed Platforms.ActiveCfg = Release|Any CPU
		{017BFF60-40E6-4520-8554-5862A95EF123}.Release|Mixed Platforms.Build.0 = Release|Any CPU
		{017BFF60-40E6-4520-8554-5862A95EF123}.Release|x64.ActiveCfg = Release|Any CPU
		{017BFF60-40E6-4520-8554-5862A95EF123}.Release|x86.ActiveCfg = Release|Any CPU
		{66493B76-2850-4035-9449-0E2F95229C48}.Ad-Hoc|Any CPU.ActiveCfg = Release|Any CPU
		{66493B76-2850-4035-9449-0E2F95229C48}.Ad-Hoc|ARM.ActiveCfg = Release|ARM
		{66493B76-2850-4035-9449-0E2F95229C48}.Ad-Hoc|ARM.Build.0 = Release|ARM
		{66493B76-2850-4035-9449-0E2F95229C48}.Ad-Hoc|iPhone.ActiveCfg = Release|Any CPU
		{66493B76-2850-4035-9449-0E2F95229C48}.Ad-Hoc|iPhoneSimulator.ActiveCfg = Release|Any CPU
		{66493B76-2850-4035-9449-0E2F95229C48}.Ad-Hoc|Mixed Platforms.ActiveCfg = Release|Any CPU
		{66493B76-2850-4035-9449-0E2F95229C48}.Ad-Hoc|x64.ActiveCfg = Release|Any CPU
		{66493B76-2850-4035-9449-0E2F95229C48}.Ad-Hoc|x86.ActiveCfg = Release|x86
		{66493B76-2850-4035-9449-0E2F95229C48}.Ad-Hoc|x86.Build.0 = Release|x86
		{66493B76-2850-4035-9449-0E2F95229C48}.AppStore|Any CPU.ActiveCfg = Release|Any CPU
		{66493B76-2850-4035-9449-0E2F95229C48}.AppStore|ARM.ActiveCfg = Release|ARM
		{66493B76-2850-4035-9449-0E2F95229C48}.AppStore|ARM.Build.0 = Release|ARM
		{66493B76-2850-4035-9449-0E2F95229C48}.AppStore|iPhone.ActiveCfg = Release|Any CPU
		{66493B76-2850-4035-9449-0E2F95229C48}.AppStore|iPhoneSimulator.ActiveCfg = Release|Any CPU
		{66493B76-2850-4035-9449-0E2F95229C48}.AppStore|Mixed Platforms.ActiveCfg = Release|Any CPU
		{66493B76-2850-4035-9449-0E2F95229C48}.AppStore|x64.ActiveCfg = Release|Any CPU
		{66493B76-2850-4035-9449-0E2F95229C48}.AppStore|x86.ActiveCfg = Release|x86
		{66493B76-2850-4035-9449-0E2F95229C48}.AppStore|x86.Build.0 = Release|x86
		{66493B76-2850-4035-9449-0E2F95229C48}.Debug|Any CPU.ActiveCfg = Debug|Any CPU
		{66493B76-2850-4035-9449-0E2F95229C48}.Debug|Any CPU.Build.0 = Debug|Any CPU
		{66493B76-2850-4035-9449-0E2F95229C48}.Debug|ARM.ActiveCfg = Debug|ARM
		{66493B76-2850-4035-9449-0E2F95229C48}.Debug|ARM.Build.0 = Debug|ARM
		{66493B76-2850-4035-9449-0E2F95229C48}.Debug|iPhone.ActiveCfg = Debug|Any CPU
		{66493B76-2850-4035-9449-0E2F95229C48}.Debug|iPhoneSimulator.ActiveCfg = Debug|Any CPU
		{66493B76-2850-4035-9449-0E2F95229C48}.Debug|Mixed Platforms.ActiveCfg = Debug|Any CPU
		{66493B76-2850-4035-9449-0E2F95229C48}.Debug|Mixed Platforms.Build.0 = Debug|Any CPU
		{66493B76-2850-4035-9449-0E2F95229C48}.Debug|x64.ActiveCfg = Debug|Any CPU
		{66493B76-2850-4035-9449-0E2F95229C48}.Debug|x86.ActiveCfg = Debug|x86
		{66493B76-2850-4035-9449-0E2F95229C48}.Debug|x86.Build.0 = Debug|x86
		{66493B76-2850-4035-9449-0E2F95229C48}.Release|Any CPU.ActiveCfg = Release|Any CPU
		{66493B76-2850-4035-9449-0E2F95229C48}.Release|Any CPU.Build.0 = Release|Any CPU
		{66493B76-2850-4035-9449-0E2F95229C48}.Release|ARM.ActiveCfg = Release|ARM
		{66493B76-2850-4035-9449-0E2F95229C48}.Release|ARM.Build.0 = Release|ARM
		{66493B76-2850-4035-9449-0E2F95229C48}.Release|iPhone.ActiveCfg = Release|Any CPU
		{66493B76-2850-4035-9449-0E2F95229C48}.Release|iPhoneSimulator.ActiveCfg = Release|Any CPU
		{66493B76-2850-4035-9449-0E2F95229C48}.Release|Mixed Platforms.ActiveCfg = Release|Any CPU
		{66493B76-2850-4035-9449-0E2F95229C48}.Release|Mixed Platforms.Build.0 = Release|Any CPU
		{66493B76-2850-4035-9449-0E2F95229C48}.Release|x64.ActiveCfg = Release|Any CPU
		{66493B76-2850-4035-9449-0E2F95229C48}.Release|x86.ActiveCfg = Release|x86
		{66493B76-2850-4035-9449-0E2F95229C48}.Release|x86.Build.0 = Release|x86
		{B63C5F8C-61C8-4E69-93D6-F49F816D3746}.Ad-Hoc|Any CPU.ActiveCfg = Release|Any CPU
		{B63C5F8C-61C8-4E69-93D6-F49F816D3746}.Ad-Hoc|Any CPU.Build.0 = Release|Any CPU
		{B63C5F8C-61C8-4E69-93D6-F49F816D3746}.Ad-Hoc|ARM.ActiveCfg = Release|Any CPU
		{B63C5F8C-61C8-4E69-93D6-F49F816D3746}.Ad-Hoc|iPhone.ActiveCfg = Release|Any CPU
		{B63C5F8C-61C8-4E69-93D6-F49F816D3746}.Ad-Hoc|iPhoneSimulator.ActiveCfg = Release|Any CPU
		{B63C5F8C-61C8-4E69-93D6-F49F816D3746}.Ad-Hoc|Mixed Platforms.ActiveCfg = Release|Any CPU
		{B63C5F8C-61C8-4E69-93D6-F49F816D3746}.Ad-Hoc|Mixed Platforms.Build.0 = Release|Any CPU
		{B63C5F8C-61C8-4E69-93D6-F49F816D3746}.Ad-Hoc|x64.ActiveCfg = Release|Any CPU
		{B63C5F8C-61C8-4E69-93D6-F49F816D3746}.Ad-Hoc|x86.ActiveCfg = Release|Any CPU
		{B63C5F8C-61C8-4E69-93D6-F49F816D3746}.AppStore|Any CPU.ActiveCfg = Release|Any CPU
		{B63C5F8C-61C8-4E69-93D6-F49F816D3746}.AppStore|Any CPU.Build.0 = Release|Any CPU
		{B63C5F8C-61C8-4E69-93D6-F49F816D3746}.AppStore|ARM.ActiveCfg = Release|Any CPU
		{B63C5F8C-61C8-4E69-93D6-F49F816D3746}.AppStore|iPhone.ActiveCfg = Release|Any CPU
		{B63C5F8C-61C8-4E69-93D6-F49F816D3746}.AppStore|iPhoneSimulator.ActiveCfg = Release|Any CPU
		{B63C5F8C-61C8-4E69-93D6-F49F816D3746}.AppStore|Mixed Platforms.ActiveCfg = Release|Any CPU
		{B63C5F8C-61C8-4E69-93D6-F49F816D3746}.AppStore|Mixed Platforms.Build.0 = Release|Any CPU
		{B63C5F8C-61C8-4E69-93D6-F49F816D3746}.AppStore|x64.ActiveCfg = Release|Any CPU
		{B63C5F8C-61C8-4E69-93D6-F49F816D3746}.AppStore|x86.ActiveCfg = Release|Any CPU
		{B63C5F8C-61C8-4E69-93D6-F49F816D3746}.Debug|Any CPU.ActiveCfg = Debug|Any CPU
		{B63C5F8C-61C8-4E69-93D6-F49F816D3746}.Debug|Any CPU.Build.0 = Debug|Any CPU
		{B63C5F8C-61C8-4E69-93D6-F49F816D3746}.Debug|ARM.ActiveCfg = Debug|Any CPU
		{B63C5F8C-61C8-4E69-93D6-F49F816D3746}.Debug|iPhone.ActiveCfg = Debug|Any CPU
		{B63C5F8C-61C8-4E69-93D6-F49F816D3746}.Debug|iPhoneSimulator.ActiveCfg = Debug|Any CPU
		{B63C5F8C-61C8-4E69-93D6-F49F816D3746}.Debug|Mixed Platforms.ActiveCfg = Debug|Any CPU
		{B63C5F8C-61C8-4E69-93D6-F49F816D3746}.Debug|Mixed Platforms.Build.0 = Debug|Any CPU
		{B63C5F8C-61C8-4E69-93D6-F49F816D3746}.Debug|x64.ActiveCfg = Debug|Any CPU
		{B63C5F8C-61C8-4E69-93D6-F49F816D3746}.Debug|x86.ActiveCfg = Debug|Any CPU
		{B63C5F8C-61C8-4E69-93D6-F49F816D3746}.Release|Any CPU.ActiveCfg = Release|Any CPU
		{B63C5F8C-61C8-4E69-93D6-F49F816D3746}.Release|Any CPU.Build.0 = Release|Any CPU
		{B63C5F8C-61C8-4E69-93D6-F49F816D3746}.Release|ARM.ActiveCfg = Release|Any CPU
		{B63C5F8C-61C8-4E69-93D6-F49F816D3746}.Release|iPhone.ActiveCfg = Release|Any CPU
		{B63C5F8C-61C8-4E69-93D6-F49F816D3746}.Release|iPhoneSimulator.ActiveCfg = Release|Any CPU
		{B63C5F8C-61C8-4E69-93D6-F49F816D3746}.Release|Mixed Platforms.ActiveCfg = Release|Any CPU
		{B63C5F8C-61C8-4E69-93D6-F49F816D3746}.Release|Mixed Platforms.Build.0 = Release|Any CPU
		{B63C5F8C-61C8-4E69-93D6-F49F816D3746}.Release|x64.ActiveCfg = Release|Any CPU
		{B63C5F8C-61C8-4E69-93D6-F49F816D3746}.Release|x86.ActiveCfg = Release|Any CPU
		{A40AD708-3FF5-42FC-92B0-8D93FF1DB58F}.Ad-Hoc|Any CPU.ActiveCfg = Release|Any CPU
		{A40AD708-3FF5-42FC-92B0-8D93FF1DB58F}.Ad-Hoc|Any CPU.Build.0 = Release|Any CPU
		{A40AD708-3FF5-42FC-92B0-8D93FF1DB58F}.Ad-Hoc|ARM.ActiveCfg = Release|Any CPU
		{A40AD708-3FF5-42FC-92B0-8D93FF1DB58F}.Ad-Hoc|iPhone.ActiveCfg = Release|Any CPU
		{A40AD708-3FF5-42FC-92B0-8D93FF1DB58F}.Ad-Hoc|iPhoneSimulator.ActiveCfg = Release|Any CPU
		{A40AD708-3FF5-42FC-92B0-8D93FF1DB58F}.Ad-Hoc|Mixed Platforms.ActiveCfg = Release|Any CPU
		{A40AD708-3FF5-42FC-92B0-8D93FF1DB58F}.Ad-Hoc|Mixed Platforms.Build.0 = Release|Any CPU
		{A40AD708-3FF5-42FC-92B0-8D93FF1DB58F}.Ad-Hoc|x64.ActiveCfg = Release|Any CPU
		{A40AD708-3FF5-42FC-92B0-8D93FF1DB58F}.Ad-Hoc|x86.ActiveCfg = Release|Any CPU
		{A40AD708-3FF5-42FC-92B0-8D93FF1DB58F}.AppStore|Any CPU.ActiveCfg = Release|Any CPU
		{A40AD708-3FF5-42FC-92B0-8D93FF1DB58F}.AppStore|Any CPU.Build.0 = Release|Any CPU
		{A40AD708-3FF5-42FC-92B0-8D93FF1DB58F}.AppStore|ARM.ActiveCfg = Release|Any CPU
		{A40AD708-3FF5-42FC-92B0-8D93FF1DB58F}.AppStore|iPhone.ActiveCfg = Release|Any CPU
		{A40AD708-3FF5-42FC-92B0-8D93FF1DB58F}.AppStore|iPhoneSimulator.ActiveCfg = Release|Any CPU
		{A40AD708-3FF5-42FC-92B0-8D93FF1DB58F}.AppStore|Mixed Platforms.ActiveCfg = Release|Any CPU
		{A40AD708-3FF5-42FC-92B0-8D93FF1DB58F}.AppStore|Mixed Platforms.Build.0 = Release|Any CPU
		{A40AD708-3FF5-42FC-92B0-8D93FF1DB58F}.AppStore|x64.ActiveCfg = Release|Any CPU
		{A40AD708-3FF5-42FC-92B0-8D93FF1DB58F}.AppStore|x86.ActiveCfg = Release|Any CPU
		{A40AD708-3FF5-42FC-92B0-8D93FF1DB58F}.Debug|Any CPU.ActiveCfg = Debug|Any CPU
		{A40AD708-3FF5-42FC-92B0-8D93FF1DB58F}.Debug|Any CPU.Build.0 = Debug|Any CPU
		{A40AD708-3FF5-42FC-92B0-8D93FF1DB58F}.Debug|ARM.ActiveCfg = Debug|Any CPU
		{A40AD708-3FF5-42FC-92B0-8D93FF1DB58F}.Debug|iPhone.ActiveCfg = Debug|Any CPU
		{A40AD708-3FF5-42FC-92B0-8D93FF1DB58F}.Debug|iPhoneSimulator.ActiveCfg = Debug|Any CPU
		{A40AD708-3FF5-42FC-92B0-8D93FF1DB58F}.Debug|Mixed Platforms.ActiveCfg = Debug|Any CPU
		{A40AD708-3FF5-42FC-92B0-8D93FF1DB58F}.Debug|Mixed Platforms.Build.0 = Debug|Any CPU
		{A40AD708-3FF5-42FC-92B0-8D93FF1DB58F}.Debug|x64.ActiveCfg = Debug|Any CPU
		{A40AD708-3FF5-42FC-92B0-8D93FF1DB58F}.Debug|x86.ActiveCfg = Debug|Any CPU
		{A40AD708-3FF5-42FC-92B0-8D93FF1DB58F}.Release|Any CPU.ActiveCfg = Release|Any CPU
		{A40AD708-3FF5-42FC-92B0-8D93FF1DB58F}.Release|Any CPU.Build.0 = Release|Any CPU
		{A40AD708-3FF5-42FC-92B0-8D93FF1DB58F}.Release|ARM.ActiveCfg = Release|Any CPU
		{A40AD708-3FF5-42FC-92B0-8D93FF1DB58F}.Release|iPhone.ActiveCfg = Release|Any CPU
		{A40AD708-3FF5-42FC-92B0-8D93FF1DB58F}.Release|iPhoneSimulator.ActiveCfg = Release|Any CPU
		{A40AD708-3FF5-42FC-92B0-8D93FF1DB58F}.Release|Mixed Platforms.ActiveCfg = Release|Any CPU
		{A40AD708-3FF5-42FC-92B0-8D93FF1DB58F}.Release|Mixed Platforms.Build.0 = Release|Any CPU
		{A40AD708-3FF5-42FC-92B0-8D93FF1DB58F}.Release|x64.ActiveCfg = Release|Any CPU
		{A40AD708-3FF5-42FC-92B0-8D93FF1DB58F}.Release|x86.ActiveCfg = Release|Any CPU
		{6B6E500B-B75C-4A27-A73E-9F4DE5FE6ED3}.Ad-Hoc|Any CPU.ActiveCfg = Release|Any CPU
		{6B6E500B-B75C-4A27-A73E-9F4DE5FE6ED3}.Ad-Hoc|Any CPU.Build.0 = Release|Any CPU
		{6B6E500B-B75C-4A27-A73E-9F4DE5FE6ED3}.Ad-Hoc|ARM.ActiveCfg = Release|Any CPU
		{6B6E500B-B75C-4A27-A73E-9F4DE5FE6ED3}.Ad-Hoc|iPhone.ActiveCfg = Release|Any CPU
		{6B6E500B-B75C-4A27-A73E-9F4DE5FE6ED3}.Ad-Hoc|iPhoneSimulator.ActiveCfg = Release|Any CPU
		{6B6E500B-B75C-4A27-A73E-9F4DE5FE6ED3}.Ad-Hoc|Mixed Platforms.ActiveCfg = Release|Any CPU
		{6B6E500B-B75C-4A27-A73E-9F4DE5FE6ED3}.Ad-Hoc|Mixed Platforms.Build.0 = Release|Any CPU
		{6B6E500B-B75C-4A27-A73E-9F4DE5FE6ED3}.Ad-Hoc|x64.ActiveCfg = Release|Any CPU
		{6B6E500B-B75C-4A27-A73E-9F4DE5FE6ED3}.Ad-Hoc|x86.ActiveCfg = Release|Any CPU
		{6B6E500B-B75C-4A27-A73E-9F4DE5FE6ED3}.AppStore|Any CPU.ActiveCfg = Release|Any CPU
		{6B6E500B-B75C-4A27-A73E-9F4DE5FE6ED3}.AppStore|Any CPU.Build.0 = Release|Any CPU
		{6B6E500B-B75C-4A27-A73E-9F4DE5FE6ED3}.AppStore|ARM.ActiveCfg = Release|Any CPU
		{6B6E500B-B75C-4A27-A73E-9F4DE5FE6ED3}.AppStore|iPhone.ActiveCfg = Release|Any CPU
		{6B6E500B-B75C-4A27-A73E-9F4DE5FE6ED3}.AppStore|iPhoneSimulator.ActiveCfg = Release|Any CPU
		{6B6E500B-B75C-4A27-A73E-9F4DE5FE6ED3}.AppStore|Mixed Platforms.ActiveCfg = Release|Any CPU
		{6B6E500B-B75C-4A27-A73E-9F4DE5FE6ED3}.AppStore|Mixed Platforms.Build.0 = Release|Any CPU
		{6B6E500B-B75C-4A27-A73E-9F4DE5FE6ED3}.AppStore|x64.ActiveCfg = Release|Any CPU
		{6B6E500B-B75C-4A27-A73E-9F4DE5FE6ED3}.AppStore|x86.ActiveCfg = Release|Any CPU
		{6B6E500B-B75C-4A27-A73E-9F4DE5FE6ED3}.Debug|Any CPU.ActiveCfg = Debug|Any CPU
		{6B6E500B-B75C-4A27-A73E-9F4DE5FE6ED3}.Debug|Any CPU.Build.0 = Debug|Any CPU
		{6B6E500B-B75C-4A27-A73E-9F4DE5FE6ED3}.Debug|ARM.ActiveCfg = Debug|Any CPU
		{6B6E500B-B75C-4A27-A73E-9F4DE5FE6ED3}.Debug|iPhone.ActiveCfg = Debug|Any CPU
		{6B6E500B-B75C-4A27-A73E-9F4DE5FE6ED3}.Debug|iPhoneSimulator.ActiveCfg = Debug|Any CPU
		{6B6E500B-B75C-4A27-A73E-9F4DE5FE6ED3}.Debug|Mixed Platforms.ActiveCfg = Debug|Any CPU
		{6B6E500B-B75C-4A27-A73E-9F4DE5FE6ED3}.Debug|Mixed Platforms.Build.0 = Debug|Any CPU
		{6B6E500B-B75C-4A27-A73E-9F4DE5FE6ED3}.Debug|x64.ActiveCfg = Debug|Any CPU
		{6B6E500B-B75C-4A27-A73E-9F4DE5FE6ED3}.Debug|x86.ActiveCfg = Debug|Any CPU
		{6B6E500B-B75C-4A27-A73E-9F4DE5FE6ED3}.Release|Any CPU.ActiveCfg = Release|Any CPU
		{6B6E500B-B75C-4A27-A73E-9F4DE5FE6ED3}.Release|Any CPU.Build.0 = Release|Any CPU
		{6B6E500B-B75C-4A27-A73E-9F4DE5FE6ED3}.Release|ARM.ActiveCfg = Release|Any CPU
		{6B6E500B-B75C-4A27-A73E-9F4DE5FE6ED3}.Release|iPhone.ActiveCfg = Release|Any CPU
		{6B6E500B-B75C-4A27-A73E-9F4DE5FE6ED3}.Release|iPhoneSimulator.ActiveCfg = Release|Any CPU
		{6B6E500B-B75C-4A27-A73E-9F4DE5FE6ED3}.Release|Mixed Platforms.ActiveCfg = Release|Any CPU
		{6B6E500B-B75C-4A27-A73E-9F4DE5FE6ED3}.Release|Mixed Platforms.Build.0 = Release|Any CPU
		{6B6E500B-B75C-4A27-A73E-9F4DE5FE6ED3}.Release|x64.ActiveCfg = Release|Any CPU
		{6B6E500B-B75C-4A27-A73E-9F4DE5FE6ED3}.Release|x86.ActiveCfg = Release|Any CPU
		{F9508036-E3C1-4887-8BE6-3C86BC106311}.Ad-Hoc|Any CPU.ActiveCfg = Release|Any CPU
		{F9508036-E3C1-4887-8BE6-3C86BC106311}.Ad-Hoc|Any CPU.Build.0 = Release|Any CPU
		{F9508036-E3C1-4887-8BE6-3C86BC106311}.Ad-Hoc|ARM.ActiveCfg = Release|Any CPU
		{F9508036-E3C1-4887-8BE6-3C86BC106311}.Ad-Hoc|iPhone.ActiveCfg = Release|Any CPU
		{F9508036-E3C1-4887-8BE6-3C86BC106311}.Ad-Hoc|iPhoneSimulator.ActiveCfg = Release|Any CPU
		{F9508036-E3C1-4887-8BE6-3C86BC106311}.Ad-Hoc|Mixed Platforms.ActiveCfg = Release|Any CPU
		{F9508036-E3C1-4887-8BE6-3C86BC106311}.Ad-Hoc|Mixed Platforms.Build.0 = Release|Any CPU
		{F9508036-E3C1-4887-8BE6-3C86BC106311}.Ad-Hoc|x64.ActiveCfg = Release|Any CPU
		{F9508036-E3C1-4887-8BE6-3C86BC106311}.Ad-Hoc|x86.ActiveCfg = Release|Any CPU
		{F9508036-E3C1-4887-8BE6-3C86BC106311}.AppStore|Any CPU.ActiveCfg = Release|Any CPU
		{F9508036-E3C1-4887-8BE6-3C86BC106311}.AppStore|Any CPU.Build.0 = Release|Any CPU
		{F9508036-E3C1-4887-8BE6-3C86BC106311}.AppStore|ARM.ActiveCfg = Release|Any CPU
		{F9508036-E3C1-4887-8BE6-3C86BC106311}.AppStore|iPhone.ActiveCfg = Release|Any CPU
		{F9508036-E3C1-4887-8BE6-3C86BC106311}.AppStore|iPhoneSimulator.ActiveCfg = Release|Any CPU
		{F9508036-E3C1-4887-8BE6-3C86BC106311}.AppStore|Mixed Platforms.ActiveCfg = Release|Any CPU
		{F9508036-E3C1-4887-8BE6-3C86BC106311}.AppStore|Mixed Platforms.Build.0 = Release|Any CPU
		{F9508036-E3C1-4887-8BE6-3C86BC106311}.AppStore|x64.ActiveCfg = Release|Any CPU
		{F9508036-E3C1-4887-8BE6-3C86BC106311}.AppStore|x86.ActiveCfg = Release|Any CPU
		{F9508036-E3C1-4887-8BE6-3C86BC106311}.Debug|Any CPU.ActiveCfg = Debug|Any CPU
		{F9508036-E3C1-4887-8BE6-3C86BC106311}.Debug|Any CPU.Build.0 = Debug|Any CPU
		{F9508036-E3C1-4887-8BE6-3C86BC106311}.Debug|ARM.ActiveCfg = Debug|Any CPU
		{F9508036-E3C1-4887-8BE6-3C86BC106311}.Debug|iPhone.ActiveCfg = Debug|Any CPU
		{F9508036-E3C1-4887-8BE6-3C86BC106311}.Debug|iPhoneSimulator.ActiveCfg = Debug|Any CPU
		{F9508036-E3C1-4887-8BE6-3C86BC106311}.Debug|Mixed Platforms.ActiveCfg = Debug|Any CPU
		{F9508036-E3C1-4887-8BE6-3C86BC106311}.Debug|Mixed Platforms.Build.0 = Debug|Any CPU
		{F9508036-E3C1-4887-8BE6-3C86BC106311}.Debug|x64.ActiveCfg = Debug|Any CPU
		{F9508036-E3C1-4887-8BE6-3C86BC106311}.Debug|x86.ActiveCfg = Debug|Any CPU
		{F9508036-E3C1-4887-8BE6-3C86BC106311}.Release|Any CPU.ActiveCfg = Release|Any CPU
		{F9508036-E3C1-4887-8BE6-3C86BC106311}.Release|Any CPU.Build.0 = Release|Any CPU
		{F9508036-E3C1-4887-8BE6-3C86BC106311}.Release|ARM.ActiveCfg = Release|Any CPU
		{F9508036-E3C1-4887-8BE6-3C86BC106311}.Release|iPhone.ActiveCfg = Release|Any CPU
		{F9508036-E3C1-4887-8BE6-3C86BC106311}.Release|iPhoneSimulator.ActiveCfg = Release|Any CPU
		{F9508036-E3C1-4887-8BE6-3C86BC106311}.Release|Mixed Platforms.ActiveCfg = Release|Any CPU
		{F9508036-E3C1-4887-8BE6-3C86BC106311}.Release|Mixed Platforms.Build.0 = Release|Any CPU
		{F9508036-E3C1-4887-8BE6-3C86BC106311}.Release|x64.ActiveCfg = Release|Any CPU
		{F9508036-E3C1-4887-8BE6-3C86BC106311}.Release|x86.ActiveCfg = Release|Any CPU
		{F9BCC093-1351-4219-96DA-C7577037CC4A}.Ad-Hoc|Any CPU.ActiveCfg = Release|Any CPU
		{F9BCC093-1351-4219-96DA-C7577037CC4A}.Ad-Hoc|Any CPU.Build.0 = Release|Any CPU
		{F9BCC093-1351-4219-96DA-C7577037CC4A}.Ad-Hoc|ARM.ActiveCfg = Release|ARM
		{F9BCC093-1351-4219-96DA-C7577037CC4A}.Ad-Hoc|ARM.Build.0 = Release|ARM
		{F9BCC093-1351-4219-96DA-C7577037CC4A}.Ad-Hoc|iPhone.ActiveCfg = Release|Any CPU
		{F9BCC093-1351-4219-96DA-C7577037CC4A}.Ad-Hoc|iPhoneSimulator.ActiveCfg = Release|Any CPU
		{F9BCC093-1351-4219-96DA-C7577037CC4A}.Ad-Hoc|Mixed Platforms.ActiveCfg = Release|x86
		{F9BCC093-1351-4219-96DA-C7577037CC4A}.Ad-Hoc|Mixed Platforms.Build.0 = Release|x86
		{F9BCC093-1351-4219-96DA-C7577037CC4A}.Ad-Hoc|x64.ActiveCfg = Release|Any CPU
		{F9BCC093-1351-4219-96DA-C7577037CC4A}.Ad-Hoc|x86.ActiveCfg = Release|x86
		{F9BCC093-1351-4219-96DA-C7577037CC4A}.Ad-Hoc|x86.Build.0 = Release|x86
		{F9BCC093-1351-4219-96DA-C7577037CC4A}.AppStore|Any CPU.ActiveCfg = Release|Any CPU
		{F9BCC093-1351-4219-96DA-C7577037CC4A}.AppStore|Any CPU.Build.0 = Release|Any CPU
		{F9BCC093-1351-4219-96DA-C7577037CC4A}.AppStore|ARM.ActiveCfg = Release|ARM
		{F9BCC093-1351-4219-96DA-C7577037CC4A}.AppStore|ARM.Build.0 = Release|ARM
		{F9BCC093-1351-4219-96DA-C7577037CC4A}.AppStore|iPhone.ActiveCfg = Release|Any CPU
		{F9BCC093-1351-4219-96DA-C7577037CC4A}.AppStore|iPhoneSimulator.ActiveCfg = Release|Any CPU
		{F9BCC093-1351-4219-96DA-C7577037CC4A}.AppStore|Mixed Platforms.ActiveCfg = Release|x86
		{F9BCC093-1351-4219-96DA-C7577037CC4A}.AppStore|Mixed Platforms.Build.0 = Release|x86
		{F9BCC093-1351-4219-96DA-C7577037CC4A}.AppStore|x64.ActiveCfg = Release|Any CPU
		{F9BCC093-1351-4219-96DA-C7577037CC4A}.AppStore|x86.ActiveCfg = Release|x86
		{F9BCC093-1351-4219-96DA-C7577037CC4A}.AppStore|x86.Build.0 = Release|x86
		{F9BCC093-1351-4219-96DA-C7577037CC4A}.Debug|Any CPU.ActiveCfg = Debug|Any CPU
		{F9BCC093-1351-4219-96DA-C7577037CC4A}.Debug|Any CPU.Build.0 = Debug|Any CPU
		{F9BCC093-1351-4219-96DA-C7577037CC4A}.Debug|ARM.ActiveCfg = Debug|ARM
		{F9BCC093-1351-4219-96DA-C7577037CC4A}.Debug|ARM.Build.0 = Debug|ARM
		{F9BCC093-1351-4219-96DA-C7577037CC4A}.Debug|iPhone.ActiveCfg = Debug|Any CPU
		{F9BCC093-1351-4219-96DA-C7577037CC4A}.Debug|iPhoneSimulator.ActiveCfg = Debug|Any CPU
		{F9BCC093-1351-4219-96DA-C7577037CC4A}.Debug|Mixed Platforms.ActiveCfg = Debug|Any CPU
		{F9BCC093-1351-4219-96DA-C7577037CC4A}.Debug|Mixed Platforms.Build.0 = Debug|Any CPU
		{F9BCC093-1351-4219-96DA-C7577037CC4A}.Debug|x64.ActiveCfg = Debug|Any CPU
		{F9BCC093-1351-4219-96DA-C7577037CC4A}.Debug|x86.ActiveCfg = Debug|x86
		{F9BCC093-1351-4219-96DA-C7577037CC4A}.Debug|x86.Build.0 = Debug|x86
		{F9BCC093-1351-4219-96DA-C7577037CC4A}.Release|Any CPU.ActiveCfg = Release|Any CPU
		{F9BCC093-1351-4219-96DA-C7577037CC4A}.Release|Any CPU.Build.0 = Release|Any CPU
		{F9BCC093-1351-4219-96DA-C7577037CC4A}.Release|ARM.ActiveCfg = Release|ARM
		{F9BCC093-1351-4219-96DA-C7577037CC4A}.Release|ARM.Build.0 = Release|ARM
		{F9BCC093-1351-4219-96DA-C7577037CC4A}.Release|iPhone.ActiveCfg = Release|Any CPU
		{F9BCC093-1351-4219-96DA-C7577037CC4A}.Release|iPhoneSimulator.ActiveCfg = Release|Any CPU
		{F9BCC093-1351-4219-96DA-C7577037CC4A}.Release|Mixed Platforms.ActiveCfg = Release|Any CPU
		{F9BCC093-1351-4219-96DA-C7577037CC4A}.Release|Mixed Platforms.Build.0 = Release|Any CPU
		{F9BCC093-1351-4219-96DA-C7577037CC4A}.Release|x64.ActiveCfg = Release|Any CPU
		{F9BCC093-1351-4219-96DA-C7577037CC4A}.Release|x86.ActiveCfg = Release|x86
		{F9BCC093-1351-4219-96DA-C7577037CC4A}.Release|x86.Build.0 = Release|x86
	EndGlobalSection
	GlobalSection(SolutionProperties) = preSolution
		HideSolutionNode = FALSE
	EndGlobalSection
	GlobalSection(MonoDevelopProperties) = preSolution
		StartupItem = Examples\XamarinIOS\ExampleBrowser\ExampleBrowser.csproj
	EndGlobalSection
EndGlobal
