
Microsoft Visual Studio Solution File, Format Version 12.00
# Visual Studio 2013
VisualStudioVersion = 12.0.30723.0
MinimumVisualStudioVersion = 10.0.40219.1
Project("{FAE04EC0-301F-11D3-BF4B-00C04F79EFBC}") = "OxyPlot.XamarinIOS", "OxyPlot.XamarinIOS\OxyPlot.XamarinIOS.csproj", "{7DCF07B1-B8BD-4EF0-B1FC-2AAC4466B6C6}"
EndProject
Project("{FAE04EC0-301F-11D3-BF4B-00C04F79EFBC}") = "OxyPlot", "OxyPlot\OxyPlot.csproj", "{7A0B35C0-DD17-4964-8E9A-44D6CECDC692}"
EndProject
Project("{2150E333-8FDC-42A3-9474-1A3956D46DE8}") = "4 Examples", "4 Examples", "{0AB67A65-9645-4DF6-98A2-D5734D212E7C}"
EndProject
Project("{FAE04EC0-301F-11D3-BF4B-00C04F79EFBC}") = "ExampleLibrary", "Examples\ExampleLibrary\ExampleLibrary.csproj", "{FACB89E5-53A5-4748-9F5B-E0714EBB37B2}"
EndProject
Project("{FAE04EC0-301F-11D3-BF4B-00C04F79EFBC}") = "SimpleDemo", "Examples\XamarinForms\SimpleDemo\SimpleDemo.csproj", "{395204C5-2154-4301-AF53-D0C85F1A9ADF}"
EndProject
Project("{FAE04EC0-301F-11D3-BF4B-00C04F79EFBC}") = "SimpleDemo.iOS", "Examples\XamarinForms\SimpleDemo.iOS\SimpleDemo.iOS.csproj", "{01F43925-B702-45B4-8287-2D3F1FFC116A}"
EndProject
Project("{FAE04EC0-301F-11D3-BF4B-00C04F79EFBC}") = "SimpleDemo.Android", "Examples\XamarinForms\SimpleDemo.Android\SimpleDemo.Android.csproj", "{3D962785-EFE4-495E-A529-E4DF069AEC1D}"
EndProject
Project("{FAE04EC0-301F-11D3-BF4B-00C04F79EFBC}") = "OxyPlot.XamarinForms", "OxyPlot.XamarinForms\OxyPlot.XamarinForms.csproj", "{B63C5F8C-61C8-4E69-93D6-F49F816D3746}"
EndProject
Project("{FAE04EC0-301F-11D3-BF4B-00C04F79EFBC}") = "OxyPlot.XamarinFormsIOS", "OxyPlot.XamarinFormsIOS\OxyPlot.XamarinFormsIOS.csproj", "{F9508036-E3C1-4887-8BE6-3C86BC106311}"
EndProject
Project("{FAE04EC0-301F-11D3-BF4B-00C04F79EFBC}") = "OxyPlot.XamarinFormsAndroid", "OxyPlot.XamarinFormsAndroid\OxyPlot.XamarinFormsAndroid.csproj", "{A40AD708-3FF5-42FC-92B0-8D93FF1DB58F}"
EndProject
Project("{FAE04EC0-301F-11D3-BF4B-00C04F79EFBC}") = "OxyPlot.XamarinAndroid", "OxyPlot.XamarinAndroid\OxyPlot.XamarinAndroid.csproj", "{E965BA32-9561-4E2A-ADB0-19487B25A939}"
EndProject
Project("{FAE04EC0-301F-11D3-BF4B-00C04F79EFBC}") = "SimpleDemo.WinPhone", "Examples\XamarinForms\SimpleDemo.WinPhone\SimpleDemo.WinPhone.csproj", "{0D6206FD-4306-49B8-B080-B19277D4FD9C}"
EndProject
Project("{FAE04EC0-301F-11D3-BF4B-00C04F79EFBC}") = "OxyPlot.XamarinFormsWinPhone", "OxyPlot.XamarinFormsWinPhone\OxyPlot.XamarinFormsWinPhone.csproj", "{F9BCC093-1351-4219-96DA-C7577037CC4A}"
EndProject
Project("{FAE04EC0-301F-11D3-BF4B-00C04F79EFBC}") = "OxyPlot.WP8", "OxyPlot.WP8\OxyPlot.WP8.csproj", "{66493B76-2850-4035-9449-0E2F95229C48}"
EndProject
Project("{2150E333-8FDC-42A3-9474-1A3956D46DE8}") = "3 Xamarin.Forms", "3 Xamarin.Forms", "{B0654A14-51FF-4DAC-A2CB-A6B9D269B9CA}"
EndProject
Project("{2150E333-8FDC-42A3-9474-1A3956D46DE8}") = "2 Native", "2 Native", "{2137DFE4-114E-45AE-BBCD-6A454D1BF82C}"
EndProject
Project("{2150E333-8FDC-42A3-9474-1A3956D46DE8}") = "1 Core", "1 Core", "{9B92DDD5-408E-4449-94C5-70D713FB3677}"
EndProject
Project("{FAE04EC0-301F-11D3-BF4B-00C04F79EFBC}") = "OxyPlot.Xamarin.iOS", "OxyPlot.Xamarin.iOS\OxyPlot.Xamarin.iOS.csproj", "{017BFF60-40E6-4520-8554-5862A95EF123}"
EndProject
Project("{FAE04EC0-301F-11D3-BF4B-00C04F79EFBC}") = "OxyPlot.XamarinForms.iOS", "OxyPlot.XamarinForms.iOS\OxyPlot.XamarinForms.iOS.csproj", "{6B6E500B-B75C-4A27-A73E-9F4DE5FE6ED3}"
EndProject
Global
	GlobalSection(SolutionConfigurationPlatforms) = preSolution
		Ad-Hoc|Any CPU = Ad-Hoc|Any CPU
		Ad-Hoc|ARM = Ad-Hoc|ARM
		Ad-Hoc|iPhone = Ad-Hoc|iPhone
		Ad-Hoc|iPhoneSimulator = Ad-Hoc|iPhoneSimulator
		Ad-Hoc|Mixed Platforms = Ad-Hoc|Mixed Platforms
		Ad-Hoc|x86 = Ad-Hoc|x86
		AppStore|Any CPU = AppStore|Any CPU
		AppStore|ARM = AppStore|ARM
		AppStore|iPhone = AppStore|iPhone
		AppStore|iPhoneSimulator = AppStore|iPhoneSimulator
		AppStore|Mixed Platforms = AppStore|Mixed Platforms
		AppStore|x86 = AppStore|x86
		Debug|Any CPU = Debug|Any CPU
		Debug|ARM = Debug|ARM
		Debug|iPhone = Debug|iPhone
		Debug|iPhoneSimulator = Debug|iPhoneSimulator
		Debug|Mixed Platforms = Debug|Mixed Platforms
		Debug|x86 = Debug|x86
		Release|Any CPU = Release|Any CPU
		Release|ARM = Release|ARM
		Release|iPhone = Release|iPhone
		Release|iPhoneSimulator = Release|iPhoneSimulator
		Release|Mixed Platforms = Release|Mixed Platforms
		Release|x86 = Release|x86
	EndGlobalSection
	GlobalSection(ProjectConfigurationPlatforms) = postSolution
		{7DCF07B1-B8BD-4EF0-B1FC-2AAC4466B6C6}.Ad-Hoc|Any CPU.ActiveCfg = Release|Any CPU
		{7DCF07B1-B8BD-4EF0-B1FC-2AAC4466B6C6}.Ad-Hoc|Any CPU.Build.0 = Release|Any CPU
		{7DCF07B1-B8BD-4EF0-B1FC-2AAC4466B6C6}.Ad-Hoc|ARM.ActiveCfg = Debug|Any CPU
		{7DCF07B1-B8BD-4EF0-B1FC-2AAC4466B6C6}.Ad-Hoc|iPhone.ActiveCfg = Debug|Any CPU
		{7DCF07B1-B8BD-4EF0-B1FC-2AAC4466B6C6}.Ad-Hoc|iPhone.Build.0 = Debug|Any CPU
		{7DCF07B1-B8BD-4EF0-B1FC-2AAC4466B6C6}.Ad-Hoc|iPhoneSimulator.ActiveCfg = Release|Any CPU
		{7DCF07B1-B8BD-4EF0-B1FC-2AAC4466B6C6}.Ad-Hoc|Mixed Platforms.ActiveCfg = Debug|Any CPU
		{7DCF07B1-B8BD-4EF0-B1FC-2AAC4466B6C6}.Ad-Hoc|Mixed Platforms.Build.0 = Debug|Any CPU
		{7DCF07B1-B8BD-4EF0-B1FC-2AAC4466B6C6}.Ad-Hoc|x86.ActiveCfg = Debug|Any CPU
		{7DCF07B1-B8BD-4EF0-B1FC-2AAC4466B6C6}.AppStore|Any CPU.ActiveCfg = Release|Any CPU
		{7DCF07B1-B8BD-4EF0-B1FC-2AAC4466B6C6}.AppStore|Any CPU.Build.0 = Release|Any CPU
		{7DCF07B1-B8BD-4EF0-B1FC-2AAC4466B6C6}.AppStore|ARM.ActiveCfg = Debug|Any CPU
		{7DCF07B1-B8BD-4EF0-B1FC-2AAC4466B6C6}.AppStore|iPhone.ActiveCfg = Debug|Any CPU
		{7DCF07B1-B8BD-4EF0-B1FC-2AAC4466B6C6}.AppStore|iPhone.Build.0 = Debug|Any CPU
		{7DCF07B1-B8BD-4EF0-B1FC-2AAC4466B6C6}.AppStore|iPhoneSimulator.ActiveCfg = Release|Any CPU
		{7DCF07B1-B8BD-4EF0-B1FC-2AAC4466B6C6}.AppStore|Mixed Platforms.ActiveCfg = Debug|Any CPU
		{7DCF07B1-B8BD-4EF0-B1FC-2AAC4466B6C6}.AppStore|Mixed Platforms.Build.0 = Debug|Any CPU
		{7DCF07B1-B8BD-4EF0-B1FC-2AAC4466B6C6}.AppStore|x86.ActiveCfg = Debug|Any CPU
		{7DCF07B1-B8BD-4EF0-B1FC-2AAC4466B6C6}.Debug|Any CPU.ActiveCfg = Debug|Any CPU
		{7DCF07B1-B8BD-4EF0-B1FC-2AAC4466B6C6}.Debug|Any CPU.Build.0 = Debug|Any CPU
		{7DCF07B1-B8BD-4EF0-B1FC-2AAC4466B6C6}.Debug|ARM.ActiveCfg = Debug|Any CPU
		{7DCF07B1-B8BD-4EF0-B1FC-2AAC4466B6C6}.Debug|iPhone.ActiveCfg = Debug|Any CPU
		{7DCF07B1-B8BD-4EF0-B1FC-2AAC4466B6C6}.Debug|iPhone.Build.0 = Debug|Any CPU
		{7DCF07B1-B8BD-4EF0-B1FC-2AAC4466B6C6}.Debug|iPhoneSimulator.ActiveCfg = Debug|Any CPU
		{7DCF07B1-B8BD-4EF0-B1FC-2AAC4466B6C6}.Debug|iPhoneSimulator.Build.0 = Debug|Any CPU
		{7DCF07B1-B8BD-4EF0-B1FC-2AAC4466B6C6}.Debug|Mixed Platforms.ActiveCfg = Debug|Any CPU
		{7DCF07B1-B8BD-4EF0-B1FC-2AAC4466B6C6}.Debug|Mixed Platforms.Build.0 = Debug|Any CPU
		{7DCF07B1-B8BD-4EF0-B1FC-2AAC4466B6C6}.Debug|x86.ActiveCfg = Debug|Any CPU
		{7DCF07B1-B8BD-4EF0-B1FC-2AAC4466B6C6}.Release|Any CPU.ActiveCfg = Release|Any CPU
		{7DCF07B1-B8BD-4EF0-B1FC-2AAC4466B6C6}.Release|Any CPU.Build.0 = Release|Any CPU
		{7DCF07B1-B8BD-4EF0-B1FC-2AAC4466B6C6}.Release|ARM.ActiveCfg = Release|Any CPU
		{7DCF07B1-B8BD-4EF0-B1FC-2AAC4466B6C6}.Release|iPhone.ActiveCfg = Release|Any CPU
		{7DCF07B1-B8BD-4EF0-B1FC-2AAC4466B6C6}.Release|iPhone.Build.0 = Release|Any CPU
		{7DCF07B1-B8BD-4EF0-B1FC-2AAC4466B6C6}.Release|iPhoneSimulator.ActiveCfg = Release|Any CPU
		{7DCF07B1-B8BD-4EF0-B1FC-2AAC4466B6C6}.Release|iPhoneSimulator.Build.0 = Release|Any CPU
		{7DCF07B1-B8BD-4EF0-B1FC-2AAC4466B6C6}.Release|Mixed Platforms.ActiveCfg = Release|Any CPU
		{7DCF07B1-B8BD-4EF0-B1FC-2AAC4466B6C6}.Release|Mixed Platforms.Build.0 = Release|Any CPU
		{7DCF07B1-B8BD-4EF0-B1FC-2AAC4466B6C6}.Release|x86.ActiveCfg = Release|Any CPU
		{7A0B35C0-DD17-4964-8E9A-44D6CECDC692}.Ad-Hoc|Any CPU.ActiveCfg = Release|Any CPU
		{7A0B35C0-DD17-4964-8E9A-44D6CECDC692}.Ad-Hoc|Any CPU.Build.0 = Release|Any CPU
		{7A0B35C0-DD17-4964-8E9A-44D6CECDC692}.Ad-Hoc|ARM.ActiveCfg = Debug|Any CPU
		{7A0B35C0-DD17-4964-8E9A-44D6CECDC692}.Ad-Hoc|iPhone.ActiveCfg = Debug|Any CPU
		{7A0B35C0-DD17-4964-8E9A-44D6CECDC692}.Ad-Hoc|iPhone.Build.0 = Debug|Any CPU
		{7A0B35C0-DD17-4964-8E9A-44D6CECDC692}.Ad-Hoc|iPhoneSimulator.ActiveCfg = Release|Any CPU
		{7A0B35C0-DD17-4964-8E9A-44D6CECDC692}.Ad-Hoc|Mixed Platforms.ActiveCfg = Debug|Any CPU
		{7A0B35C0-DD17-4964-8E9A-44D6CECDC692}.Ad-Hoc|Mixed Platforms.Build.0 = Debug|Any CPU
		{7A0B35C0-DD17-4964-8E9A-44D6CECDC692}.Ad-Hoc|x86.ActiveCfg = Debug|Any CPU
		{7A0B35C0-DD17-4964-8E9A-44D6CECDC692}.AppStore|Any CPU.ActiveCfg = Release|Any CPU
		{7A0B35C0-DD17-4964-8E9A-44D6CECDC692}.AppStore|Any CPU.Build.0 = Release|Any CPU
		{7A0B35C0-DD17-4964-8E9A-44D6CECDC692}.AppStore|ARM.ActiveCfg = Debug|Any CPU
		{7A0B35C0-DD17-4964-8E9A-44D6CECDC692}.AppStore|iPhone.ActiveCfg = Debug|Any CPU
		{7A0B35C0-DD17-4964-8E9A-44D6CECDC692}.AppStore|iPhone.Build.0 = Debug|Any CPU
		{7A0B35C0-DD17-4964-8E9A-44D6CECDC692}.AppStore|iPhoneSimulator.ActiveCfg = Release|Any CPU
		{7A0B35C0-DD17-4964-8E9A-44D6CECDC692}.AppStore|Mixed Platforms.ActiveCfg = Debug|Any CPU
		{7A0B35C0-DD17-4964-8E9A-44D6CECDC692}.AppStore|Mixed Platforms.Build.0 = Debug|Any CPU
		{7A0B35C0-DD17-4964-8E9A-44D6CECDC692}.AppStore|x86.ActiveCfg = Debug|Any CPU
		{7A0B35C0-DD17-4964-8E9A-44D6CECDC692}.Debug|Any CPU.ActiveCfg = Debug|Any CPU
		{7A0B35C0-DD17-4964-8E9A-44D6CECDC692}.Debug|Any CPU.Build.0 = Debug|Any CPU
		{7A0B35C0-DD17-4964-8E9A-44D6CECDC692}.Debug|ARM.ActiveCfg = Debug|Any CPU
		{7A0B35C0-DD17-4964-8E9A-44D6CECDC692}.Debug|iPhone.ActiveCfg = Debug|Any CPU
		{7A0B35C0-DD17-4964-8E9A-44D6CECDC692}.Debug|iPhone.Build.0 = Debug|Any CPU
		{7A0B35C0-DD17-4964-8E9A-44D6CECDC692}.Debug|iPhoneSimulator.ActiveCfg = Debug|Any CPU
		{7A0B35C0-DD17-4964-8E9A-44D6CECDC692}.Debug|iPhoneSimulator.Build.0 = Debug|Any CPU
		{7A0B35C0-DD17-4964-8E9A-44D6CECDC692}.Debug|Mixed Platforms.ActiveCfg = Debug|Any CPU
		{7A0B35C0-DD17-4964-8E9A-44D6CECDC692}.Debug|Mixed Platforms.Build.0 = Debug|Any CPU
		{7A0B35C0-DD17-4964-8E9A-44D6CECDC692}.Debug|x86.ActiveCfg = Debug|Any CPU
		{7A0B35C0-DD17-4964-8E9A-44D6CECDC692}.Release|Any CPU.ActiveCfg = Release|Any CPU
		{7A0B35C0-DD17-4964-8E9A-44D6CECDC692}.Release|Any CPU.Build.0 = Release|Any CPU
		{7A0B35C0-DD17-4964-8E9A-44D6CECDC692}.Release|ARM.ActiveCfg = Release|Any CPU
		{7A0B35C0-DD17-4964-8E9A-44D6CECDC692}.Release|iPhone.ActiveCfg = Release|Any CPU
		{7A0B35C0-DD17-4964-8E9A-44D6CECDC692}.Release|iPhone.Build.0 = Release|Any CPU
		{7A0B35C0-DD17-4964-8E9A-44D6CECDC692}.Release|iPhoneSimulator.ActiveCfg = Release|Any CPU
		{7A0B35C0-DD17-4964-8E9A-44D6CECDC692}.Release|iPhoneSimulator.Build.0 = Release|Any CPU
		{7A0B35C0-DD17-4964-8E9A-44D6CECDC692}.Release|Mixed Platforms.ActiveCfg = Release|Any CPU
		{7A0B35C0-DD17-4964-8E9A-44D6CECDC692}.Release|Mixed Platforms.Build.0 = Release|Any CPU
		{7A0B35C0-DD17-4964-8E9A-44D6CECDC692}.Release|x86.ActiveCfg = Release|Any CPU
		{FACB89E5-53A5-4748-9F5B-E0714EBB37B2}.Ad-Hoc|Any CPU.ActiveCfg = Release|Any CPU
		{FACB89E5-53A5-4748-9F5B-E0714EBB37B2}.Ad-Hoc|Any CPU.Build.0 = Release|Any CPU
		{FACB89E5-53A5-4748-9F5B-E0714EBB37B2}.Ad-Hoc|ARM.ActiveCfg = Debug|Any CPU
		{FACB89E5-53A5-4748-9F5B-E0714EBB37B2}.Ad-Hoc|iPhone.ActiveCfg = Debug|Any CPU
		{FACB89E5-53A5-4748-9F5B-E0714EBB37B2}.Ad-Hoc|iPhone.Build.0 = Debug|Any CPU
		{FACB89E5-53A5-4748-9F5B-E0714EBB37B2}.Ad-Hoc|iPhoneSimulator.ActiveCfg = Release|Any CPU
		{FACB89E5-53A5-4748-9F5B-E0714EBB37B2}.Ad-Hoc|Mixed Platforms.ActiveCfg = Debug|Any CPU
		{FACB89E5-53A5-4748-9F5B-E0714EBB37B2}.Ad-Hoc|Mixed Platforms.Build.0 = Debug|Any CPU
		{FACB89E5-53A5-4748-9F5B-E0714EBB37B2}.Ad-Hoc|x86.ActiveCfg = Debug|Any CPU
		{FACB89E5-53A5-4748-9F5B-E0714EBB37B2}.AppStore|Any CPU.ActiveCfg = Release|Any CPU
		{FACB89E5-53A5-4748-9F5B-E0714EBB37B2}.AppStore|Any CPU.Build.0 = Release|Any CPU
		{FACB89E5-53A5-4748-9F5B-E0714EBB37B2}.AppStore|ARM.ActiveCfg = Debug|Any CPU
		{FACB89E5-53A5-4748-9F5B-E0714EBB37B2}.AppStore|iPhone.ActiveCfg = Debug|Any CPU
		{FACB89E5-53A5-4748-9F5B-E0714EBB37B2}.AppStore|iPhone.Build.0 = Debug|Any CPU
		{FACB89E5-53A5-4748-9F5B-E0714EBB37B2}.AppStore|iPhoneSimulator.ActiveCfg = Release|Any CPU
		{FACB89E5-53A5-4748-9F5B-E0714EBB37B2}.AppStore|Mixed Platforms.ActiveCfg = Debug|Any CPU
		{FACB89E5-53A5-4748-9F5B-E0714EBB37B2}.AppStore|Mixed Platforms.Build.0 = Debug|Any CPU
		{FACB89E5-53A5-4748-9F5B-E0714EBB37B2}.AppStore|x86.ActiveCfg = Debug|Any CPU
		{FACB89E5-53A5-4748-9F5B-E0714EBB37B2}.Debug|Any CPU.ActiveCfg = Debug|Any CPU
		{FACB89E5-53A5-4748-9F5B-E0714EBB37B2}.Debug|Any CPU.Build.0 = Debug|Any CPU
		{FACB89E5-53A5-4748-9F5B-E0714EBB37B2}.Debug|ARM.ActiveCfg = Debug|Any CPU
		{FACB89E5-53A5-4748-9F5B-E0714EBB37B2}.Debug|iPhone.ActiveCfg = Debug|Any CPU
		{FACB89E5-53A5-4748-9F5B-E0714EBB37B2}.Debug|iPhone.Build.0 = Debug|Any CPU
		{FACB89E5-53A5-4748-9F5B-E0714EBB37B2}.Debug|iPhoneSimulator.ActiveCfg = Debug|Any CPU
		{FACB89E5-53A5-4748-9F5B-E0714EBB37B2}.Debug|iPhoneSimulator.Build.0 = Debug|Any CPU
		{FACB89E5-53A5-4748-9F5B-E0714EBB37B2}.Debug|Mixed Platforms.ActiveCfg = Debug|Any CPU
		{FACB89E5-53A5-4748-9F5B-E0714EBB37B2}.Debug|Mixed Platforms.Build.0 = Debug|Any CPU
		{FACB89E5-53A5-4748-9F5B-E0714EBB37B2}.Debug|x86.ActiveCfg = Debug|Any CPU
		{FACB89E5-53A5-4748-9F5B-E0714EBB37B2}.Release|Any CPU.ActiveCfg = Release|Any CPU
		{FACB89E5-53A5-4748-9F5B-E0714EBB37B2}.Release|Any CPU.Build.0 = Release|Any CPU
		{FACB89E5-53A5-4748-9F5B-E0714EBB37B2}.Release|ARM.ActiveCfg = Release|Any CPU
		{FACB89E5-53A5-4748-9F5B-E0714EBB37B2}.Release|iPhone.ActiveCfg = Release|Any CPU
		{FACB89E5-53A5-4748-9F5B-E0714EBB37B2}.Release|iPhone.Build.0 = Release|Any CPU
		{FACB89E5-53A5-4748-9F5B-E0714EBB37B2}.Release|iPhoneSimulator.ActiveCfg = Release|Any CPU
		{FACB89E5-53A5-4748-9F5B-E0714EBB37B2}.Release|iPhoneSimulator.Build.0 = Release|Any CPU
		{FACB89E5-53A5-4748-9F5B-E0714EBB37B2}.Release|Mixed Platforms.ActiveCfg = Release|Any CPU
		{FACB89E5-53A5-4748-9F5B-E0714EBB37B2}.Release|Mixed Platforms.Build.0 = Release|Any CPU
		{FACB89E5-53A5-4748-9F5B-E0714EBB37B2}.Release|x86.ActiveCfg = Release|Any CPU
		{395204C5-2154-4301-AF53-D0C85F1A9ADF}.Ad-Hoc|Any CPU.ActiveCfg = Release|Any CPU
		{395204C5-2154-4301-AF53-D0C85F1A9ADF}.Ad-Hoc|Any CPU.Build.0 = Release|Any CPU
		{395204C5-2154-4301-AF53-D0C85F1A9ADF}.Ad-Hoc|ARM.ActiveCfg = Debug|Any CPU
		{395204C5-2154-4301-AF53-D0C85F1A9ADF}.Ad-Hoc|iPhone.ActiveCfg = Debug|Any CPU
		{395204C5-2154-4301-AF53-D0C85F1A9ADF}.Ad-Hoc|iPhone.Build.0 = Debug|Any CPU
		{395204C5-2154-4301-AF53-D0C85F1A9ADF}.Ad-Hoc|iPhoneSimulator.ActiveCfg = Release|Any CPU
		{395204C5-2154-4301-AF53-D0C85F1A9ADF}.Ad-Hoc|Mixed Platforms.ActiveCfg = Debug|Any CPU
		{395204C5-2154-4301-AF53-D0C85F1A9ADF}.Ad-Hoc|Mixed Platforms.Build.0 = Debug|Any CPU
		{395204C5-2154-4301-AF53-D0C85F1A9ADF}.Ad-Hoc|x86.ActiveCfg = Debug|Any CPU
		{395204C5-2154-4301-AF53-D0C85F1A9ADF}.AppStore|Any CPU.ActiveCfg = Release|Any CPU
		{395204C5-2154-4301-AF53-D0C85F1A9ADF}.AppStore|Any CPU.Build.0 = Release|Any CPU
		{395204C5-2154-4301-AF53-D0C85F1A9ADF}.AppStore|ARM.ActiveCfg = Debug|Any CPU
		{395204C5-2154-4301-AF53-D0C85F1A9ADF}.AppStore|iPhone.ActiveCfg = Debug|Any CPU
		{395204C5-2154-4301-AF53-D0C85F1A9ADF}.AppStore|iPhone.Build.0 = Debug|Any CPU
		{395204C5-2154-4301-AF53-D0C85F1A9ADF}.AppStore|iPhoneSimulator.ActiveCfg = Release|Any CPU
		{395204C5-2154-4301-AF53-D0C85F1A9ADF}.AppStore|Mixed Platforms.ActiveCfg = Debug|Any CPU
		{395204C5-2154-4301-AF53-D0C85F1A9ADF}.AppStore|Mixed Platforms.Build.0 = Debug|Any CPU
		{395204C5-2154-4301-AF53-D0C85F1A9ADF}.AppStore|x86.ActiveCfg = Debug|Any CPU
		{395204C5-2154-4301-AF53-D0C85F1A9ADF}.Debug|Any CPU.ActiveCfg = Debug|Any CPU
		{395204C5-2154-4301-AF53-D0C85F1A9ADF}.Debug|Any CPU.Build.0 = Debug|Any CPU
		{395204C5-2154-4301-AF53-D0C85F1A9ADF}.Debug|ARM.ActiveCfg = Debug|Any CPU
		{395204C5-2154-4301-AF53-D0C85F1A9ADF}.Debug|iPhone.ActiveCfg = Debug|Any CPU
		{395204C5-2154-4301-AF53-D0C85F1A9ADF}.Debug|iPhone.Build.0 = Debug|Any CPU
		{395204C5-2154-4301-AF53-D0C85F1A9ADF}.Debug|iPhoneSimulator.ActiveCfg = Debug|Any CPU
		{395204C5-2154-4301-AF53-D0C85F1A9ADF}.Debug|iPhoneSimulator.Build.0 = Debug|Any CPU
		{395204C5-2154-4301-AF53-D0C85F1A9ADF}.Debug|Mixed Platforms.ActiveCfg = Debug|Any CPU
		{395204C5-2154-4301-AF53-D0C85F1A9ADF}.Debug|Mixed Platforms.Build.0 = Debug|Any CPU
		{395204C5-2154-4301-AF53-D0C85F1A9ADF}.Debug|x86.ActiveCfg = Debug|Any CPU
		{395204C5-2154-4301-AF53-D0C85F1A9ADF}.Release|Any CPU.ActiveCfg = Release|Any CPU
		{395204C5-2154-4301-AF53-D0C85F1A9ADF}.Release|Any CPU.Build.0 = Release|Any CPU
		{395204C5-2154-4301-AF53-D0C85F1A9ADF}.Release|ARM.ActiveCfg = Release|Any CPU
		{395204C5-2154-4301-AF53-D0C85F1A9ADF}.Release|iPhone.ActiveCfg = Release|Any CPU
		{395204C5-2154-4301-AF53-D0C85F1A9ADF}.Release|iPhone.Build.0 = Release|Any CPU
		{395204C5-2154-4301-AF53-D0C85F1A9ADF}.Release|iPhoneSimulator.ActiveCfg = Release|Any CPU
		{395204C5-2154-4301-AF53-D0C85F1A9ADF}.Release|iPhoneSimulator.Build.0 = Release|Any CPU
		{395204C5-2154-4301-AF53-D0C85F1A9ADF}.Release|Mixed Platforms.ActiveCfg = Release|Any CPU
		{395204C5-2154-4301-AF53-D0C85F1A9ADF}.Release|Mixed Platforms.Build.0 = Release|Any CPU
		{395204C5-2154-4301-AF53-D0C85F1A9ADF}.Release|x86.ActiveCfg = Release|Any CPU
		{01F43925-B702-45B4-8287-2D3F1FFC116A}.Ad-Hoc|Any CPU.ActiveCfg = Ad-Hoc|iPhoneSimulator
		{01F43925-B702-45B4-8287-2D3F1FFC116A}.Ad-Hoc|ARM.ActiveCfg = Ad-Hoc|iPhone
		{01F43925-B702-45B4-8287-2D3F1FFC116A}.Ad-Hoc|iPhone.ActiveCfg = Ad-Hoc|iPhone
		{01F43925-B702-45B4-8287-2D3F1FFC116A}.Ad-Hoc|iPhone.Build.0 = Ad-Hoc|iPhone
		{01F43925-B702-45B4-8287-2D3F1FFC116A}.Ad-Hoc|iPhoneSimulator.ActiveCfg = Ad-Hoc|iPhoneSimulator
		{01F43925-B702-45B4-8287-2D3F1FFC116A}.Ad-Hoc|iPhoneSimulator.Build.0 = Ad-Hoc|iPhoneSimulator
		{01F43925-B702-45B4-8287-2D3F1FFC116A}.Ad-Hoc|Mixed Platforms.ActiveCfg = Ad-Hoc|iPhone
		{01F43925-B702-45B4-8287-2D3F1FFC116A}.Ad-Hoc|Mixed Platforms.Build.0 = Ad-Hoc|iPhone
		{01F43925-B702-45B4-8287-2D3F1FFC116A}.Ad-Hoc|x86.ActiveCfg = Ad-Hoc|iPhone
		{01F43925-B702-45B4-8287-2D3F1FFC116A}.AppStore|Any CPU.ActiveCfg = AppStore|iPhoneSimulator
		{01F43925-B702-45B4-8287-2D3F1FFC116A}.AppStore|ARM.ActiveCfg = AppStore|iPhone
		{01F43925-B702-45B4-8287-2D3F1FFC116A}.AppStore|iPhone.ActiveCfg = AppStore|iPhone
		{01F43925-B702-45B4-8287-2D3F1FFC116A}.AppStore|iPhone.Build.0 = AppStore|iPhone
		{01F43925-B702-45B4-8287-2D3F1FFC116A}.AppStore|iPhoneSimulator.ActiveCfg = AppStore|iPhoneSimulator
		{01F43925-B702-45B4-8287-2D3F1FFC116A}.AppStore|iPhoneSimulator.Build.0 = AppStore|iPhoneSimulator
		{01F43925-B702-45B4-8287-2D3F1FFC116A}.AppStore|Mixed Platforms.ActiveCfg = AppStore|iPhone
		{01F43925-B702-45B4-8287-2D3F1FFC116A}.AppStore|Mixed Platforms.Build.0 = AppStore|iPhone
		{01F43925-B702-45B4-8287-2D3F1FFC116A}.AppStore|x86.ActiveCfg = AppStore|iPhone
		{01F43925-B702-45B4-8287-2D3F1FFC116A}.Debug|Any CPU.ActiveCfg = Debug|iPhoneSimulator
		{01F43925-B702-45B4-8287-2D3F1FFC116A}.Debug|Any CPU.Build.0 = Debug|iPhoneSimulator
		{01F43925-B702-45B4-8287-2D3F1FFC116A}.Debug|ARM.ActiveCfg = Debug|iPhone
		{01F43925-B702-45B4-8287-2D3F1FFC116A}.Debug|iPhone.ActiveCfg = Debug|iPhone
		{01F43925-B702-45B4-8287-2D3F1FFC116A}.Debug|iPhone.Build.0 = Debug|iPhone
		{01F43925-B702-45B4-8287-2D3F1FFC116A}.Debug|iPhoneSimulator.ActiveCfg = Debug|iPhoneSimulator
		{01F43925-B702-45B4-8287-2D3F1FFC116A}.Debug|iPhoneSimulator.Build.0 = Debug|iPhoneSimulator
		{01F43925-B702-45B4-8287-2D3F1FFC116A}.Debug|Mixed Platforms.ActiveCfg = Debug|iPhone
		{01F43925-B702-45B4-8287-2D3F1FFC116A}.Debug|Mixed Platforms.Build.0 = Debug|iPhone
		{01F43925-B702-45B4-8287-2D3F1FFC116A}.Debug|x86.ActiveCfg = Debug|iPhone
		{01F43925-B702-45B4-8287-2D3F1FFC116A}.Release|Any CPU.ActiveCfg = Release|iPhoneSimulator
		{01F43925-B702-45B4-8287-2D3F1FFC116A}.Release|Any CPU.Build.0 = Release|iPhoneSimulator
		{01F43925-B702-45B4-8287-2D3F1FFC116A}.Release|ARM.ActiveCfg = Release|iPhone
		{01F43925-B702-45B4-8287-2D3F1FFC116A}.Release|iPhone.ActiveCfg = Release|iPhone
		{01F43925-B702-45B4-8287-2D3F1FFC116A}.Release|iPhone.Build.0 = Release|iPhone
		{01F43925-B702-45B4-8287-2D3F1FFC116A}.Release|iPhoneSimulator.ActiveCfg = Release|iPhoneSimulator
		{01F43925-B702-45B4-8287-2D3F1FFC116A}.Release|iPhoneSimulator.Build.0 = Release|iPhoneSimulator
		{01F43925-B702-45B4-8287-2D3F1FFC116A}.Release|Mixed Platforms.ActiveCfg = Release|iPhone
		{01F43925-B702-45B4-8287-2D3F1FFC116A}.Release|Mixed Platforms.Build.0 = Release|iPhone
		{01F43925-B702-45B4-8287-2D3F1FFC116A}.Release|x86.ActiveCfg = Release|iPhone
		{3D962785-EFE4-495E-A529-E4DF069AEC1D}.Ad-Hoc|Any CPU.ActiveCfg = Debug|Any CPU
		{3D962785-EFE4-495E-A529-E4DF069AEC1D}.Ad-Hoc|Any CPU.Build.0 = Debug|Any CPU
		{3D962785-EFE4-495E-A529-E4DF069AEC1D}.Ad-Hoc|Any CPU.Deploy.0 = Debug|Any CPU
		{3D962785-EFE4-495E-A529-E4DF069AEC1D}.Ad-Hoc|ARM.ActiveCfg = Release|Any CPU
		{3D962785-EFE4-495E-A529-E4DF069AEC1D}.Ad-Hoc|iPhone.ActiveCfg = Release|Any CPU
		{3D962785-EFE4-495E-A529-E4DF069AEC1D}.Ad-Hoc|iPhone.Build.0 = Release|Any CPU
		{3D962785-EFE4-495E-A529-E4DF069AEC1D}.Ad-Hoc|iPhoneSimulator.ActiveCfg = Debug|Any CPU
		{3D962785-EFE4-495E-A529-E4DF069AEC1D}.Ad-Hoc|Mixed Platforms.ActiveCfg = Release|Any CPU
		{3D962785-EFE4-495E-A529-E4DF069AEC1D}.Ad-Hoc|Mixed Platforms.Build.0 = Release|Any CPU
		{3D962785-EFE4-495E-A529-E4DF069AEC1D}.Ad-Hoc|Mixed Platforms.Deploy.0 = Release|Any CPU
		{3D962785-EFE4-495E-A529-E4DF069AEC1D}.Ad-Hoc|x86.ActiveCfg = Release|Any CPU
		{3D962785-EFE4-495E-A529-E4DF069AEC1D}.AppStore|Any CPU.ActiveCfg = Debug|Any CPU
		{3D962785-EFE4-495E-A529-E4DF069AEC1D}.AppStore|Any CPU.Build.0 = Debug|Any CPU
		{3D962785-EFE4-495E-A529-E4DF069AEC1D}.AppStore|Any CPU.Deploy.0 = Debug|Any CPU
		{3D962785-EFE4-495E-A529-E4DF069AEC1D}.AppStore|ARM.ActiveCfg = Release|Any CPU
		{3D962785-EFE4-495E-A529-E4DF069AEC1D}.AppStore|iPhone.ActiveCfg = Release|Any CPU
		{3D962785-EFE4-495E-A529-E4DF069AEC1D}.AppStore|iPhone.Build.0 = Release|Any CPU
		{3D962785-EFE4-495E-A529-E4DF069AEC1D}.AppStore|iPhoneSimulator.ActiveCfg = Debug|Any CPU
		{3D962785-EFE4-495E-A529-E4DF069AEC1D}.AppStore|Mixed Platforms.ActiveCfg = Release|Any CPU
		{3D962785-EFE4-495E-A529-E4DF069AEC1D}.AppStore|Mixed Platforms.Build.0 = Release|Any CPU
		{3D962785-EFE4-495E-A529-E4DF069AEC1D}.AppStore|Mixed Platforms.Deploy.0 = Release|Any CPU
		{3D962785-EFE4-495E-A529-E4DF069AEC1D}.AppStore|x86.ActiveCfg = Release|Any CPU
		{3D962785-EFE4-495E-A529-E4DF069AEC1D}.Debug|Any CPU.ActiveCfg = Debug|Any CPU
		{3D962785-EFE4-495E-A529-E4DF069AEC1D}.Debug|Any CPU.Build.0 = Debug|Any CPU
		{3D962785-EFE4-495E-A529-E4DF069AEC1D}.Debug|ARM.ActiveCfg = Debug|Any CPU
		{3D962785-EFE4-495E-A529-E4DF069AEC1D}.Debug|iPhone.ActiveCfg = Debug|Any CPU
		{3D962785-EFE4-495E-A529-E4DF069AEC1D}.Debug|iPhone.Build.0 = Debug|Any CPU
		{3D962785-EFE4-495E-A529-E4DF069AEC1D}.Debug|iPhoneSimulator.ActiveCfg = Debug|Any CPU
		{3D962785-EFE4-495E-A529-E4DF069AEC1D}.Debug|iPhoneSimulator.Build.0 = Debug|Any CPU
		{3D962785-EFE4-495E-A529-E4DF069AEC1D}.Debug|Mixed Platforms.ActiveCfg = Debug|Any CPU
		{3D962785-EFE4-495E-A529-E4DF069AEC1D}.Debug|Mixed Platforms.Build.0 = Debug|Any CPU
		{3D962785-EFE4-495E-A529-E4DF069AEC1D}.Debug|Mixed Platforms.Deploy.0 = Debug|Any CPU
		{3D962785-EFE4-495E-A529-E4DF069AEC1D}.Debug|x86.ActiveCfg = Debug|Any CPU
		{3D962785-EFE4-495E-A529-E4DF069AEC1D}.Release|Any CPU.ActiveCfg = Release|Any CPU
		{3D962785-EFE4-495E-A529-E4DF069AEC1D}.Release|Any CPU.Build.0 = Release|Any CPU
		{3D962785-EFE4-495E-A529-E4DF069AEC1D}.Release|ARM.ActiveCfg = Release|Any CPU
		{3D962785-EFE4-495E-A529-E4DF069AEC1D}.Release|iPhone.ActiveCfg = Release|Any CPU
		{3D962785-EFE4-495E-A529-E4DF069AEC1D}.Release|iPhone.Build.0 = Release|Any CPU
		{3D962785-EFE4-495E-A529-E4DF069AEC1D}.Release|iPhoneSimulator.ActiveCfg = Release|Any CPU
		{3D962785-EFE4-495E-A529-E4DF069AEC1D}.Release|iPhoneSimulator.Build.0 = Release|Any CPU
		{3D962785-EFE4-495E-A529-E4DF069AEC1D}.Release|Mixed Platforms.ActiveCfg = Release|Any CPU
		{3D962785-EFE4-495E-A529-E4DF069AEC1D}.Release|Mixed Platforms.Build.0 = Release|Any CPU
		{3D962785-EFE4-495E-A529-E4DF069AEC1D}.Release|Mixed Platforms.Deploy.0 = Release|Any CPU
		{3D962785-EFE4-495E-A529-E4DF069AEC1D}.Release|x86.ActiveCfg = Release|Any CPU
		{B63C5F8C-61C8-4E69-93D6-F49F816D3746}.Ad-Hoc|Any CPU.ActiveCfg = Release|Any CPU
		{B63C5F8C-61C8-4E69-93D6-F49F816D3746}.Ad-Hoc|Any CPU.Build.0 = Release|Any CPU
		{B63C5F8C-61C8-4E69-93D6-F49F816D3746}.Ad-Hoc|ARM.ActiveCfg = Debug|Any CPU
		{B63C5F8C-61C8-4E69-93D6-F49F816D3746}.Ad-Hoc|iPhone.ActiveCfg = Debug|Any CPU
		{B63C5F8C-61C8-4E69-93D6-F49F816D3746}.Ad-Hoc|iPhone.Build.0 = Debug|Any CPU
		{B63C5F8C-61C8-4E69-93D6-F49F816D3746}.Ad-Hoc|iPhoneSimulator.ActiveCfg = Release|Any CPU
		{B63C5F8C-61C8-4E69-93D6-F49F816D3746}.Ad-Hoc|Mixed Platforms.ActiveCfg = Debug|Any CPU
		{B63C5F8C-61C8-4E69-93D6-F49F816D3746}.Ad-Hoc|Mixed Platforms.Build.0 = Debug|Any CPU
		{B63C5F8C-61C8-4E69-93D6-F49F816D3746}.Ad-Hoc|x86.ActiveCfg = Debug|Any CPU
		{B63C5F8C-61C8-4E69-93D6-F49F816D3746}.AppStore|Any CPU.ActiveCfg = Release|Any CPU
		{B63C5F8C-61C8-4E69-93D6-F49F816D3746}.AppStore|Any CPU.Build.0 = Release|Any CPU
		{B63C5F8C-61C8-4E69-93D6-F49F816D3746}.AppStore|ARM.ActiveCfg = Debug|Any CPU
		{B63C5F8C-61C8-4E69-93D6-F49F816D3746}.AppStore|iPhone.ActiveCfg = Debug|Any CPU
		{B63C5F8C-61C8-4E69-93D6-F49F816D3746}.AppStore|iPhone.Build.0 = Debug|Any CPU
		{B63C5F8C-61C8-4E69-93D6-F49F816D3746}.AppStore|iPhoneSimulator.ActiveCfg = Release|Any CPU
		{B63C5F8C-61C8-4E69-93D6-F49F816D3746}.AppStore|Mixed Platforms.ActiveCfg = Debug|Any CPU
		{B63C5F8C-61C8-4E69-93D6-F49F816D3746}.AppStore|Mixed Platforms.Build.0 = Debug|Any CPU
		{B63C5F8C-61C8-4E69-93D6-F49F816D3746}.AppStore|x86.ActiveCfg = Debug|Any CPU
		{B63C5F8C-61C8-4E69-93D6-F49F816D3746}.Debug|Any CPU.ActiveCfg = Debug|Any CPU
		{B63C5F8C-61C8-4E69-93D6-F49F816D3746}.Debug|Any CPU.Build.0 = Debug|Any CPU
		{B63C5F8C-61C8-4E69-93D6-F49F816D3746}.Debug|ARM.ActiveCfg = Debug|Any CPU
		{B63C5F8C-61C8-4E69-93D6-F49F816D3746}.Debug|iPhone.ActiveCfg = Debug|Any CPU
		{B63C5F8C-61C8-4E69-93D6-F49F816D3746}.Debug|iPhone.Build.0 = Debug|Any CPU
		{B63C5F8C-61C8-4E69-93D6-F49F816D3746}.Debug|iPhoneSimulator.ActiveCfg = Debug|Any CPU
		{B63C5F8C-61C8-4E69-93D6-F49F816D3746}.Debug|iPhoneSimulator.Build.0 = Debug|Any CPU
		{B63C5F8C-61C8-4E69-93D6-F49F816D3746}.Debug|Mixed Platforms.ActiveCfg = Debug|Any CPU
		{B63C5F8C-61C8-4E69-93D6-F49F816D3746}.Debug|Mixed Platforms.Build.0 = Debug|Any CPU
		{B63C5F8C-61C8-4E69-93D6-F49F816D3746}.Debug|x86.ActiveCfg = Debug|Any CPU
		{B63C5F8C-61C8-4E69-93D6-F49F816D3746}.Release|Any CPU.ActiveCfg = Release|Any CPU
		{B63C5F8C-61C8-4E69-93D6-F49F816D3746}.Release|Any CPU.Build.0 = Release|Any CPU
		{B63C5F8C-61C8-4E69-93D6-F49F816D3746}.Release|ARM.ActiveCfg = Release|Any CPU
		{B63C5F8C-61C8-4E69-93D6-F49F816D3746}.Release|iPhone.ActiveCfg = Release|Any CPU
		{B63C5F8C-61C8-4E69-93D6-F49F816D3746}.Release|iPhone.Build.0 = Release|Any CPU
		{B63C5F8C-61C8-4E69-93D6-F49F816D3746}.Release|iPhoneSimulator.ActiveCfg = Release|Any CPU
		{B63C5F8C-61C8-4E69-93D6-F49F816D3746}.Release|iPhoneSimulator.Build.0 = Release|Any CPU
		{B63C5F8C-61C8-4E69-93D6-F49F816D3746}.Release|Mixed Platforms.ActiveCfg = Release|Any CPU
		{B63C5F8C-61C8-4E69-93D6-F49F816D3746}.Release|Mixed Platforms.Build.0 = Release|Any CPU
		{B63C5F8C-61C8-4E69-93D6-F49F816D3746}.Release|x86.ActiveCfg = Release|Any CPU
		{F9508036-E3C1-4887-8BE6-3C86BC106311}.Ad-Hoc|Any CPU.ActiveCfg = Release|Any CPU
		{F9508036-E3C1-4887-8BE6-3C86BC106311}.Ad-Hoc|Any CPU.Build.0 = Release|Any CPU
		{F9508036-E3C1-4887-8BE6-3C86BC106311}.Ad-Hoc|ARM.ActiveCfg = Debug|Any CPU
		{F9508036-E3C1-4887-8BE6-3C86BC106311}.Ad-Hoc|iPhone.ActiveCfg = Debug|Any CPU
		{F9508036-E3C1-4887-8BE6-3C86BC106311}.Ad-Hoc|iPhone.Build.0 = Debug|Any CPU
		{F9508036-E3C1-4887-8BE6-3C86BC106311}.Ad-Hoc|iPhoneSimulator.ActiveCfg = Release|Any CPU
		{F9508036-E3C1-4887-8BE6-3C86BC106311}.Ad-Hoc|Mixed Platforms.ActiveCfg = Debug|Any CPU
		{F9508036-E3C1-4887-8BE6-3C86BC106311}.Ad-Hoc|Mixed Platforms.Build.0 = Debug|Any CPU
		{F9508036-E3C1-4887-8BE6-3C86BC106311}.Ad-Hoc|x86.ActiveCfg = Debug|Any CPU
		{F9508036-E3C1-4887-8BE6-3C86BC106311}.AppStore|Any CPU.ActiveCfg = Release|Any CPU
		{F9508036-E3C1-4887-8BE6-3C86BC106311}.AppStore|Any CPU.Build.0 = Release|Any CPU
		{F9508036-E3C1-4887-8BE6-3C86BC106311}.AppStore|ARM.ActiveCfg = Debug|Any CPU
		{F9508036-E3C1-4887-8BE6-3C86BC106311}.AppStore|iPhone.ActiveCfg = Debug|Any CPU
		{F9508036-E3C1-4887-8BE6-3C86BC106311}.AppStore|iPhone.Build.0 = Debug|Any CPU
		{F9508036-E3C1-4887-8BE6-3C86BC106311}.AppStore|iPhoneSimulator.ActiveCfg = Release|Any CPU
		{F9508036-E3C1-4887-8BE6-3C86BC106311}.AppStore|Mixed Platforms.ActiveCfg = Debug|Any CPU
		{F9508036-E3C1-4887-8BE6-3C86BC106311}.AppStore|Mixed Platforms.Build.0 = Debug|Any CPU
		{F9508036-E3C1-4887-8BE6-3C86BC106311}.AppStore|x86.ActiveCfg = Debug|Any CPU
		{F9508036-E3C1-4887-8BE6-3C86BC106311}.Debug|Any CPU.ActiveCfg = Debug|Any CPU
		{F9508036-E3C1-4887-8BE6-3C86BC106311}.Debug|Any CPU.Build.0 = Debug|Any CPU
		{F9508036-E3C1-4887-8BE6-3C86BC106311}.Debug|ARM.ActiveCfg = Debug|Any CPU
		{F9508036-E3C1-4887-8BE6-3C86BC106311}.Debug|iPhone.ActiveCfg = Debug|Any CPU
		{F9508036-E3C1-4887-8BE6-3C86BC106311}.Debug|iPhone.Build.0 = Debug|Any CPU
		{F9508036-E3C1-4887-8BE6-3C86BC106311}.Debug|iPhoneSimulator.ActiveCfg = Debug|Any CPU
		{F9508036-E3C1-4887-8BE6-3C86BC106311}.Debug|iPhoneSimulator.Build.0 = Debug|Any CPU
		{F9508036-E3C1-4887-8BE6-3C86BC106311}.Debug|Mixed Platforms.ActiveCfg = Debug|Any CPU
		{F9508036-E3C1-4887-8BE6-3C86BC106311}.Debug|Mixed Platforms.Build.0 = Debug|Any CPU
		{F9508036-E3C1-4887-8BE6-3C86BC106311}.Debug|x86.ActiveCfg = Debug|Any CPU
		{F9508036-E3C1-4887-8BE6-3C86BC106311}.Release|Any CPU.ActiveCfg = Release|Any CPU
		{F9508036-E3C1-4887-8BE6-3C86BC106311}.Release|Any CPU.Build.0 = Release|Any CPU
		{F9508036-E3C1-4887-8BE6-3C86BC106311}.Release|ARM.ActiveCfg = Release|Any CPU
		{F9508036-E3C1-4887-8BE6-3C86BC106311}.Release|iPhone.ActiveCfg = Release|Any CPU
		{F9508036-E3C1-4887-8BE6-3C86BC106311}.Release|iPhone.Build.0 = Release|Any CPU
		{F9508036-E3C1-4887-8BE6-3C86BC106311}.Release|iPhoneSimulator.ActiveCfg = Release|Any CPU
		{F9508036-E3C1-4887-8BE6-3C86BC106311}.Release|iPhoneSimulator.Build.0 = Release|Any CPU
		{F9508036-E3C1-4887-8BE6-3C86BC106311}.Release|Mixed Platforms.ActiveCfg = Release|Any CPU
		{F9508036-E3C1-4887-8BE6-3C86BC106311}.Release|Mixed Platforms.Build.0 = Release|Any CPU
		{F9508036-E3C1-4887-8BE6-3C86BC106311}.Release|x86.ActiveCfg = Release|Any CPU
		{A40AD708-3FF5-42FC-92B0-8D93FF1DB58F}.Ad-Hoc|Any CPU.ActiveCfg = Debug|Any CPU
		{A40AD708-3FF5-42FC-92B0-8D93FF1DB58F}.Ad-Hoc|Any CPU.Build.0 = Debug|Any CPU
		{A40AD708-3FF5-42FC-92B0-8D93FF1DB58F}.Ad-Hoc|ARM.ActiveCfg = Release|Any CPU
		{A40AD708-3FF5-42FC-92B0-8D93FF1DB58F}.Ad-Hoc|iPhone.ActiveCfg = Release|Any CPU
		{A40AD708-3FF5-42FC-92B0-8D93FF1DB58F}.Ad-Hoc|iPhone.Build.0 = Release|Any CPU
		{A40AD708-3FF5-42FC-92B0-8D93FF1DB58F}.Ad-Hoc|iPhoneSimulator.ActiveCfg = Debug|Any CPU
		{A40AD708-3FF5-42FC-92B0-8D93FF1DB58F}.Ad-Hoc|Mixed Platforms.ActiveCfg = Release|Any CPU
		{A40AD708-3FF5-42FC-92B0-8D93FF1DB58F}.Ad-Hoc|Mixed Platforms.Build.0 = Release|Any CPU
		{A40AD708-3FF5-42FC-92B0-8D93FF1DB58F}.Ad-Hoc|x86.ActiveCfg = Release|Any CPU
		{A40AD708-3FF5-42FC-92B0-8D93FF1DB58F}.AppStore|Any CPU.ActiveCfg = Debug|Any CPU
		{A40AD708-3FF5-42FC-92B0-8D93FF1DB58F}.AppStore|Any CPU.Build.0 = Debug|Any CPU
		{A40AD708-3FF5-42FC-92B0-8D93FF1DB58F}.AppStore|ARM.ActiveCfg = Release|Any CPU
		{A40AD708-3FF5-42FC-92B0-8D93FF1DB58F}.AppStore|iPhone.ActiveCfg = Release|Any CPU
		{A40AD708-3FF5-42FC-92B0-8D93FF1DB58F}.AppStore|iPhone.Build.0 = Release|Any CPU
		{A40AD708-3FF5-42FC-92B0-8D93FF1DB58F}.AppStore|iPhoneSimulator.ActiveCfg = Debug|Any CPU
		{A40AD708-3FF5-42FC-92B0-8D93FF1DB58F}.AppStore|Mixed Platforms.ActiveCfg = Release|Any CPU
		{A40AD708-3FF5-42FC-92B0-8D93FF1DB58F}.AppStore|Mixed Platforms.Build.0 = Release|Any CPU
		{A40AD708-3FF5-42FC-92B0-8D93FF1DB58F}.AppStore|x86.ActiveCfg = Release|Any CPU
		{A40AD708-3FF5-42FC-92B0-8D93FF1DB58F}.Debug|Any CPU.ActiveCfg = Debug|Any CPU
		{A40AD708-3FF5-42FC-92B0-8D93FF1DB58F}.Debug|Any CPU.Build.0 = Debug|Any CPU
		{A40AD708-3FF5-42FC-92B0-8D93FF1DB58F}.Debug|ARM.ActiveCfg = Debug|Any CPU
		{A40AD708-3FF5-42FC-92B0-8D93FF1DB58F}.Debug|iPhone.ActiveCfg = Debug|Any CPU
		{A40AD708-3FF5-42FC-92B0-8D93FF1DB58F}.Debug|iPhone.Build.0 = Debug|Any CPU
		{A40AD708-3FF5-42FC-92B0-8D93FF1DB58F}.Debug|iPhoneSimulator.ActiveCfg = Debug|Any CPU
		{A40AD708-3FF5-42FC-92B0-8D93FF1DB58F}.Debug|iPhoneSimulator.Build.0 = Debug|Any CPU
		{A40AD708-3FF5-42FC-92B0-8D93FF1DB58F}.Debug|Mixed Platforms.ActiveCfg = Debug|Any CPU
		{A40AD708-3FF5-42FC-92B0-8D93FF1DB58F}.Debug|Mixed Platforms.Build.0 = Debug|Any CPU
		{A40AD708-3FF5-42FC-92B0-8D93FF1DB58F}.Debug|x86.ActiveCfg = Debug|Any CPU
		{A40AD708-3FF5-42FC-92B0-8D93FF1DB58F}.Release|Any CPU.ActiveCfg = Release|Any CPU
		{A40AD708-3FF5-42FC-92B0-8D93FF1DB58F}.Release|Any CPU.Build.0 = Release|Any CPU
		{A40AD708-3FF5-42FC-92B0-8D93FF1DB58F}.Release|ARM.ActiveCfg = Release|Any CPU
		{A40AD708-3FF5-42FC-92B0-8D93FF1DB58F}.Release|iPhone.ActiveCfg = Release|Any CPU
		{A40AD708-3FF5-42FC-92B0-8D93FF1DB58F}.Release|iPhone.Build.0 = Release|Any CPU
		{A40AD708-3FF5-42FC-92B0-8D93FF1DB58F}.Release|iPhoneSimulator.ActiveCfg = Release|Any CPU
		{A40AD708-3FF5-42FC-92B0-8D93FF1DB58F}.Release|iPhoneSimulator.Build.0 = Release|Any CPU
		{A40AD708-3FF5-42FC-92B0-8D93FF1DB58F}.Release|Mixed Platforms.ActiveCfg = Release|Any CPU
		{A40AD708-3FF5-42FC-92B0-8D93FF1DB58F}.Release|Mixed Platforms.Build.0 = Release|Any CPU
		{A40AD708-3FF5-42FC-92B0-8D93FF1DB58F}.Release|x86.ActiveCfg = Release|Any CPU
		{E965BA32-9561-4E2A-ADB0-19487B25A939}.Ad-Hoc|Any CPU.ActiveCfg = Debug|Any CPU
		{E965BA32-9561-4E2A-ADB0-19487B25A939}.Ad-Hoc|Any CPU.Build.0 = Debug|Any CPU
		{E965BA32-9561-4E2A-ADB0-19487B25A939}.Ad-Hoc|ARM.ActiveCfg = Release|Any CPU
		{E965BA32-9561-4E2A-ADB0-19487B25A939}.Ad-Hoc|iPhone.ActiveCfg = Release|Any CPU
		{E965BA32-9561-4E2A-ADB0-19487B25A939}.Ad-Hoc|iPhone.Build.0 = Release|Any CPU
		{E965BA32-9561-4E2A-ADB0-19487B25A939}.Ad-Hoc|iPhoneSimulator.ActiveCfg = Debug|Any CPU
		{E965BA32-9561-4E2A-ADB0-19487B25A939}.Ad-Hoc|Mixed Platforms.ActiveCfg = Release|Any CPU
		{E965BA32-9561-4E2A-ADB0-19487B25A939}.Ad-Hoc|Mixed Platforms.Build.0 = Release|Any CPU
		{E965BA32-9561-4E2A-ADB0-19487B25A939}.Ad-Hoc|x86.ActiveCfg = Release|Any CPU
		{E965BA32-9561-4E2A-ADB0-19487B25A939}.AppStore|Any CPU.ActiveCfg = Debug|Any CPU
		{E965BA32-9561-4E2A-ADB0-19487B25A939}.AppStore|Any CPU.Build.0 = Debug|Any CPU
		{E965BA32-9561-4E2A-ADB0-19487B25A939}.AppStore|ARM.ActiveCfg = Release|Any CPU
		{E965BA32-9561-4E2A-ADB0-19487B25A939}.AppStore|iPhone.ActiveCfg = Release|Any CPU
		{E965BA32-9561-4E2A-ADB0-19487B25A939}.AppStore|iPhone.Build.0 = Release|Any CPU
		{E965BA32-9561-4E2A-ADB0-19487B25A939}.AppStore|iPhoneSimulator.ActiveCfg = Debug|Any CPU
		{E965BA32-9561-4E2A-ADB0-19487B25A939}.AppStore|Mixed Platforms.ActiveCfg = Release|Any CPU
		{E965BA32-9561-4E2A-ADB0-19487B25A939}.AppStore|Mixed Platforms.Build.0 = Release|Any CPU
		{E965BA32-9561-4E2A-ADB0-19487B25A939}.AppStore|x86.ActiveCfg = Release|Any CPU
		{E965BA32-9561-4E2A-ADB0-19487B25A939}.Debug|Any CPU.ActiveCfg = Debug|Any CPU
		{E965BA32-9561-4E2A-ADB0-19487B25A939}.Debug|Any CPU.Build.0 = Debug|Any CPU
		{E965BA32-9561-4E2A-ADB0-19487B25A939}.Debug|ARM.ActiveCfg = Debug|Any CPU
		{E965BA32-9561-4E2A-ADB0-19487B25A939}.Debug|iPhone.ActiveCfg = Debug|Any CPU
		{E965BA32-9561-4E2A-ADB0-19487B25A939}.Debug|iPhone.Build.0 = Debug|Any CPU
		{E965BA32-9561-4E2A-ADB0-19487B25A939}.Debug|iPhoneSimulator.ActiveCfg = Debug|Any CPU
		{E965BA32-9561-4E2A-ADB0-19487B25A939}.Debug|iPhoneSimulator.Build.0 = Debug|Any CPU
		{E965BA32-9561-4E2A-ADB0-19487B25A939}.Debug|Mixed Platforms.ActiveCfg = Debug|Any CPU
		{E965BA32-9561-4E2A-ADB0-19487B25A939}.Debug|Mixed Platforms.Build.0 = Debug|Any CPU
		{E965BA32-9561-4E2A-ADB0-19487B25A939}.Debug|x86.ActiveCfg = Debug|Any CPU
		{E965BA32-9561-4E2A-ADB0-19487B25A939}.Release|Any CPU.ActiveCfg = Release|Any CPU
		{E965BA32-9561-4E2A-ADB0-19487B25A939}.Release|Any CPU.Build.0 = Release|Any CPU
		{E965BA32-9561-4E2A-ADB0-19487B25A939}.Release|ARM.ActiveCfg = Release|Any CPU
		{E965BA32-9561-4E2A-ADB0-19487B25A939}.Release|iPhone.ActiveCfg = Release|Any CPU
		{E965BA32-9561-4E2A-ADB0-19487B25A939}.Release|iPhone.Build.0 = Release|Any CPU
		{E965BA32-9561-4E2A-ADB0-19487B25A939}.Release|iPhoneSimulator.ActiveCfg = Release|Any CPU
		{E965BA32-9561-4E2A-ADB0-19487B25A939}.Release|iPhoneSimulator.Build.0 = Release|Any CPU
		{E965BA32-9561-4E2A-ADB0-19487B25A939}.Release|Mixed Platforms.ActiveCfg = Release|Any CPU
		{E965BA32-9561-4E2A-ADB0-19487B25A939}.Release|Mixed Platforms.Build.0 = Release|Any CPU
		{E965BA32-9561-4E2A-ADB0-19487B25A939}.Release|x86.ActiveCfg = Release|Any CPU
		{0D6206FD-4306-49B8-B080-B19277D4FD9C}.Ad-Hoc|Any CPU.ActiveCfg = Release|Any CPU
		{0D6206FD-4306-49B8-B080-B19277D4FD9C}.Ad-Hoc|Any CPU.Build.0 = Release|Any CPU
		{0D6206FD-4306-49B8-B080-B19277D4FD9C}.Ad-Hoc|Any CPU.Deploy.0 = Release|Any CPU
		{0D6206FD-4306-49B8-B080-B19277D4FD9C}.Ad-Hoc|ARM.ActiveCfg = Release|ARM
		{0D6206FD-4306-49B8-B080-B19277D4FD9C}.Ad-Hoc|ARM.Build.0 = Release|ARM
		{0D6206FD-4306-49B8-B080-B19277D4FD9C}.Ad-Hoc|ARM.Deploy.0 = Release|ARM
		{0D6206FD-4306-49B8-B080-B19277D4FD9C}.Ad-Hoc|iPhone.ActiveCfg = Release|Any CPU
		{0D6206FD-4306-49B8-B080-B19277D4FD9C}.Ad-Hoc|iPhoneSimulator.ActiveCfg = Release|Any CPU
		{0D6206FD-4306-49B8-B080-B19277D4FD9C}.Ad-Hoc|Mixed Platforms.ActiveCfg = Release|x86
		{0D6206FD-4306-49B8-B080-B19277D4FD9C}.Ad-Hoc|Mixed Platforms.Build.0 = Release|x86
		{0D6206FD-4306-49B8-B080-B19277D4FD9C}.Ad-Hoc|Mixed Platforms.Deploy.0 = Release|x86
		{0D6206FD-4306-49B8-B080-B19277D4FD9C}.Ad-Hoc|x86.ActiveCfg = Release|x86
		{0D6206FD-4306-49B8-B080-B19277D4FD9C}.Ad-Hoc|x86.Build.0 = Release|x86
		{0D6206FD-4306-49B8-B080-B19277D4FD9C}.Ad-Hoc|x86.Deploy.0 = Release|x86
		{0D6206FD-4306-49B8-B080-B19277D4FD9C}.AppStore|Any CPU.ActiveCfg = Release|Any CPU
		{0D6206FD-4306-49B8-B080-B19277D4FD9C}.AppStore|Any CPU.Build.0 = Release|Any CPU
		{0D6206FD-4306-49B8-B080-B19277D4FD9C}.AppStore|Any CPU.Deploy.0 = Release|Any CPU
		{0D6206FD-4306-49B8-B080-B19277D4FD9C}.AppStore|ARM.ActiveCfg = Release|ARM
		{0D6206FD-4306-49B8-B080-B19277D4FD9C}.AppStore|ARM.Build.0 = Release|ARM
		{0D6206FD-4306-49B8-B080-B19277D4FD9C}.AppStore|ARM.Deploy.0 = Release|ARM
		{0D6206FD-4306-49B8-B080-B19277D4FD9C}.AppStore|iPhone.ActiveCfg = Release|Any CPU
		{0D6206FD-4306-49B8-B080-B19277D4FD9C}.AppStore|iPhoneSimulator.ActiveCfg = Release|Any CPU
		{0D6206FD-4306-49B8-B080-B19277D4FD9C}.AppStore|Mixed Platforms.ActiveCfg = Release|x86
		{0D6206FD-4306-49B8-B080-B19277D4FD9C}.AppStore|Mixed Platforms.Build.0 = Release|x86
		{0D6206FD-4306-49B8-B080-B19277D4FD9C}.AppStore|Mixed Platforms.Deploy.0 = Release|x86
		{0D6206FD-4306-49B8-B080-B19277D4FD9C}.AppStore|x86.ActiveCfg = Release|x86
		{0D6206FD-4306-49B8-B080-B19277D4FD9C}.AppStore|x86.Build.0 = Release|x86
		{0D6206FD-4306-49B8-B080-B19277D4FD9C}.AppStore|x86.Deploy.0 = Release|x86
		{0D6206FD-4306-49B8-B080-B19277D4FD9C}.Debug|Any CPU.ActiveCfg = Debug|Any CPU
		{0D6206FD-4306-49B8-B080-B19277D4FD9C}.Debug|Any CPU.Build.0 = Debug|Any CPU
		{0D6206FD-4306-49B8-B080-B19277D4FD9C}.Debug|Any CPU.Deploy.0 = Debug|Any CPU
		{0D6206FD-4306-49B8-B080-B19277D4FD9C}.Debug|ARM.ActiveCfg = Debug|ARM
		{0D6206FD-4306-49B8-B080-B19277D4FD9C}.Debug|ARM.Build.0 = Debug|ARM
		{0D6206FD-4306-49B8-B080-B19277D4FD9C}.Debug|ARM.Deploy.0 = Debug|ARM
		{0D6206FD-4306-49B8-B080-B19277D4FD9C}.Debug|iPhone.ActiveCfg = Debug|Any CPU
		{0D6206FD-4306-49B8-B080-B19277D4FD9C}.Debug|iPhoneSimulator.ActiveCfg = Debug|Any CPU
		{0D6206FD-4306-49B8-B080-B19277D4FD9C}.Debug|Mixed Platforms.ActiveCfg = Debug|x86
		{0D6206FD-4306-49B8-B080-B19277D4FD9C}.Debug|Mixed Platforms.Build.0 = Debug|x86
		{0D6206FD-4306-49B8-B080-B19277D4FD9C}.Debug|Mixed Platforms.Deploy.0 = Debug|x86
		{0D6206FD-4306-49B8-B080-B19277D4FD9C}.Debug|x86.ActiveCfg = Debug|x86
		{0D6206FD-4306-49B8-B080-B19277D4FD9C}.Debug|x86.Build.0 = Debug|x86
		{0D6206FD-4306-49B8-B080-B19277D4FD9C}.Debug|x86.Deploy.0 = Debug|x86
		{0D6206FD-4306-49B8-B080-B19277D4FD9C}.Release|Any CPU.ActiveCfg = Release|Any CPU
		{0D6206FD-4306-49B8-B080-B19277D4FD9C}.Release|Any CPU.Build.0 = Release|Any CPU
		{0D6206FD-4306-49B8-B080-B19277D4FD9C}.Release|Any CPU.Deploy.0 = Release|Any CPU
		{0D6206FD-4306-49B8-B080-B19277D4FD9C}.Release|ARM.ActiveCfg = Release|ARM
		{0D6206FD-4306-49B8-B080-B19277D4FD9C}.Release|ARM.Build.0 = Release|ARM
		{0D6206FD-4306-49B8-B080-B19277D4FD9C}.Release|ARM.Deploy.0 = Release|ARM
		{0D6206FD-4306-49B8-B080-B19277D4FD9C}.Release|iPhone.ActiveCfg = Release|Any CPU
		{0D6206FD-4306-49B8-B080-B19277D4FD9C}.Release|iPhoneSimulator.ActiveCfg = Release|Any CPU
		{0D6206FD-4306-49B8-B080-B19277D4FD9C}.Release|Mixed Platforms.ActiveCfg = Release|Any CPU
		{0D6206FD-4306-49B8-B080-B19277D4FD9C}.Release|Mixed Platforms.Build.0 = Release|Any CPU
		{0D6206FD-4306-49B8-B080-B19277D4FD9C}.Release|Mixed Platforms.Deploy.0 = Release|Any CPU
		{0D6206FD-4306-49B8-B080-B19277D4FD9C}.Release|x86.ActiveCfg = Release|x86
		{0D6206FD-4306-49B8-B080-B19277D4FD9C}.Release|x86.Build.0 = Release|x86
		{0D6206FD-4306-49B8-B080-B19277D4FD9C}.Release|x86.Deploy.0 = Release|x86
		{F9BCC093-1351-4219-96DA-C7577037CC4A}.Ad-Hoc|Any CPU.ActiveCfg = Release|Any CPU
		{F9BCC093-1351-4219-96DA-C7577037CC4A}.Ad-Hoc|Any CPU.Build.0 = Release|Any CPU
		{F9BCC093-1351-4219-96DA-C7577037CC4A}.Ad-Hoc|ARM.ActiveCfg = Release|ARM
		{F9BCC093-1351-4219-96DA-C7577037CC4A}.Ad-Hoc|ARM.Build.0 = Release|ARM
		{F9BCC093-1351-4219-96DA-C7577037CC4A}.Ad-Hoc|iPhone.ActiveCfg = Release|Any CPU
		{F9BCC093-1351-4219-96DA-C7577037CC4A}.Ad-Hoc|iPhoneSimulator.ActiveCfg = Release|Any CPU
		{F9BCC093-1351-4219-96DA-C7577037CC4A}.Ad-Hoc|Mixed Platforms.ActiveCfg = Release|x86
		{F9BCC093-1351-4219-96DA-C7577037CC4A}.Ad-Hoc|Mixed Platforms.Build.0 = Release|x86
		{F9BCC093-1351-4219-96DA-C7577037CC4A}.Ad-Hoc|x86.ActiveCfg = Release|x86
		{F9BCC093-1351-4219-96DA-C7577037CC4A}.Ad-Hoc|x86.Build.0 = Release|x86
		{F9BCC093-1351-4219-96DA-C7577037CC4A}.AppStore|Any CPU.ActiveCfg = Release|Any CPU
		{F9BCC093-1351-4219-96DA-C7577037CC4A}.AppStore|Any CPU.Build.0 = Release|Any CPU
		{F9BCC093-1351-4219-96DA-C7577037CC4A}.AppStore|ARM.ActiveCfg = Release|ARM
		{F9BCC093-1351-4219-96DA-C7577037CC4A}.AppStore|ARM.Build.0 = Release|ARM
		{F9BCC093-1351-4219-96DA-C7577037CC4A}.AppStore|iPhone.ActiveCfg = Release|Any CPU
		{F9BCC093-1351-4219-96DA-C7577037CC4A}.AppStore|iPhoneSimulator.ActiveCfg = Release|Any CPU
		{F9BCC093-1351-4219-96DA-C7577037CC4A}.AppStore|Mixed Platforms.ActiveCfg = Release|x86
		{F9BCC093-1351-4219-96DA-C7577037CC4A}.AppStore|Mixed Platforms.Build.0 = Release|x86
		{F9BCC093-1351-4219-96DA-C7577037CC4A}.AppStore|x86.ActiveCfg = Release|x86
		{F9BCC093-1351-4219-96DA-C7577037CC4A}.AppStore|x86.Build.0 = Release|x86
		{F9BCC093-1351-4219-96DA-C7577037CC4A}.Debug|Any CPU.ActiveCfg = Debug|Any CPU
		{F9BCC093-1351-4219-96DA-C7577037CC4A}.Debug|Any CPU.Build.0 = Debug|Any CPU
		{F9BCC093-1351-4219-96DA-C7577037CC4A}.Debug|ARM.ActiveCfg = Debug|ARM
		{F9BCC093-1351-4219-96DA-C7577037CC4A}.Debug|ARM.Build.0 = Debug|ARM
		{F9BCC093-1351-4219-96DA-C7577037CC4A}.Debug|iPhone.ActiveCfg = Debug|Any CPU
		{F9BCC093-1351-4219-96DA-C7577037CC4A}.Debug|iPhoneSimulator.ActiveCfg = Debug|Any CPU
		{F9BCC093-1351-4219-96DA-C7577037CC4A}.Debug|Mixed Platforms.ActiveCfg = Debug|x86
		{F9BCC093-1351-4219-96DA-C7577037CC4A}.Debug|Mixed Platforms.Build.0 = Debug|x86
		{F9BCC093-1351-4219-96DA-C7577037CC4A}.Debug|x86.ActiveCfg = Debug|x86
		{F9BCC093-1351-4219-96DA-C7577037CC4A}.Debug|x86.Build.0 = Debug|x86
		{F9BCC093-1351-4219-96DA-C7577037CC4A}.Release|Any CPU.ActiveCfg = Release|Any CPU
		{F9BCC093-1351-4219-96DA-C7577037CC4A}.Release|Any CPU.Build.0 = Release|Any CPU
		{F9BCC093-1351-4219-96DA-C7577037CC4A}.Release|ARM.ActiveCfg = Release|ARM
		{F9BCC093-1351-4219-96DA-C7577037CC4A}.Release|ARM.Build.0 = Release|ARM
		{F9BCC093-1351-4219-96DA-C7577037CC4A}.Release|iPhone.ActiveCfg = Release|Any CPU
		{F9BCC093-1351-4219-96DA-C7577037CC4A}.Release|iPhoneSimulator.ActiveCfg = Release|Any CPU
		{F9BCC093-1351-4219-96DA-C7577037CC4A}.Release|Mixed Platforms.ActiveCfg = Release|Any CPU
		{F9BCC093-1351-4219-96DA-C7577037CC4A}.Release|Mixed Platforms.Build.0 = Release|Any CPU
		{F9BCC093-1351-4219-96DA-C7577037CC4A}.Release|x86.ActiveCfg = Release|x86
		{F9BCC093-1351-4219-96DA-C7577037CC4A}.Release|x86.Build.0 = Release|x86
		{66493B76-2850-4035-9449-0E2F95229C48}.Ad-Hoc|Any CPU.ActiveCfg = Release|Any CPU
		{66493B76-2850-4035-9449-0E2F95229C48}.Ad-Hoc|Any CPU.Build.0 = Release|Any CPU
		{66493B76-2850-4035-9449-0E2F95229C48}.Ad-Hoc|ARM.ActiveCfg = Release|ARM
		{66493B76-2850-4035-9449-0E2F95229C48}.Ad-Hoc|ARM.Build.0 = Release|ARM
		{66493B76-2850-4035-9449-0E2F95229C48}.Ad-Hoc|iPhone.ActiveCfg = Release|Any CPU
		{66493B76-2850-4035-9449-0E2F95229C48}.Ad-Hoc|iPhoneSimulator.ActiveCfg = Release|Any CPU
		{66493B76-2850-4035-9449-0E2F95229C48}.Ad-Hoc|Mixed Platforms.ActiveCfg = Release|x86
		{66493B76-2850-4035-9449-0E2F95229C48}.Ad-Hoc|Mixed Platforms.Build.0 = Release|x86
		{66493B76-2850-4035-9449-0E2F95229C48}.Ad-Hoc|x86.ActiveCfg = Release|x86
		{66493B76-2850-4035-9449-0E2F95229C48}.Ad-Hoc|x86.Build.0 = Release|x86
		{66493B76-2850-4035-9449-0E2F95229C48}.AppStore|Any CPU.ActiveCfg = Release|Any CPU
		{66493B76-2850-4035-9449-0E2F95229C48}.AppStore|Any CPU.Build.0 = Release|Any CPU
		{66493B76-2850-4035-9449-0E2F95229C48}.AppStore|ARM.ActiveCfg = Release|ARM
		{66493B76-2850-4035-9449-0E2F95229C48}.AppStore|ARM.Build.0 = Release|ARM
		{66493B76-2850-4035-9449-0E2F95229C48}.AppStore|iPhone.ActiveCfg = Release|Any CPU
		{66493B76-2850-4035-9449-0E2F95229C48}.AppStore|iPhoneSimulator.ActiveCfg = Release|Any CPU
		{66493B76-2850-4035-9449-0E2F95229C48}.AppStore|Mixed Platforms.ActiveCfg = Release|x86
		{66493B76-2850-4035-9449-0E2F95229C48}.AppStore|Mixed Platforms.Build.0 = Release|x86
		{66493B76-2850-4035-9449-0E2F95229C48}.AppStore|x86.ActiveCfg = Release|x86
		{66493B76-2850-4035-9449-0E2F95229C48}.AppStore|x86.Build.0 = Release|x86
		{66493B76-2850-4035-9449-0E2F95229C48}.Debug|Any CPU.ActiveCfg = Debug|Any CPU
		{66493B76-2850-4035-9449-0E2F95229C48}.Debug|Any CPU.Build.0 = Debug|Any CPU
		{66493B76-2850-4035-9449-0E2F95229C48}.Debug|ARM.ActiveCfg = Debug|ARM
		{66493B76-2850-4035-9449-0E2F95229C48}.Debug|ARM.Build.0 = Debug|ARM
		{66493B76-2850-4035-9449-0E2F95229C48}.Debug|iPhone.ActiveCfg = Debug|Any CPU
		{66493B76-2850-4035-9449-0E2F95229C48}.Debug|iPhoneSimulator.ActiveCfg = Debug|Any CPU
		{66493B76-2850-4035-9449-0E2F95229C48}.Debug|Mixed Platforms.ActiveCfg = Debug|x86
		{66493B76-2850-4035-9449-0E2F95229C48}.Debug|Mixed Platforms.Build.0 = Debug|x86
		{66493B76-2850-4035-9449-0E2F95229C48}.Debug|x86.ActiveCfg = Debug|x86
		{66493B76-2850-4035-9449-0E2F95229C48}.Debug|x86.Build.0 = Debug|x86
		{66493B76-2850-4035-9449-0E2F95229C48}.Release|Any CPU.ActiveCfg = Release|Any CPU
		{66493B76-2850-4035-9449-0E2F95229C48}.Release|Any CPU.Build.0 = Release|Any CPU
		{66493B76-2850-4035-9449-0E2F95229C48}.Release|ARM.ActiveCfg = Release|ARM
		{66493B76-2850-4035-9449-0E2F95229C48}.Release|ARM.Build.0 = Release|ARM
		{66493B76-2850-4035-9449-0E2F95229C48}.Release|iPhone.ActiveCfg = Release|Any CPU
		{66493B76-2850-4035-9449-0E2F95229C48}.Release|iPhoneSimulator.ActiveCfg = Release|Any CPU
		{66493B76-2850-4035-9449-0E2F95229C48}.Release|Mixed Platforms.ActiveCfg = Release|Any CPU
		{66493B76-2850-4035-9449-0E2F95229C48}.Release|Mixed Platforms.Build.0 = Release|Any CPU
		{66493B76-2850-4035-9449-0E2F95229C48}.Release|x86.ActiveCfg = Release|x86
		{66493B76-2850-4035-9449-0E2F95229C48}.Release|x86.Build.0 = Release|x86
		{017BFF60-40E6-4520-8554-5862A95EF123}.Ad-Hoc|Any CPU.ActiveCfg = Release|Any CPU
		{017BFF60-40E6-4520-8554-5862A95EF123}.Ad-Hoc|Any CPU.Build.0 = Release|Any CPU
		{017BFF60-40E6-4520-8554-5862A95EF123}.Ad-Hoc|ARM.ActiveCfg = Release|Any CPU
		{017BFF60-40E6-4520-8554-5862A95EF123}.Ad-Hoc|iPhone.ActiveCfg = Release|Any CPU
		{017BFF60-40E6-4520-8554-5862A95EF123}.Ad-Hoc|iPhoneSimulator.ActiveCfg = Release|Any CPU
		{017BFF60-40E6-4520-8554-5862A95EF123}.Ad-Hoc|Mixed Platforms.ActiveCfg = Release|Any CPU
		{017BFF60-40E6-4520-8554-5862A95EF123}.Ad-Hoc|Mixed Platforms.Build.0 = Release|Any CPU
		{017BFF60-40E6-4520-8554-5862A95EF123}.Ad-Hoc|x86.ActiveCfg = Release|Any CPU
		{017BFF60-40E6-4520-8554-5862A95EF123}.AppStore|Any CPU.ActiveCfg = Release|Any CPU
		{017BFF60-40E6-4520-8554-5862A95EF123}.AppStore|Any CPU.Build.0 = Release|Any CPU
		{017BFF60-40E6-4520-8554-5862A95EF123}.AppStore|ARM.ActiveCfg = Release|Any CPU
		{017BFF60-40E6-4520-8554-5862A95EF123}.AppStore|iPhone.ActiveCfg = Release|Any CPU
		{017BFF60-40E6-4520-8554-5862A95EF123}.AppStore|iPhoneSimulator.ActiveCfg = Release|Any CPU
		{017BFF60-40E6-4520-8554-5862A95EF123}.AppStore|Mixed Platforms.ActiveCfg = Release|Any CPU
		{017BFF60-40E6-4520-8554-5862A95EF123}.AppStore|Mixed Platforms.Build.0 = Release|Any CPU
		{017BFF60-40E6-4520-8554-5862A95EF123}.AppStore|x86.ActiveCfg = Release|Any CPU
		{017BFF60-40E6-4520-8554-5862A95EF123}.Debug|Any CPU.ActiveCfg = Debug|Any CPU
		{017BFF60-40E6-4520-8554-5862A95EF123}.Debug|Any CPU.Build.0 = Debug|Any CPU
		{017BFF60-40E6-4520-8554-5862A95EF123}.Debug|ARM.ActiveCfg = Debug|Any CPU
		{017BFF60-40E6-4520-8554-5862A95EF123}.Debug|iPhone.ActiveCfg = Debug|Any CPU
		{017BFF60-40E6-4520-8554-5862A95EF123}.Debug|iPhoneSimulator.ActiveCfg = Debug|Any CPU
		{017BFF60-40E6-4520-8554-5862A95EF123}.Debug|Mixed Platforms.ActiveCfg = Debug|Any CPU
		{017BFF60-40E6-4520-8554-5862A95EF123}.Debug|Mixed Platforms.Build.0 = Debug|Any CPU
		{017BFF60-40E6-4520-8554-5862A95EF123}.Debug|x86.ActiveCfg = Debug|Any CPU
		{017BFF60-40E6-4520-8554-5862A95EF123}.Release|Any CPU.ActiveCfg = Release|Any CPU
		{017BFF60-40E6-4520-8554-5862A95EF123}.Release|Any CPU.Build.0 = Release|Any CPU
		{017BFF60-40E6-4520-8554-5862A95EF123}.Release|ARM.ActiveCfg = Release|Any CPU
		{017BFF60-40E6-4520-8554-5862A95EF123}.Release|iPhone.ActiveCfg = Release|Any CPU
		{017BFF60-40E6-4520-8554-5862A95EF123}.Release|iPhoneSimulator.ActiveCfg = Release|Any CPU
		{017BFF60-40E6-4520-8554-5862A95EF123}.Release|Mixed Platforms.ActiveCfg = Release|Any CPU
		{017BFF60-40E6-4520-8554-5862A95EF123}.Release|Mixed Platforms.Build.0 = Release|Any CPU
		{017BFF60-40E6-4520-8554-5862A95EF123}.Release|x86.ActiveCfg = Release|Any CPU
		{6B6E500B-B75C-4A27-A73E-9F4DE5FE6ED3}.Ad-Hoc|Any CPU.ActiveCfg = Release|Any CPU
		{6B6E500B-B75C-4A27-A73E-9F4DE5FE6ED3}.Ad-Hoc|Any CPU.Build.0 = Release|Any CPU
		{6B6E500B-B75C-4A27-A73E-9F4DE5FE6ED3}.Ad-Hoc|ARM.ActiveCfg = Release|Any CPU
		{6B6E500B-B75C-4A27-A73E-9F4DE5FE6ED3}.Ad-Hoc|iPhone.ActiveCfg = Release|Any CPU
		{6B6E500B-B75C-4A27-A73E-9F4DE5FE6ED3}.Ad-Hoc|iPhoneSimulator.ActiveCfg = Release|Any CPU
		{6B6E500B-B75C-4A27-A73E-9F4DE5FE6ED3}.Ad-Hoc|Mixed Platforms.ActiveCfg = Release|Any CPU
		{6B6E500B-B75C-4A27-A73E-9F4DE5FE6ED3}.Ad-Hoc|Mixed Platforms.Build.0 = Release|Any CPU
		{6B6E500B-B75C-4A27-A73E-9F4DE5FE6ED3}.Ad-Hoc|x86.ActiveCfg = Release|Any CPU
		{6B6E500B-B75C-4A27-A73E-9F4DE5FE6ED3}.AppStore|Any CPU.ActiveCfg = Release|Any CPU
		{6B6E500B-B75C-4A27-A73E-9F4DE5FE6ED3}.AppStore|Any CPU.Build.0 = Release|Any CPU
		{6B6E500B-B75C-4A27-A73E-9F4DE5FE6ED3}.AppStore|ARM.ActiveCfg = Release|Any CPU
		{6B6E500B-B75C-4A27-A73E-9F4DE5FE6ED3}.AppStore|iPhone.ActiveCfg = Release|Any CPU
		{6B6E500B-B75C-4A27-A73E-9F4DE5FE6ED3}.AppStore|iPhoneSimulator.ActiveCfg = Release|Any CPU
		{6B6E500B-B75C-4A27-A73E-9F4DE5FE6ED3}.AppStore|Mixed Platforms.ActiveCfg = Release|Any CPU
		{6B6E500B-B75C-4A27-A73E-9F4DE5FE6ED3}.AppStore|Mixed Platforms.Build.0 = Release|Any CPU
		{6B6E500B-B75C-4A27-A73E-9F4DE5FE6ED3}.AppStore|x86.ActiveCfg = Release|Any CPU
		{6B6E500B-B75C-4A27-A73E-9F4DE5FE6ED3}.Debug|Any CPU.ActiveCfg = Debug|Any CPU
		{6B6E500B-B75C-4A27-A73E-9F4DE5FE6ED3}.Debug|Any CPU.Build.0 = Debug|Any CPU
		{6B6E500B-B75C-4A27-A73E-9F4DE5FE6ED3}.Debug|ARM.ActiveCfg = Debug|Any CPU
		{6B6E500B-B75C-4A27-A73E-9F4DE5FE6ED3}.Debug|iPhone.ActiveCfg = Debug|Any CPU
		{6B6E500B-B75C-4A27-A73E-9F4DE5FE6ED3}.Debug|iPhoneSimulator.ActiveCfg = Debug|Any CPU
		{6B6E500B-B75C-4A27-A73E-9F4DE5FE6ED3}.Debug|Mixed Platforms.ActiveCfg = Debug|Any CPU
		{6B6E500B-B75C-4A27-A73E-9F4DE5FE6ED3}.Debug|Mixed Platforms.Build.0 = Debug|Any CPU
		{6B6E500B-B75C-4A27-A73E-9F4DE5FE6ED3}.Debug|x86.ActiveCfg = Debug|Any CPU
		{6B6E500B-B75C-4A27-A73E-9F4DE5FE6ED3}.Release|Any CPU.ActiveCfg = Release|Any CPU
		{6B6E500B-B75C-4A27-A73E-9F4DE5FE6ED3}.Release|Any CPU.Build.0 = Release|Any CPU
		{6B6E500B-B75C-4A27-A73E-9F4DE5FE6ED3}.Release|ARM.ActiveCfg = Release|Any CPU
		{6B6E500B-B75C-4A27-A73E-9F4DE5FE6ED3}.Release|iPhone.ActiveCfg = Release|Any CPU
		{6B6E500B-B75C-4A27-A73E-9F4DE5FE6ED3}.Release|iPhoneSimulator.ActiveCfg = Release|Any CPU
		{6B6E500B-B75C-4A27-A73E-9F4DE5FE6ED3}.Release|Mixed Platforms.ActiveCfg = Release|Any CPU
		{6B6E500B-B75C-4A27-A73E-9F4DE5FE6ED3}.Release|Mixed Platforms.Build.0 = Release|Any CPU
		{6B6E500B-B75C-4A27-A73E-9F4DE5FE6ED3}.Release|x86.ActiveCfg = Release|Any CPU
	EndGlobalSection
	GlobalSection(SolutionProperties) = preSolution
		HideSolutionNode = FALSE
	EndGlobalSection
	GlobalSection(NestedProjects) = preSolution
		{7DCF07B1-B8BD-4EF0-B1FC-2AAC4466B6C6} = {2137DFE4-114E-45AE-BBCD-6A454D1BF82C}
		{7A0B35C0-DD17-4964-8E9A-44D6CECDC692} = {9B92DDD5-408E-4449-94C5-70D713FB3677}
		{FACB89E5-53A5-4748-9F5B-E0714EBB37B2} = {0AB67A65-9645-4DF6-98A2-D5734D212E7C}
		{395204C5-2154-4301-AF53-D0C85F1A9ADF} = {0AB67A65-9645-4DF6-98A2-D5734D212E7C}
		{01F43925-B702-45B4-8287-2D3F1FFC116A} = {0AB67A65-9645-4DF6-98A2-D5734D212E7C}
		{3D962785-EFE4-495E-A529-E4DF069AEC1D} = {0AB67A65-9645-4DF6-98A2-D5734D212E7C}
		{B63C5F8C-61C8-4E69-93D6-F49F816D3746} = {B0654A14-51FF-4DAC-A2CB-A6B9D269B9CA}
		{F9508036-E3C1-4887-8BE6-3C86BC106311} = {B0654A14-51FF-4DAC-A2CB-A6B9D269B9CA}
		{A40AD708-3FF5-42FC-92B0-8D93FF1DB58F} = {B0654A14-51FF-4DAC-A2CB-A6B9D269B9CA}
		{E965BA32-9561-4E2A-ADB0-19487B25A939} = {2137DFE4-114E-45AE-BBCD-6A454D1BF82C}
		{0D6206FD-4306-49B8-B080-B19277D4FD9C} = {0AB67A65-9645-4DF6-98A2-D5734D212E7C}
		{F9BCC093-1351-4219-96DA-C7577037CC4A} = {B0654A14-51FF-4DAC-A2CB-A6B9D269B9CA}
		{66493B76-2850-4035-9449-0E2F95229C48} = {2137DFE4-114E-45AE-BBCD-6A454D1BF82C}
		{017BFF60-40E6-4520-8554-5862A95EF123} = {2137DFE4-114E-45AE-BBCD-6A454D1BF82C}
		{6B6E500B-B75C-4A27-A73E-9F4DE5FE6ED3} = {B0654A14-51FF-4DAC-A2CB-A6B9D269B9CA}
	EndGlobalSection
	GlobalSection(MonoDevelopProperties) = preSolution
		StartupItem = Examples\XamarinForms\SimpleDemo.Android\SimpleDemo.Android.csproj
	EndGlobalSection
EndGlobal
