
Microsoft Visual Studio Solution File, Format Version 11.00
# Visual Studio 2010
Project("{FAE04EC0-301F-11D3-BF4B-00C04F79EFBC}") = "OxyPlot.XamarinAndroid", "OxyPlot.XamarinAndroid\OxyPlot.XamarinAndroid.csproj", "{E965BA32-9561-4E2A-ADB0-19487B25A939}"
EndProject
Project("{FAE04EC0-301F-11D3-BF4B-00C04F79EFBC}") = "OxyPlot", "OxyPlot\OxyPlot.csproj", "{7A0B35C0-DD17-4964-8E9A-44D6CECDC692}"
EndProject
Project("{2150E333-8FDC-42A3-9474-1A3956D46DE8}") = "Examples", "Examples", "{7108C4BE-2199-4119-B26B-53740CD2F243}"
EndProject
Project("{FAE04EC0-301F-11D3-BF4B-00C04F79EFBC}") = "ExampleBrowser", "Examples\XamarinAndroid\ExampleBrowser\ExampleBrowser.csproj", "{47BDB77E-C1AD-4784-ACA7-FC2D70C3A2BC}"
EndProject
Project("{FAE04EC0-301F-11D3-BF4B-00C04F79EFBC}") = "ExampleLibrary", "Examples\ExampleLibrary\ExampleLibrary.csproj", "{FACB89E5-53A5-4748-9F5B-E0714EBB37B2}"
EndProject
Global
	GlobalSection(SolutionConfigurationPlatforms) = preSolution
		Debug|Any CPU = Debug|Any CPU
		Release|Any CPU = Release|Any CPU
	EndGlobalSection
	GlobalSection(ProjectConfigurationPlatforms) = postSolution
		{47BDB77E-C1AD-4784-ACA7-FC2D70C3A2BC}.Debug|Any CPU.ActiveCfg = Debug|Any CPU
		{47BDB77E-C1AD-4784-ACA7-FC2D70C3A2BC}.Debug|Any CPU.Build.0 = Debug|Any CPU
		{47BDB77E-C1AD-4784-ACA7-FC2D70C3A2BC}.Debug|Any CPU.Deploy.0 = Debug|Any CPU
		{47BDB77E-C1AD-4784-ACA7-FC2D70C3A2BC}.Release|Any CPU.ActiveCfg = Release|Any CPU
		{47BDB77E-C1AD-4784-ACA7-FC2D70C3A2BC}.Release|Any CPU.Build.0 = Release|Any CPU
		{47BDB77E-C1AD-4784-ACA7-FC2D70C3A2BC}.Release|Any CPU.Deploy.0 = Release|Any CPU
		{7A0B35C0-DD17-4964-8E9A-44D6CECDC692}.Debug|Any CPU.ActiveCfg = Debug|Any CPU
		{7A0B35C0-DD17-4964-8E9A-44D6CECDC692}.Debug|Any CPU.Build.0 = Debug|Any CPU
		{7A0B35C0-DD17-4964-8E9A-44D6CECDC692}.Release|Any CPU.ActiveCfg = Release|Any CPU
		{7A0B35C0-DD17-4964-8E9A-44D6CECDC692}.Release|Any CPU.Build.0 = Release|Any CPU
		{E965BA32-9561-4E2A-ADB0-19487B25A939}.Debug|Any CPU.ActiveCfg = Debug|Any CPU
		{E965BA32-9561-4E2A-ADB0-19487B25A939}.Debug|Any CPU.Build.0 = Debug|Any CPU
		{E965BA32-9561-4E2A-ADB0-19487B25A939}.Release|Any CPU.ActiveCfg = Release|Any CPU
		{E965BA32-9561-4E2A-ADB0-19487B25A939}.Release|Any CPU.Build.0 = Release|Any CPU
		{FACB89E5-53A5-4748-9F5B-E0714EBB37B2}.Debug|Any CPU.ActiveCfg = Debug|Any CPU
		{FACB89E5-53A5-4748-9F5B-E0714EBB37B2}.Debug|Any CPU.Build.0 = Debug|Any CPU
		{FACB89E5-53A5-4748-9F5B-E0714EBB37B2}.Release|Any CPU.ActiveCfg = Release|Any CPU
		{FACB89E5-53A5-4748-9F5B-E0714EBB37B2}.Release|Any CPU.Build.0 = Release|Any CPU
	EndGlobalSection
	GlobalSection(NestedProjects) = preSolution
		{47BDB77E-C1AD-4784-ACA7-FC2D70C3A2BC} = {7108C4BE-2199-4119-B26B-53740CD2F243}
		{FACB89E5-53A5-4748-9F5B-E0714EBB37B2} = {7108C4BE-2199-4119-B26B-53740CD2F243}
	EndGlobalSection
	GlobalSection(MonoDevelopProperties) = preSolution
		StartupItem = Examples\XamarinAndroid\ExampleBrowser\ExampleBrowser.csproj
	EndGlobalSection
	GlobalSection(SolutionProperties) = preSolution
		HideSolutionNode = FALSE
	EndGlobalSection
EndGlobal
