
Microsoft Visual Studio Solution File, Format Version 11.00
# Visual Studio 2010
Project("{FAE04EC0-301F-11D3-BF4B-00C04F79EFBC}") = "OxyPlot.GtkSharp_NET40", "OxyPlot.GtkSharp\OxyPlot.GtkSharp_NET40.csproj", "{2E74660A-4559-4801-B226-AFAB379E4B2E}"
EndProject
Project("{FAE04EC0-301F-11D3-BF4B-00C04F79EFBC}") = "OxyPlot_NET40", "OxyPlot\OxyPlot_NET40.csproj", "{1C1D9807-BE39-40A4-87DE-3F81E7C651E5}"
EndProject
Project("{2150E333-8FDC-42A3-9474-1A3956D46DE8}") = "Examples", "Examples", "{47133BFC-5147-43B7-94F9-AB12B006C8AC}"
EndProject
Project("{FAE04EC0-301F-11D3-BF4B-00C04F79EFBC}") = "ExampleLibrary_NET40", "Examples\ExampleLibrary\ExampleLibrary_NET40.csproj", "{B8A34A2F-E505-4517-8EFF-7F80E39CF425}"
EndProject
Project("{FAE04EC0-301F-11D3-BF4B-00C04F79EFBC}") = "ExampleBrowser_NET40", "Examples\GtkSharp\ExampleBrowser\ExampleBrowser_NET40.csproj", "{126D8C90-1C48-4C64-B80C-1A96133CAA71}"
EndProject
Global
	GlobalSection(SolutionConfigurationPlatforms) = preSolution
		Debug|Any CPU = Debug|Any CPU
		Release|Any CPU = Release|Any CPU
	EndGlobalSection
	GlobalSection(ProjectConfigurationPlatforms) = postSolution
		{126D8C90-1C48-4C64-B80C-1A96133CAA71}.Debug|Any CPU.ActiveCfg = Debug|Any CPU
		{126D8C90-1C48-4C64-B80C-1A96133CAA71}.Debug|Any CPU.Build.0 = Debug|Any CPU
		{126D8C90-1C48-4C64-B80C-1A96133CAA71}.Release|Any CPU.ActiveCfg = Release|Any CPU
		{126D8C90-1C48-4C64-B80C-1A96133CAA71}.Release|Any CPU.Build.0 = Release|Any CPU
		{1C1D9807-BE39-40A4-87DE-3F81E7C651E5}.Debug|Any CPU.ActiveCfg = Debug|Any CPU
		{1C1D9807-BE39-40A4-87DE-3F81E7C651E5}.Debug|Any CPU.Build.0 = Debug|Any CPU
		{1C1D9807-BE39-40A4-87DE-3F81E7C651E5}.Release|Any CPU.ActiveCfg = Release|Any CPU
		{1C1D9807-BE39-40A4-87DE-3F81E7C651E5}.Release|Any CPU.Build.0 = Release|Any CPU
		{2E74660A-4559-4801-B226-AFAB379E4B2E}.Debug|Any CPU.ActiveCfg = Debug|Any CPU
		{2E74660A-4559-4801-B226-AFAB379E4B2E}.Debug|Any CPU.Build.0 = Debug|Any CPU
		{2E74660A-4559-4801-B226-AFAB379E4B2E}.Release|Any CPU.ActiveCfg = Release|Any CPU
		{2E74660A-4559-4801-B226-AFAB379E4B2E}.Release|Any CPU.Build.0 = Release|Any CPU
		{B8A34A2F-E505-4517-8EFF-7F80E39CF425}.Debug|Any CPU.ActiveCfg = Debug|Any CPU
		{B8A34A2F-E505-4517-8EFF-7F80E39CF425}.Debug|Any CPU.Build.0 = Debug|Any CPU
		{B8A34A2F-E505-4517-8EFF-7F80E39CF425}.Release|Any CPU.ActiveCfg = Release|Any CPU
		{B8A34A2F-E505-4517-8EFF-7F80E39CF425}.Release|Any CPU.Build.0 = Release|Any CPU
	EndGlobalSection
	GlobalSection(NestedProjects) = preSolution
		{B8A34A2F-E505-4517-8EFF-7F80E39CF425} = {47133BFC-5147-43B7-94F9-AB12B006C8AC}
		{126D8C90-1C48-4C64-B80C-1A96133CAA71} = {47133BFC-5147-43B7-94F9-AB12B006C8AC}
	EndGlobalSection
	GlobalSection(MonoDevelopProperties) = preSolution
		Policies = $0
		$0.TextStylePolicy = $1
		$1.inheritsSet = VisualStudio
		$1.inheritsScope = text/plain
		$1.scope = text/x-csharp
		$0.CSharpFormattingPolicy = $2
		$2.IndentSwitchBody = True
		$2.AnonymousMethodBraceStyle = NextLine
		$2.PropertyBraceStyle = NextLine
		$2.PropertyGetBraceStyle = NextLine
		$2.PropertySetBraceStyle = NextLine
		$2.EventBraceStyle = NextLine
		$2.EventAddBraceStyle = NextLine
		$2.EventRemoveBraceStyle = NextLine
		$2.StatementBraceStyle = NextLine
		$2.ElseNewLinePlacement = DoNotCare
		$2.CatchNewLinePlacement = NewLine
		$2.FinallyNewLinePlacement = NewLine
		$2.WhileNewLinePlacement = NewLine
		$2.ArrayInitializerWrapping = DoNotChange
		$2.BlankLinesAfterUsings = 2
		$2.BlankLinesBetweenTypes = 2
		$2.BlankLinesBetweenMembers = 2
		$2.inheritsSet = Mono
		$2.inheritsScope = text/x-csharp
		$2.scope = text/x-csharp
	EndGlobalSection
EndGlobal
