
Microsoft Visual Studio Solution File, Format Version 12.00
# Visual Studio 15
VisualStudioVersion = 15.0.26430.13
MinimumVisualStudioVersion = 10.0.40219.1
Project("{2150E333-8FDC-42A3-9474-1A3956D46DE8}") = "Examples", "Examples", "{07CE67B3-8AA2-4572-865F-B3F7FA80CE19}"
EndProject
Project("{FAE04EC0-301F-11D3-BF4B-00C04F79EFBC}") = "OxyPlot", "OxyPlot\OxyPlot.csproj", "{7A0B35C0-DD17-4964-8E9A-44D6CECDC692}"
EndProject
Project("{FAE04EC0-301F-11D3-BF4B-00C04F79EFBC}") = "ExampleLibrary", "Examples\ExampleLibrary\ExampleLibrary.csproj", "{FACB89E5-53A5-4748-9F5B-E0714EBB37B2}"
EndProject
Project("{FAE04EC0-301F-11D3-BF4B-00C04F79EFBC}") = "OxyPlot.Windows", "OxyPlot.Windows\OxyPlot.Windows.csproj", "{5AA87152-20D5-48F7-AD0F-6E6BAA61FC25}"
EndProject
Project("{FAE04EC0-301F-11D3-BF4B-00C04F79EFBC}") = "SimpleDemo", "Examples\Windows\SimpleDemo\SimpleDemo.csproj", "{FAC17BDF-4003-4359-A366-2E2F380E1BB5}"
EndProject
Global
	GlobalSection(SolutionConfigurationPlatforms) = preSolution
		Debug|Any CPU = Debug|Any CPU
		Debug|ARM = Debug|ARM
		Debug|x64 = Debug|x64
		Debug|x86 = Debug|x86
		Release|Any CPU = Release|Any CPU
		Release|ARM = Release|ARM
		Release|x64 = Release|x64
		Release|x86 = Release|x86
	EndGlobalSection
	GlobalSection(ProjectConfigurationPlatforms) = postSolution
		{7A0B35C0-DD17-4964-8E9A-44D6CECDC692}.Debug|Any CPU.ActiveCfg = Debug|Any CPU
		{7A0B35C0-DD17-4964-8E9A-44D6CECDC692}.Debug|Any CPU.Build.0 = Debug|Any CPU
		{7A0B35C0-DD17-4964-8E9A-44D6CECDC692}.Debug|ARM.ActiveCfg = Debug|Any CPU
		{7A0B35C0-DD17-4964-8E9A-44D6CECDC692}.Debug|x64.ActiveCfg = Debug|Any CPU
		{7A0B35C0-DD17-4964-8E9A-44D6CECDC692}.Debug|x86.ActiveCfg = Debug|Any CPU
		{7A0B35C0-DD17-4964-8E9A-44D6CECDC692}.Release|Any CPU.ActiveCfg = Release|Any CPU
		{7A0B35C0-DD17-4964-8E9A-44D6CECDC692}.Release|Any CPU.Build.0 = Release|Any CPU
		{7A0B35C0-DD17-4964-8E9A-44D6CECDC692}.Release|ARM.ActiveCfg = Release|Any CPU
		{7A0B35C0-DD17-4964-8E9A-44D6CECDC692}.Release|ARM.Build.0 = Release|Any CPU
		{7A0B35C0-DD17-4964-8E9A-44D6CECDC692}.Release|x64.ActiveCfg = Release|Any CPU
		{7A0B35C0-DD17-4964-8E9A-44D6CECDC692}.Release|x64.Build.0 = Release|Any CPU
		{7A0B35C0-DD17-4964-8E9A-44D6CECDC692}.Release|x86.ActiveCfg = Release|Any CPU
		{7A0B35C0-DD17-4964-8E9A-44D6CECDC692}.Release|x86.Build.0 = Release|Any CPU
		{FACB89E5-53A5-4748-9F5B-E0714EBB37B2}.Debug|Any CPU.ActiveCfg = Debug|Any CPU
		{FACB89E5-53A5-4748-9F5B-E0714EBB37B2}.Debug|Any CPU.Build.0 = Debug|Any CPU
		{FACB89E5-53A5-4748-9F5B-E0714EBB37B2}.Debug|ARM.ActiveCfg = Debug|Any CPU
		{FACB89E5-53A5-4748-9F5B-E0714EBB37B2}.Debug|x64.ActiveCfg = Debug|Any CPU
		{FACB89E5-53A5-4748-9F5B-E0714EBB37B2}.Debug|x86.ActiveCfg = Debug|Any CPU
		{FACB89E5-53A5-4748-9F5B-E0714EBB37B2}.Release|Any CPU.ActiveCfg = Release|Any CPU
		{FACB89E5-53A5-4748-9F5B-E0714EBB37B2}.Release|Any CPU.Build.0 = Release|Any CPU
		{FACB89E5-53A5-4748-9F5B-E0714EBB37B2}.Release|ARM.ActiveCfg = Release|Any CPU
		{FACB89E5-53A5-4748-9F5B-E0714EBB37B2}.Release|ARM.Build.0 = Release|Any CPU
		{FACB89E5-53A5-4748-9F5B-E0714EBB37B2}.Release|x64.ActiveCfg = Release|Any CPU
		{FACB89E5-53A5-4748-9F5B-E0714EBB37B2}.Release|x64.Build.0 = Release|Any CPU
		{FACB89E5-53A5-4748-9F5B-E0714EBB37B2}.Release|x86.ActiveCfg = Release|Any CPU
		{FACB89E5-53A5-4748-9F5B-E0714EBB37B2}.Release|x86.Build.0 = Release|Any CPU
		{5AA87152-20D5-48F7-AD0F-6E6BAA61FC25}.Debug|Any CPU.ActiveCfg = Debug|Any CPU
		{5AA87152-20D5-48F7-AD0F-6E6BAA61FC25}.Debug|Any CPU.Build.0 = Debug|Any CPU
		{5AA87152-20D5-48F7-AD0F-6E6BAA61FC25}.Debug|ARM.ActiveCfg = Debug|ARM
		{5AA87152-20D5-48F7-AD0F-6E6BAA61FC25}.Debug|ARM.Build.0 = Debug|ARM
		{5AA87152-20D5-48F7-AD0F-6E6BAA61FC25}.Debug|x64.ActiveCfg = Debug|x64
		{5AA87152-20D5-48F7-AD0F-6E6BAA61FC25}.Debug|x64.Build.0 = Debug|x64
		{5AA87152-20D5-48F7-AD0F-6E6BAA61FC25}.Debug|x86.ActiveCfg = Debug|x86
		{5AA87152-20D5-48F7-AD0F-6E6BAA61FC25}.Debug|x86.Build.0 = Debug|x86
		{5AA87152-20D5-48F7-AD0F-6E6BAA61FC25}.Release|Any CPU.ActiveCfg = Release|Any CPU
		{5AA87152-20D5-48F7-AD0F-6E6BAA61FC25}.Release|Any CPU.Build.0 = Release|Any CPU
		{5AA87152-20D5-48F7-AD0F-6E6BAA61FC25}.Release|ARM.ActiveCfg = Release|ARM
		{5AA87152-20D5-48F7-AD0F-6E6BAA61FC25}.Release|ARM.Build.0 = Release|ARM
		{5AA87152-20D5-48F7-AD0F-6E6BAA61FC25}.Release|x64.ActiveCfg = Release|x64
		{5AA87152-20D5-48F7-AD0F-6E6BAA61FC25}.Release|x64.Build.0 = Release|x64
		{5AA87152-20D5-48F7-AD0F-6E6BAA61FC25}.Release|x86.ActiveCfg = Release|x86
		{5AA87152-20D5-48F7-AD0F-6E6BAA61FC25}.Release|x86.Build.0 = Release|x86
		{FAC17BDF-4003-4359-A366-2E2F380E1BB5}.Debug|Any CPU.ActiveCfg = Debug|x86
		{FAC17BDF-4003-4359-A366-2E2F380E1BB5}.Debug|ARM.ActiveCfg = Debug|ARM
		{FAC17BDF-4003-4359-A366-2E2F380E1BB5}.Debug|ARM.Build.0 = Debug|ARM
		{FAC17BDF-4003-4359-A366-2E2F380E1BB5}.Debug|ARM.Deploy.0 = Debug|ARM
		{FAC17BDF-4003-4359-A366-2E2F380E1BB5}.Debug|x64.ActiveCfg = Debug|x64
		{FAC17BDF-4003-4359-A366-2E2F380E1BB5}.Debug|x64.Build.0 = Debug|x64
		{FAC17BDF-4003-4359-A366-2E2F380E1BB5}.Debug|x64.Deploy.0 = Debug|x64
		{FAC17BDF-4003-4359-A366-2E2F380E1BB5}.Debug|x86.ActiveCfg = Debug|x86
		{FAC17BDF-4003-4359-A366-2E2F380E1BB5}.Debug|x86.Build.0 = Debug|x86
		{FAC17BDF-4003-4359-A366-2E2F380E1BB5}.Debug|x86.Deploy.0 = Debug|x86
		{FAC17BDF-4003-4359-A366-2E2F380E1BB5}.Release|Any CPU.ActiveCfg = Release|x86
		{FAC17BDF-4003-4359-A366-2E2F380E1BB5}.Release|ARM.ActiveCfg = Release|ARM
		{FAC17BDF-4003-4359-A366-2E2F380E1BB5}.Release|ARM.Build.0 = Release|ARM
		{FAC17BDF-4003-4359-A366-2E2F380E1BB5}.Release|ARM.Deploy.0 = Release|ARM
		{FAC17BDF-4003-4359-A366-2E2F380E1BB5}.Release|x64.ActiveCfg = Release|x64
		{FAC17BDF-4003-4359-A366-2E2F380E1BB5}.Release|x64.Build.0 = Release|x64
		{FAC17BDF-4003-4359-A366-2E2F380E1BB5}.Release|x64.Deploy.0 = Release|x64
		{FAC17BDF-4003-4359-A366-2E2F380E1BB5}.Release|x86.ActiveCfg = Release|x86
		{FAC17BDF-4003-4359-A366-2E2F380E1BB5}.Release|x86.Build.0 = Release|x86
		{FAC17BDF-4003-4359-A366-2E2F380E1BB5}.Release|x86.Deploy.0 = Release|x86
	EndGlobalSection
	GlobalSection(SolutionProperties) = preSolution
		HideSolutionNode = FALSE
	EndGlobalSection
	GlobalSection(NestedProjects) = preSolution
		{FACB89E5-53A5-4748-9F5B-E0714EBB37B2} = {07CE67B3-8AA2-4572-865F-B3F7FA80CE19}
		{FAC17BDF-4003-4359-A366-2E2F380E1BB5} = {07CE67B3-8AA2-4572-865F-B3F7FA80CE19}
	EndGlobalSection
EndGlobal
